
Microsoft Visual Studio Solution File, Format Version 12.00
# Visual Studio 15
VisualStudioVersion = 15.0.28307.757
MinimumVisualStudioVersion = 10.0.40219.1
Project("{FAE04EC0-301F-11D3-BF4B-00C04F79EFBC}") = "Cell.Android", "Cell\Cell.Android\Cell.Android.csproj", "{71347CE9-BD33-4E25-8E32-D7B6A894D0BD}"
EndProject
Project("{FAE04EC0-301F-11D3-BF4B-00C04F79EFBC}") = "Cell.iOS", "Cell\Cell.iOS\Cell.iOS.csproj", "{B45F7F5E-1611-40D7-B6A7-241AE8DB8516}"
EndProject
Project("{FAE04EC0-301F-11D3-BF4B-00C04F79EFBC}") = "Cell.UWP", "Cell\Cell.UWP\Cell.UWP.csproj", "{E7536EE8-0767-49BC-9F7F-3AE77EF24E39}"
EndProject
Project("{FAE04EC0-301F-11D3-BF4B-00C04F79EFBC}") = "Cell", "Cell\Cell\Cell.csproj", "{BFEAF3C8-05C5-4CD7-9F36-736E09105E49}"
EndProject
Global
	GlobalSection(SolutionConfigurationPlatforms) = preSolution
		Ad-Hoc|Any CPU = Ad-Hoc|Any CPU
		Ad-Hoc|ARM = Ad-Hoc|ARM
		Ad-Hoc|iPhone = Ad-Hoc|iPhone
		Ad-Hoc|iPhoneSimulator = Ad-Hoc|iPhoneSimulator
		Ad-Hoc|x64 = Ad-Hoc|x64
		Ad-Hoc|x86 = Ad-Hoc|x86
		AppStore|Any CPU = AppStore|Any CPU
		AppStore|ARM = AppStore|ARM
		AppStore|iPhone = AppStore|iPhone
		AppStore|iPhoneSimulator = AppStore|iPhoneSimulator
		AppStore|x64 = AppStore|x64
		AppStore|x86 = AppStore|x86
		Debug|Any CPU = Debug|Any CPU
		Debug|ARM = Debug|ARM
		Debug|iPhone = Debug|iPhone
		Debug|iPhoneSimulator = Debug|iPhoneSimulator
		Debug|x64 = Debug|x64
		Debug|x86 = Debug|x86
		Release|Any CPU = Release|Any CPU
		Release|ARM = Release|ARM
		Release|iPhone = Release|iPhone
		Release|iPhoneSimulator = Release|iPhoneSimulator
		Release|x64 = Release|x64
		Release|x86 = Release|x86
	EndGlobalSection
	GlobalSection(ProjectConfigurationPlatforms) = postSolution
		{71347CE9-BD33-4E25-8E32-D7B6A894D0BD}.Ad-Hoc|Any CPU.ActiveCfg = Release|Any CPU
		{71347CE9-BD33-4E25-8E32-D7B6A894D0BD}.Ad-Hoc|Any CPU.Build.0 = Release|Any CPU
		{71347CE9-BD33-4E25-8E32-D7B6A894D0BD}.Ad-Hoc|Any CPU.Deploy.0 = Release|Any CPU
		{71347CE9-BD33-4E25-8E32-D7B6A894D0BD}.Ad-Hoc|ARM.ActiveCfg = Release|Any CPU
		{71347CE9-BD33-4E25-8E32-D7B6A894D0BD}.Ad-Hoc|ARM.Build.0 = Release|Any CPU
		{71347CE9-BD33-4E25-8E32-D7B6A894D0BD}.Ad-Hoc|ARM.Deploy.0 = Release|Any CPU
		{71347CE9-BD33-4E25-8E32-D7B6A894D0BD}.Ad-Hoc|iPhone.ActiveCfg = Release|Any CPU
		{71347CE9-BD33-4E25-8E32-D7B6A894D0BD}.Ad-Hoc|iPhone.Build.0 = Release|Any CPU
		{71347CE9-BD33-4E25-8E32-D7B6A894D0BD}.Ad-Hoc|iPhone.Deploy.0 = Release|Any CPU
		{71347CE9-BD33-4E25-8E32-D7B6A894D0BD}.Ad-Hoc|iPhoneSimulator.ActiveCfg = Release|Any CPU
		{71347CE9-BD33-4E25-8E32-D7B6A894D0BD}.Ad-Hoc|iPhoneSimulator.Build.0 = Release|Any CPU
		{71347CE9-BD33-4E25-8E32-D7B6A894D0BD}.Ad-Hoc|iPhoneSimulator.Deploy.0 = Release|Any CPU
		{71347CE9-BD33-4E25-8E32-D7B6A894D0BD}.Ad-Hoc|x64.ActiveCfg = Release|Any CPU
		{71347CE9-BD33-4E25-8E32-D7B6A894D0BD}.Ad-Hoc|x64.Build.0 = Release|Any CPU
		{71347CE9-BD33-4E25-8E32-D7B6A894D0BD}.Ad-Hoc|x64.Deploy.0 = Release|Any CPU
		{71347CE9-BD33-4E25-8E32-D7B6A894D0BD}.Ad-Hoc|x86.ActiveCfg = Release|Any CPU
		{71347CE9-BD33-4E25-8E32-D7B6A894D0BD}.Ad-Hoc|x86.Build.0 = Release|Any CPU
		{71347CE9-BD33-4E25-8E32-D7B6A894D0BD}.Ad-Hoc|x86.Deploy.0 = Release|Any CPU
		{71347CE9-BD33-4E25-8E32-D7B6A894D0BD}.AppStore|Any CPU.ActiveCfg = Release|Any CPU
		{71347CE9-BD33-4E25-8E32-D7B6A894D0BD}.AppStore|Any CPU.Build.0 = Release|Any CPU
		{71347CE9-BD33-4E25-8E32-D7B6A894D0BD}.AppStore|Any CPU.Deploy.0 = Release|Any CPU
		{71347CE9-BD33-4E25-8E32-D7B6A894D0BD}.AppStore|ARM.ActiveCfg = Release|Any CPU
		{71347CE9-BD33-4E25-8E32-D7B6A894D0BD}.AppStore|ARM.Build.0 = Release|Any CPU
		{71347CE9-BD33-4E25-8E32-D7B6A894D0BD}.AppStore|ARM.Deploy.0 = Release|Any CPU
		{71347CE9-BD33-4E25-8E32-D7B6A894D0BD}.AppStore|iPhone.ActiveCfg = Release|Any CPU
		{71347CE9-BD33-4E25-8E32-D7B6A894D0BD}.AppStore|iPhone.Build.0 = Release|Any CPU
		{71347CE9-BD33-4E25-8E32-D7B6A894D0BD}.AppStore|iPhone.Deploy.0 = Release|Any CPU
		{71347CE9-BD33-4E25-8E32-D7B6A894D0BD}.AppStore|iPhoneSimulator.ActiveCfg = Release|Any CPU
		{71347CE9-BD33-4E25-8E32-D7B6A894D0BD}.AppStore|iPhoneSimulator.Build.0 = Release|Any CPU
		{71347CE9-BD33-4E25-8E32-D7B6A894D0BD}.AppStore|iPhoneSimulator.Deploy.0 = Release|Any CPU
		{71347CE9-BD33-4E25-8E32-D7B6A894D0BD}.AppStore|x64.ActiveCfg = Release|Any CPU
		{71347CE9-BD33-4E25-8E32-D7B6A894D0BD}.AppStore|x64.Build.0 = Release|Any CPU
		{71347CE9-BD33-4E25-8E32-D7B6A894D0BD}.AppStore|x64.Deploy.0 = Release|Any CPU
		{71347CE9-BD33-4E25-8E32-D7B6A894D0BD}.AppStore|x86.ActiveCfg = Release|Any CPU
		{71347CE9-BD33-4E25-8E32-D7B6A894D0BD}.AppStore|x86.Build.0 = Release|Any CPU
		{71347CE9-BD33-4E25-8E32-D7B6A894D0BD}.AppStore|x86.Deploy.0 = Release|Any CPU
		{71347CE9-BD33-4E25-8E32-D7B6A894D0BD}.Debug|Any CPU.ActiveCfg = Debug|Any CPU
		{71347CE9-BD33-4E25-8E32-D7B6A894D0BD}.Debug|Any CPU.Build.0 = Debug|Any CPU
		{71347CE9-BD33-4E25-8E32-D7B6A894D0BD}.Debug|Any CPU.Deploy.0 = Debug|Any CPU
		{71347CE9-BD33-4E25-8E32-D7B6A894D0BD}.Debug|ARM.ActiveCfg = Debug|Any CPU
		{71347CE9-BD33-4E25-8E32-D7B6A894D0BD}.Debug|ARM.Build.0 = Debug|Any CPU
		{71347CE9-BD33-4E25-8E32-D7B6A894D0BD}.Debug|ARM.Deploy.0 = Debug|Any CPU
		{71347CE9-BD33-4E25-8E32-D7B6A894D0BD}.Debug|iPhone.ActiveCfg = Debug|Any CPU
		{71347CE9-BD33-4E25-8E32-D7B6A894D0BD}.Debug|iPhone.Build.0 = Debug|Any CPU
		{71347CE9-BD33-4E25-8E32-D7B6A894D0BD}.Debug|iPhone.Deploy.0 = Debug|Any CPU
		{71347CE9-BD33-4E25-8E32-D7B6A894D0BD}.Debug|iPhoneSimulator.ActiveCfg = Debug|Any CPU
		{71347CE9-BD33-4E25-8E32-D7B6A894D0BD}.Debug|iPhoneSimulator.Build.0 = Debug|Any CPU
		{71347CE9-BD33-4E25-8E32-D7B6A894D0BD}.Debug|iPhoneSimulator.Deploy.0 = Debug|Any CPU
		{71347CE9-BD33-4E25-8E32-D7B6A894D0BD}.Debug|x64.ActiveCfg = Debug|Any CPU
		{71347CE9-BD33-4E25-8E32-D7B6A894D0BD}.Debug|x64.Build.0 = Debug|Any CPU
		{71347CE9-BD33-4E25-8E32-D7B6A894D0BD}.Debug|x64.Deploy.0 = Debug|Any CPU
		{71347CE9-BD33-4E25-8E32-D7B6A894D0BD}.Debug|x86.ActiveCfg = Debug|Any CPU
		{71347CE9-BD33-4E25-8E32-D7B6A894D0BD}.Debug|x86.Build.0 = Debug|Any CPU
		{71347CE9-BD33-4E25-8E32-D7B6A894D0BD}.Debug|x86.Deploy.0 = Debug|Any CPU
		{71347CE9-BD33-4E25-8E32-D7B6A894D0BD}.Release|Any CPU.ActiveCfg = Release|Any CPU
		{71347CE9-BD33-4E25-8E32-D7B6A894D0BD}.Release|Any CPU.Build.0 = Release|Any CPU
		{71347CE9-BD33-4E25-8E32-D7B6A894D0BD}.Release|Any CPU.Deploy.0 = Release|Any CPU
		{71347CE9-BD33-4E25-8E32-D7B6A894D0BD}.Release|ARM.ActiveCfg = Release|Any CPU
		{71347CE9-BD33-4E25-8E32-D7B6A894D0BD}.Release|ARM.Build.0 = Release|Any CPU
		{71347CE9-BD33-4E25-8E32-D7B6A894D0BD}.Release|ARM.Deploy.0 = Release|Any CPU
		{71347CE9-BD33-4E25-8E32-D7B6A894D0BD}.Release|iPhone.ActiveCfg = Release|Any CPU
		{71347CE9-BD33-4E25-8E32-D7B6A894D0BD}.Release|iPhone.Build.0 = Release|Any CPU
		{71347CE9-BD33-4E25-8E32-D7B6A894D0BD}.Release|iPhone.Deploy.0 = Release|Any CPU
		{71347CE9-BD33-4E25-8E32-D7B6A894D0BD}.Release|iPhoneSimulator.ActiveCfg = Release|Any CPU
		{71347CE9-BD33-4E25-8E32-D7B6A894D0BD}.Release|iPhoneSimulator.Build.0 = Release|Any CPU
		{71347CE9-BD33-4E25-8E32-D7B6A894D0BD}.Release|iPhoneSimulator.Deploy.0 = Release|Any CPU
		{71347CE9-BD33-4E25-8E32-D7B6A894D0BD}.Release|x64.ActiveCfg = Release|Any CPU
		{71347CE9-BD33-4E25-8E32-D7B6A894D0BD}.Release|x64.Build.0 = Release|Any CPU
		{71347CE9-BD33-4E25-8E32-D7B6A894D0BD}.Release|x64.Deploy.0 = Release|Any CPU
		{71347CE9-BD33-4E25-8E32-D7B6A894D0BD}.Release|x86.ActiveCfg = Release|Any CPU
		{71347CE9-BD33-4E25-8E32-D7B6A894D0BD}.Release|x86.Build.0 = Release|Any CPU
		{71347CE9-BD33-4E25-8E32-D7B6A894D0BD}.Release|x86.Deploy.0 = Release|Any CPU
		{B45F7F5E-1611-40D7-B6A7-241AE8DB8516}.Ad-Hoc|Any CPU.ActiveCfg = Ad-Hoc|iPhone
		{B45F7F5E-1611-40D7-B6A7-241AE8DB8516}.Ad-Hoc|Any CPU.Build.0 = Ad-Hoc|iPhone
		{B45F7F5E-1611-40D7-B6A7-241AE8DB8516}.Ad-Hoc|Any CPU.Deploy.0 = Ad-Hoc|iPhone
		{B45F7F5E-1611-40D7-B6A7-241AE8DB8516}.Ad-Hoc|ARM.ActiveCfg = Ad-Hoc|iPhone
		{B45F7F5E-1611-40D7-B6A7-241AE8DB8516}.Ad-Hoc|ARM.Build.0 = Ad-Hoc|iPhone
		{B45F7F5E-1611-40D7-B6A7-241AE8DB8516}.Ad-Hoc|ARM.Deploy.0 = Ad-Hoc|iPhone
		{B45F7F5E-1611-40D7-B6A7-241AE8DB8516}.Ad-Hoc|iPhone.ActiveCfg = Ad-Hoc|iPhone
		{B45F7F5E-1611-40D7-B6A7-241AE8DB8516}.Ad-Hoc|iPhone.Build.0 = Ad-Hoc|iPhone
		{B45F7F5E-1611-40D7-B6A7-241AE8DB8516}.Ad-Hoc|iPhone.Deploy.0 = Ad-Hoc|iPhone
		{B45F7F5E-1611-40D7-B6A7-241AE8DB8516}.Ad-Hoc|iPhoneSimulator.ActiveCfg = Ad-Hoc|iPhoneSimulator
		{B45F7F5E-1611-40D7-B6A7-241AE8DB8516}.Ad-Hoc|iPhoneSimulator.Build.0 = Ad-Hoc|iPhoneSimulator
		{B45F7F5E-1611-40D7-B6A7-241AE8DB8516}.Ad-Hoc|iPhoneSimulator.Deploy.0 = Ad-Hoc|iPhoneSimulator
		{B45F7F5E-1611-40D7-B6A7-241AE8DB8516}.Ad-Hoc|x64.ActiveCfg = Ad-Hoc|iPhone
		{B45F7F5E-1611-40D7-B6A7-241AE8DB8516}.Ad-Hoc|x64.Build.0 = Ad-Hoc|iPhone
		{B45F7F5E-1611-40D7-B6A7-241AE8DB8516}.Ad-Hoc|x64.Deploy.0 = Ad-Hoc|iPhone
		{B45F7F5E-1611-40D7-B6A7-241AE8DB8516}.Ad-Hoc|x86.ActiveCfg = Ad-Hoc|iPhone
		{B45F7F5E-1611-40D7-B6A7-241AE8DB8516}.Ad-Hoc|x86.Build.0 = Ad-Hoc|iPhone
		{B45F7F5E-1611-40D7-B6A7-241AE8DB8516}.Ad-Hoc|x86.Deploy.0 = Ad-Hoc|iPhone
		{B45F7F5E-1611-40D7-B6A7-241AE8DB8516}.AppStore|Any CPU.ActiveCfg = AppStore|iPhone
		{B45F7F5E-1611-40D7-B6A7-241AE8DB8516}.AppStore|Any CPU.Build.0 = AppStore|iPhone
		{B45F7F5E-1611-40D7-B6A7-241AE8DB8516}.AppStore|Any CPU.Deploy.0 = AppStore|iPhone
		{B45F7F5E-1611-40D7-B6A7-241AE8DB8516}.AppStore|ARM.ActiveCfg = AppStore|iPhone
		{B45F7F5E-1611-40D7-B6A7-241AE8DB8516}.AppStore|ARM.Build.0 = AppStore|iPhone
		{B45F7F5E-1611-40D7-B6A7-241AE8DB8516}.AppStore|ARM.Deploy.0 = AppStore|iPhone
		{B45F7F5E-1611-40D7-B6A7-241AE8DB8516}.AppStore|iPhone.ActiveCfg = AppStore|iPhone
		{B45F7F5E-1611-40D7-B6A7-241AE8DB8516}.AppStore|iPhone.Build.0 = AppStore|iPhone
		{B45F7F5E-1611-40D7-B6A7-241AE8DB8516}.AppStore|iPhone.Deploy.0 = AppStore|iPhone
		{B45F7F5E-1611-40D7-B6A7-241AE8DB8516}.AppStore|iPhoneSimulator.ActiveCfg = AppStore|iPhoneSimulator
		{B45F7F5E-1611-40D7-B6A7-241AE8DB8516}.AppStore|iPhoneSimulator.Build.0 = AppStore|iPhoneSimulator
		{B45F7F5E-1611-40D7-B6A7-241AE8DB8516}.AppStore|iPhoneSimulator.Deploy.0 = AppStore|iPhoneSimulator
		{B45F7F5E-1611-40D7-B6A7-241AE8DB8516}.AppStore|x64.ActiveCfg = AppStore|iPhone
		{B45F7F5E-1611-40D7-B6A7-241AE8DB8516}.AppStore|x64.Build.0 = AppStore|iPhone
		{B45F7F5E-1611-40D7-B6A7-241AE8DB8516}.AppStore|x64.Deploy.0 = AppStore|iPhone
		{B45F7F5E-1611-40D7-B6A7-241AE8DB8516}.AppStore|x86.ActiveCfg = AppStore|iPhone
		{B45F7F5E-1611-40D7-B6A7-241AE8DB8516}.AppStore|x86.Build.0 = AppStore|iPhone
		{B45F7F5E-1611-40D7-B6A7-241AE8DB8516}.AppStore|x86.Deploy.0 = AppStore|iPhone
		{B45F7F5E-1611-40D7-B6A7-241AE8DB8516}.Debug|Any CPU.ActiveCfg = Debug|iPhoneSimulator
		{B45F7F5E-1611-40D7-B6A7-241AE8DB8516}.Debug|Any CPU.Build.0 = Debug|iPhoneSimulator
		{B45F7F5E-1611-40D7-B6A7-241AE8DB8516}.Debug|Any CPU.Deploy.0 = Debug|iPhoneSimulator
		{B45F7F5E-1611-40D7-B6A7-241AE8DB8516}.Debug|ARM.ActiveCfg = Debug|iPhone
		{B45F7F5E-1611-40D7-B6A7-241AE8DB8516}.Debug|ARM.Build.0 = Debug|iPhone
		{B45F7F5E-1611-40D7-B6A7-241AE8DB8516}.Debug|ARM.Deploy.0 = Debug|iPhone
		{B45F7F5E-1611-40D7-B6A7-241AE8DB8516}.Debug|iPhone.ActiveCfg = Debug|iPhone
		{B45F7F5E-1611-40D7-B6A7-241AE8DB8516}.Debug|iPhone.Build.0 = Debug|iPhone
		{B45F7F5E-1611-40D7-B6A7-241AE8DB8516}.Debug|iPhone.Deploy.0 = Debug|iPhone
		{B45F7F5E-1611-40D7-B6A7-241AE8DB8516}.Debug|iPhoneSimulator.ActiveCfg = Debug|iPhoneSimulator
		{B45F7F5E-1611-40D7-B6A7-241AE8DB8516}.Debug|iPhoneSimulator.Build.0 = Debug|iPhoneSimulator
		{B45F7F5E-1611-40D7-B6A7-241AE8DB8516}.Debug|iPhoneSimulator.Deploy.0 = Debug|iPhoneSimulator
		{B45F7F5E-1611-40D7-B6A7-241AE8DB8516}.Debug|x64.ActiveCfg = Debug|iPhone
		{B45F7F5E-1611-40D7-B6A7-241AE8DB8516}.Debug|x64.Build.0 = Debug|iPhone
		{B45F7F5E-1611-40D7-B6A7-241AE8DB8516}.Debug|x64.Deploy.0 = Debug|iPhone
		{B45F7F5E-1611-40D7-B6A7-241AE8DB8516}.Debug|x86.ActiveCfg = Debug|iPhone
		{B45F7F5E-1611-40D7-B6A7-241AE8DB8516}.Debug|x86.Build.0 = Debug|iPhone
		{B45F7F5E-1611-40D7-B6A7-241AE8DB8516}.Debug|x86.Deploy.0 = Debug|iPhone
		{B45F7F5E-1611-40D7-B6A7-241AE8DB8516}.Release|Any CPU.ActiveCfg = Release|iPhone
		{B45F7F5E-1611-40D7-B6A7-241AE8DB8516}.Release|Any CPU.Build.0 = Release|iPhone
		{B45F7F5E-1611-40D7-B6A7-241AE8DB8516}.Release|Any CPU.Deploy.0 = Release|iPhone
		{B45F7F5E-1611-40D7-B6A7-241AE8DB8516}.Release|ARM.ActiveCfg = Release|iPhone
		{B45F7F5E-1611-40D7-B6A7-241AE8DB8516}.Release|ARM.Build.0 = Release|iPhone
		{B45F7F5E-1611-40D7-B6A7-241AE8DB8516}.Release|ARM.Deploy.0 = Release|iPhone
		{B45F7F5E-1611-40D7-B6A7-241AE8DB8516}.Release|iPhone.ActiveCfg = Release|iPhone
		{B45F7F5E-1611-40D7-B6A7-241AE8DB8516}.Release|iPhone.Build.0 = Release|iPhone
		{B45F7F5E-1611-40D7-B6A7-241AE8DB8516}.Release|iPhone.Deploy.0 = Release|iPhone
		{B45F7F5E-1611-40D7-B6A7-241AE8DB8516}.Release|iPhoneSimulator.ActiveCfg = Release|iPhoneSimulator
		{B45F7F5E-1611-40D7-B6A7-241AE8DB8516}.Release|iPhoneSimulator.Build.0 = Release|iPhoneSimulator
		{B45F7F5E-1611-40D7-B6A7-241AE8DB8516}.Release|iPhoneSimulator.Deploy.0 = Release|iPhoneSimulator
		{B45F7F5E-1611-40D7-B6A7-241AE8DB8516}.Release|x64.ActiveCfg = Release|iPhone
		{B45F7F5E-1611-40D7-B6A7-241AE8DB8516}.Release|x64.Build.0 = Release|iPhone
		{B45F7F5E-1611-40D7-B6A7-241AE8DB8516}.Release|x64.Deploy.0 = Release|iPhone
		{B45F7F5E-1611-40D7-B6A7-241AE8DB8516}.Release|x86.ActiveCfg = Release|iPhone
		{B45F7F5E-1611-40D7-B6A7-241AE8DB8516}.Release|x86.Build.0 = Release|iPhone
		{B45F7F5E-1611-40D7-B6A7-241AE8DB8516}.Release|x86.Deploy.0 = Release|iPhone
		{E7536EE8-0767-49BC-9F7F-3AE77EF24E39}.Ad-Hoc|Any CPU.ActiveCfg = Release|x86
		{E7536EE8-0767-49BC-9F7F-3AE77EF24E39}.Ad-Hoc|Any CPU.Build.0 = Release|x86
		{E7536EE8-0767-49BC-9F7F-3AE77EF24E39}.Ad-Hoc|Any CPU.Deploy.0 = Release|x86
		{E7536EE8-0767-49BC-9F7F-3AE77EF24E39}.Ad-Hoc|ARM.ActiveCfg = Release|ARM
		{E7536EE8-0767-49BC-9F7F-3AE77EF24E39}.Ad-Hoc|ARM.Build.0 = Release|ARM
		{E7536EE8-0767-49BC-9F7F-3AE77EF24E39}.Ad-Hoc|ARM.Deploy.0 = Release|ARM
		{E7536EE8-0767-49BC-9F7F-3AE77EF24E39}.Ad-Hoc|iPhone.ActiveCfg = Release|x86
		{E7536EE8-0767-49BC-9F7F-3AE77EF24E39}.Ad-Hoc|iPhone.Build.0 = Release|x86
		{E7536EE8-0767-49BC-9F7F-3AE77EF24E39}.Ad-Hoc|iPhone.Deploy.0 = Release|x86
		{E7536EE8-0767-49BC-9F7F-3AE77EF24E39}.Ad-Hoc|iPhoneSimulator.ActiveCfg = Release|x86
		{E7536EE8-0767-49BC-9F7F-3AE77EF24E39}.Ad-Hoc|iPhoneSimulator.Build.0 = Release|x86
		{E7536EE8-0767-49BC-9F7F-3AE77EF24E39}.Ad-Hoc|iPhoneSimulator.Deploy.0 = Release|x86
		{E7536EE8-0767-49BC-9F7F-3AE77EF24E39}.Ad-Hoc|x64.ActiveCfg = Release|x64
		{E7536EE8-0767-49BC-9F7F-3AE77EF24E39}.Ad-Hoc|x64.Build.0 = Release|x64
		{E7536EE8-0767-49BC-9F7F-3AE77EF24E39}.Ad-Hoc|x64.Deploy.0 = Release|x64
		{E7536EE8-0767-49BC-9F7F-3AE77EF24E39}.Ad-Hoc|x86.ActiveCfg = Release|x86
		{E7536EE8-0767-49BC-9F7F-3AE77EF24E39}.Ad-Hoc|x86.Build.0 = Release|x86
		{E7536EE8-0767-49BC-9F7F-3AE77EF24E39}.Ad-Hoc|x86.Deploy.0 = Release|x86
		{E7536EE8-0767-49BC-9F7F-3AE77EF24E39}.AppStore|Any CPU.ActiveCfg = Release|x86
		{E7536EE8-0767-49BC-9F7F-3AE77EF24E39}.AppStore|Any CPU.Build.0 = Release|x86
		{E7536EE8-0767-49BC-9F7F-3AE77EF24E39}.AppStore|Any CPU.Deploy.0 = Release|x86
		{E7536EE8-0767-49BC-9F7F-3AE77EF24E39}.AppStore|ARM.ActiveCfg = Release|ARM
		{E7536EE8-0767-49BC-9F7F-3AE77EF24E39}.AppStore|ARM.Build.0 = Release|ARM
		{E7536EE8-0767-49BC-9F7F-3AE77EF24E39}.AppStore|ARM.Deploy.0 = Release|ARM
		{E7536EE8-0767-49BC-9F7F-3AE77EF24E39}.AppStore|iPhone.ActiveCfg = Release|x86
		{E7536EE8-0767-49BC-9F7F-3AE77EF24E39}.AppStore|iPhone.Build.0 = Release|x86
		{E7536EE8-0767-49BC-9F7F-3AE77EF24E39}.AppStore|iPhone.Deploy.0 = Release|x86
		{E7536EE8-0767-49BC-9F7F-3AE77EF24E39}.AppStore|iPhoneSimulator.ActiveCfg = Release|x86
		{E7536EE8-0767-49BC-9F7F-3AE77EF24E39}.AppStore|iPhoneSimulator.Build.0 = Release|x86
		{E7536EE8-0767-49BC-9F7F-3AE77EF24E39}.AppStore|iPhoneSimulator.Deploy.0 = Release|x86
		{E7536EE8-0767-49BC-9F7F-3AE77EF24E39}.AppStore|x64.ActiveCfg = Release|x64
		{E7536EE8-0767-49BC-9F7F-3AE77EF24E39}.AppStore|x64.Build.0 = Release|x64
		{E7536EE8-0767-49BC-9F7F-3AE77EF24E39}.AppStore|x64.Deploy.0 = Release|x64
		{E7536EE8-0767-49BC-9F7F-3AE77EF24E39}.AppStore|x86.ActiveCfg = Release|x86
		{E7536EE8-0767-49BC-9F7F-3AE77EF24E39}.AppStore|x86.Build.0 = Release|x86
		{E7536EE8-0767-49BC-9F7F-3AE77EF24E39}.AppStore|x86.Deploy.0 = Release|x86
		{E7536EE8-0767-49BC-9F7F-3AE77EF24E39}.Debug|Any CPU.ActiveCfg = Debug|x86
		{E7536EE8-0767-49BC-9F7F-3AE77EF24E39}.Debug|Any CPU.Build.0 = Debug|x86
		{E7536EE8-0767-49BC-9F7F-3AE77EF24E39}.Debug|Any CPU.Deploy.0 = Debug|x86
		{E7536EE8-0767-49BC-9F7F-3AE77EF24E39}.Debug|ARM.ActiveCfg = Debug|ARM
		{E7536EE8-0767-49BC-9F7F-3AE77EF24E39}.Debug|ARM.Build.0 = Debug|ARM
		{E7536EE8-0767-49BC-9F7F-3AE77EF24E39}.Debug|ARM.Deploy.0 = Debug|ARM
		{E7536EE8-0767-49BC-9F7F-3AE77EF24E39}.Debug|iPhone.ActiveCfg = Debug|x86
		{E7536EE8-0767-49BC-9F7F-3AE77EF24E39}.Debug|iPhone.Build.0 = Debug|x86
		{E7536EE8-0767-49BC-9F7F-3AE77EF24E39}.Debug|iPhone.Deploy.0 = Debug|x86
		{E7536EE8-0767-49BC-9F7F-3AE77EF24E39}.Debug|iPhoneSimulator.ActiveCfg = Debug|x86
		{E7536EE8-0767-49BC-9F7F-3AE77EF24E39}.Debug|iPhoneSimulator.Build.0 = Debug|x86
		{E7536EE8-0767-49BC-9F7F-3AE77EF24E39}.Debug|iPhoneSimulator.Deploy.0 = Debug|x86
		{E7536EE8-0767-49BC-9F7F-3AE77EF24E39}.Debug|x64.ActiveCfg = Debug|x64
		{E7536EE8-0767-49BC-9F7F-3AE77EF24E39}.Debug|x64.Build.0 = Debug|x64
		{E7536EE8-0767-49BC-9F7F-3AE77EF24E39}.Debug|x64.Deploy.0 = Debug|x64
		{E7536EE8-0767-49BC-9F7F-3AE77EF24E39}.Debug|x86.ActiveCfg = Debug|x86
		{E7536EE8-0767-49BC-9F7F-3AE77EF24E39}.Debug|x86.Build.0 = Debug|x86
		{E7536EE8-0767-49BC-9F7F-3AE77EF24E39}.Debug|x86.Deploy.0 = Debug|x86
		{E7536EE8-0767-49BC-9F7F-3AE77EF24E39}.Release|Any CPU.ActiveCfg = Release|x86
		{E7536EE8-0767-49BC-9F7F-3AE77EF24E39}.Release|Any CPU.Build.0 = Release|x86
		{E7536EE8-0767-49BC-9F7F-3AE77EF24E39}.Release|Any CPU.Deploy.0 = Release|x86
		{E7536EE8-0767-49BC-9F7F-3AE77EF24E39}.Release|ARM.ActiveCfg = Release|ARM
		{E7536EE8-0767-49BC-9F7F-3AE77EF24E39}.Release|ARM.Build.0 = Release|ARM
		{E7536EE8-0767-49BC-9F7F-3AE77EF24E39}.Release|ARM.Deploy.0 = Release|ARM
		{E7536EE8-0767-49BC-9F7F-3AE77EF24E39}.Release|iPhone.ActiveCfg = Release|x86
		{E7536EE8-0767-49BC-9F7F-3AE77EF24E39}.Release|iPhone.Build.0 = Release|x86
		{E7536EE8-0767-49BC-9F7F-3AE77EF24E39}.Release|iPhone.Deploy.0 = Release|x86
		{E7536EE8-0767-49BC-9F7F-3AE77EF24E39}.Release|iPhoneSimulator.ActiveCfg = Release|x86
		{E7536EE8-0767-49BC-9F7F-3AE77EF24E39}.Release|iPhoneSimulator.Build.0 = Release|x86
		{E7536EE8-0767-49BC-9F7F-3AE77EF24E39}.Release|iPhoneSimulator.Deploy.0 = Release|x86
		{E7536EE8-0767-49BC-9F7F-3AE77EF24E39}.Release|x64.ActiveCfg = Release|x64
		{E7536EE8-0767-49BC-9F7F-3AE77EF24E39}.Release|x64.Build.0 = Release|x64
		{E7536EE8-0767-49BC-9F7F-3AE77EF24E39}.Release|x64.Deploy.0 = Release|x64
		{E7536EE8-0767-49BC-9F7F-3AE77EF24E39}.Release|x86.ActiveCfg = Release|x86
		{E7536EE8-0767-49BC-9F7F-3AE77EF24E39}.Release|x86.Build.0 = Release|x86
		{E7536EE8-0767-49BC-9F7F-3AE77EF24E39}.Release|x86.Deploy.0 = Release|x86
		{BFEAF3C8-05C5-4CD7-9F36-736E09105E49}.Ad-Hoc|Any CPU.ActiveCfg = Debug|Any CPU
		{BFEAF3C8-05C5-4CD7-9F36-736E09105E49}.Ad-Hoc|Any CPU.Build.0 = Debug|Any CPU
		{BFEAF3C8-05C5-4CD7-9F36-736E09105E49}.Ad-Hoc|Any CPU.Deploy.0 = Debug|Any CPU
		{BFEAF3C8-05C5-4CD7-9F36-736E09105E49}.Ad-Hoc|ARM.ActiveCfg = Debug|Any CPU
		{BFEAF3C8-05C5-4CD7-9F36-736E09105E49}.Ad-Hoc|ARM.Build.0 = Debug|Any CPU
		{BFEAF3C8-05C5-4CD7-9F36-736E09105E49}.Ad-Hoc|ARM.Deploy.0 = Debug|Any CPU
		{BFEAF3C8-05C5-4CD7-9F36-736E09105E49}.Ad-Hoc|iPhone.ActiveCfg = Debug|Any CPU
		{BFEAF3C8-05C5-4CD7-9F36-736E09105E49}.Ad-Hoc|iPhone.Build.0 = Debug|Any CPU
		{BFEAF3C8-05C5-4CD7-9F36-736E09105E49}.Ad-Hoc|iPhone.Deploy.0 = Debug|Any CPU
		{BFEAF3C8-05C5-4CD7-9F36-736E09105E49}.Ad-Hoc|iPhoneSimulator.ActiveCfg = Debug|Any CPU
		{BFEAF3C8-05C5-4CD7-9F36-736E09105E49}.Ad-Hoc|iPhoneSimulator.Build.0 = Debug|Any CPU
		{BFEAF3C8-05C5-4CD7-9F36-736E09105E49}.Ad-Hoc|iPhoneSimulator.Deploy.0 = Debug|Any CPU
		{BFEAF3C8-05C5-4CD7-9F36-736E09105E49}.Ad-Hoc|x64.ActiveCfg = Debug|Any CPU
		{BFEAF3C8-05C5-4CD7-9F36-736E09105E49}.Ad-Hoc|x64.Build.0 = Debug|Any CPU
		{BFEAF3C8-05C5-4CD7-9F36-736E09105E49}.Ad-Hoc|x64.Deploy.0 = Debug|Any CPU
		{BFEAF3C8-05C5-4CD7-9F36-736E09105E49}.Ad-Hoc|x86.ActiveCfg = Debug|Any CPU
		{BFEAF3C8-05C5-4CD7-9F36-736E09105E49}.Ad-Hoc|x86.Build.0 = Debug|Any CPU
		{BFEAF3C8-05C5-4CD7-9F36-736E09105E49}.Ad-Hoc|x86.Deploy.0 = Debug|Any CPU
		{BFEAF3C8-05C5-4CD7-9F36-736E09105E49}.AppStore|Any CPU.ActiveCfg = Debug|Any CPU
		{BFEAF3C8-05C5-4CD7-9F36-736E09105E49}.AppStore|Any CPU.Build.0 = Debug|Any CPU
		{BFEAF3C8-05C5-4CD7-9F36-736E09105E49}.AppStore|Any CPU.Deploy.0 = Debug|Any CPU
		{BFEAF3C8-05C5-4CD7-9F36-736E09105E49}.AppStore|ARM.ActiveCfg = Debug|Any CPU
		{BFEAF3C8-05C5-4CD7-9F36-736E09105E49}.AppStore|ARM.Build.0 = Debug|Any CPU
		{BFEAF3C8-05C5-4CD7-9F36-736E09105E49}.AppStore|ARM.Deploy.0 = Debug|Any CPU
		{BFEAF3C8-05C5-4CD7-9F36-736E09105E49}.AppStore|iPhone.ActiveCfg = Debug|Any CPU
		{BFEAF3C8-05C5-4CD7-9F36-736E09105E49}.AppStore|iPhone.Build.0 = Debug|Any CPU
		{BFEAF3C8-05C5-4CD7-9F36-736E09105E49}.AppStore|iPhone.Deploy.0 = Debug|Any CPU
		{BFEAF3C8-05C5-4CD7-9F36-736E09105E49}.AppStore|iPhoneSimulator.ActiveCfg = Debug|Any CPU
		{BFEAF3C8-05C5-4CD7-9F36-736E09105E49}.AppStore|iPhoneSimulator.Build.0 = Debug|Any CPU
		{BFEAF3C8-05C5-4CD7-9F36-736E09105E49}.AppStore|iPhoneSimulator.Deploy.0 = Debug|Any CPU
		{BFEAF3C8-05C5-4CD7-9F36-736E09105E49}.AppStore|x64.ActiveCfg = Debug|Any CPU
		{BFEAF3C8-05C5-4CD7-9F36-736E09105E49}.AppStore|x64.Build.0 = Debug|Any CPU
		{BFEAF3C8-05C5-4CD7-9F36-736E09105E49}.AppStore|x64.Deploy.0 = Debug|Any CPU
		{BFEAF3C8-05C5-4CD7-9F36-736E09105E49}.AppStore|x86.ActiveCfg = Debug|Any CPU
		{BFEAF3C8-05C5-4CD7-9F36-736E09105E49}.AppStore|x86.Build.0 = Debug|Any CPU
		{BFEAF3C8-05C5-4CD7-9F36-736E09105E49}.AppStore|x86.Deploy.0 = Debug|Any CPU
		{BFEAF3C8-05C5-4CD7-9F36-736E09105E49}.Debug|Any CPU.ActiveCfg = Debug|Any CPU
		{BFEAF3C8-05C5-4CD7-9F36-736E09105E49}.Debug|Any CPU.Build.0 = Debug|Any CPU
		{BFEAF3C8-05C5-4CD7-9F36-736E09105E49}.Debug|Any CPU.Deploy.0 = Debug|Any CPU
		{BFEAF3C8-05C5-4CD7-9F36-736E09105E49}.Debug|ARM.ActiveCfg = Debug|Any CPU
		{BFEAF3C8-05C5-4CD7-9F36-736E09105E49}.Debug|ARM.Build.0 = Debug|Any CPU
		{BFEAF3C8-05C5-4CD7-9F36-736E09105E49}.Debug|ARM.Deploy.0 = Debug|Any CPU
		{BFEAF3C8-05C5-4CD7-9F36-736E09105E49}.Debug|iPhone.ActiveCfg = Debug|Any CPU
		{BFEAF3C8-05C5-4CD7-9F36-736E09105E49}.Debug|iPhone.Build.0 = Debug|Any CPU
		{BFEAF3C8-05C5-4CD7-9F36-736E09105E49}.Debug|iPhone.Deploy.0 = Debug|Any CPU
		{BFEAF3C8-05C5-4CD7-9F36-736E09105E49}.Debug|iPhoneSimulator.ActiveCfg = Debug|Any CPU
		{BFEAF3C8-05C5-4CD7-9F36-736E09105E49}.Debug|iPhoneSimulator.Build.0 = Debug|Any CPU
		{BFEAF3C8-05C5-4CD7-9F36-736E09105E49}.Debug|iPhoneSimulator.Deploy.0 = Debug|Any CPU
		{BFEAF3C8-05C5-4CD7-9F36-736E09105E49}.Debug|x64.ActiveCfg = Debug|Any CPU
		{BFEAF3C8-05C5-4CD7-9F36-736E09105E49}.Debug|x64.Build.0 = Debug|Any CPU
		{BFEAF3C8-05C5-4CD7-9F36-736E09105E49}.Debug|x64.Deploy.0 = Debug|Any CPU
		{BFEAF3C8-05C5-4CD7-9F36-736E09105E49}.Debug|x86.ActiveCfg = Debug|Any CPU
		{BFEAF3C8-05C5-4CD7-9F36-736E09105E49}.Debug|x86.Build.0 = Debug|Any CPU
		{BFEAF3C8-05C5-4CD7-9F36-736E09105E49}.Debug|x86.Deploy.0 = Debug|Any CPU
		{BFEAF3C8-05C5-4CD7-9F36-736E09105E49}.Release|Any CPU.ActiveCfg = Release|Any CPU
		{BFEAF3C8-05C5-4CD7-9F36-736E09105E49}.Release|Any CPU.Build.0 = Release|Any CPU
		{BFEAF3C8-05C5-4CD7-9F36-736E09105E49}.Release|Any CPU.Deploy.0 = Release|Any CPU
		{BFEAF3C8-05C5-4CD7-9F36-736E09105E49}.Release|ARM.ActiveCfg = Release|Any CPU
		{BFEAF3C8-05C5-4CD7-9F36-736E09105E49}.Release|ARM.Build.0 = Release|Any CPU
		{BFEAF3C8-05C5-4CD7-9F36-736E09105E49}.Release|ARM.Deploy.0 = Release|Any CPU
		{BFEAF3C8-05C5-4CD7-9F36-736E09105E49}.Release|iPhone.ActiveCfg = Release|Any CPU
		{BFEAF3C8-05C5-4CD7-9F36-736E09105E49}.Release|iPhone.Build.0 = Release|Any CPU
		{BFEAF3C8-05C5-4CD7-9F36-736E09105E49}.Release|iPhone.Deploy.0 = Release|Any CPU
		{BFEAF3C8-05C5-4CD7-9F36-736E09105E49}.Release|iPhoneSimulator.ActiveCfg = Release|Any CPU
		{BFEAF3C8-05C5-4CD7-9F36-736E09105E49}.Release|iPhoneSimulator.Build.0 = Release|Any CPU
		{BFEAF3C8-05C5-4CD7-9F36-736E09105E49}.Release|iPhoneSimulator.Deploy.0 = Release|Any CPU
		{BFEAF3C8-05C5-4CD7-9F36-736E09105E49}.Release|x64.ActiveCfg = Release|Any CPU
		{BFEAF3C8-05C5-4CD7-9F36-736E09105E49}.Release|x64.Build.0 = Release|Any CPU
		{BFEAF3C8-05C5-4CD7-9F36-736E09105E49}.Release|x64.Deploy.0 = Release|Any CPU
		{BFEAF3C8-05C5-4CD7-9F36-736E09105E49}.Release|x86.ActiveCfg = Release|Any CPU
		{BFEAF3C8-05C5-4CD7-9F36-736E09105E49}.Release|x86.Build.0 = Release|Any CPU
		{BFEAF3C8-05C5-4CD7-9F36-736E09105E49}.Release|x86.Deploy.0 = Release|Any CPU
	EndGlobalSection
	GlobalSection(SolutionProperties) = preSolution
		HideSolutionNode = FALSE
	EndGlobalSection
	GlobalSection(ExtensibilityGlobals) = postSolution
		SolutionGuid = {2260C822-A140-4BD0-837E-71FDA87802C2}
	EndGlobalSection
EndGlobal
