
Microsoft Visual Studio Solution File, Format Version 12.00
# Visual Studio 15
VisualStudioVersion = 15.0.28307.757
MinimumVisualStudioVersion = 10.0.40219.1
Project("{FAE04EC0-301F-11D3-BF4B-00C04F79EFBC}") = "ZYChat.Android", "ZYChat\ZYChat.Android\ZYChat.Android.csproj", "{EF78B4D0-6AA5-4A00-BE76-41A90106A1F2}"
EndProject
Project("{FAE04EC0-301F-11D3-BF4B-00C04F79EFBC}") = "ZYChat.iOS", "ZYChat\ZYChat.iOS\ZYChat.iOS.csproj", "{3E5D05A2-C4CC-48DB-85C3-8A10DAC5FBAE}"
EndProject
Project("{FAE04EC0-301F-11D3-BF4B-00C04F79EFBC}") = "ZYChat.UWP", "ZYChat\ZYChat.UWP\ZYChat.UWP.csproj", "{1A2F63FA-BB5E-43F7-9E03-29F049A854BA}"
EndProject
Project("{FAE04EC0-301F-11D3-BF4B-00C04F79EFBC}") = "ZYChat", "ZYChat\ZYChat\ZYChat.csproj", "{89216C2F-D3AB-4438-AEAE-416786934A2B}"
EndProject
Global
	GlobalSection(SolutionConfigurationPlatforms) = preSolution
		Ad-Hoc|Any CPU = Ad-Hoc|Any CPU
		Ad-Hoc|ARM = Ad-Hoc|ARM
		Ad-Hoc|iPhone = Ad-Hoc|iPhone
		Ad-Hoc|iPhoneSimulator = Ad-Hoc|iPhoneSimulator
		Ad-Hoc|x64 = Ad-Hoc|x64
		Ad-Hoc|x86 = Ad-Hoc|x86
		AppStore|Any CPU = AppStore|Any CPU
		AppStore|ARM = AppStore|ARM
		AppStore|iPhone = AppStore|iPhone
		AppStore|iPhoneSimulator = AppStore|iPhoneSimulator
		AppStore|x64 = AppStore|x64
		AppStore|x86 = AppStore|x86
		Debug|Any CPU = Debug|Any CPU
		Debug|ARM = Debug|ARM
		Debug|iPhone = Debug|iPhone
		Debug|iPhoneSimulator = Debug|iPhoneSimulator
		Debug|x64 = Debug|x64
		Debug|x86 = Debug|x86
		Release|Any CPU = Release|Any CPU
		Release|ARM = Release|ARM
		Release|iPhone = Release|iPhone
		Release|iPhoneSimulator = Release|iPhoneSimulator
		Release|x64 = Release|x64
		Release|x86 = Release|x86
	EndGlobalSection
	GlobalSection(ProjectConfigurationPlatforms) = postSolution
		{EF78B4D0-6AA5-4A00-BE76-41A90106A1F2}.Ad-Hoc|Any CPU.ActiveCfg = Release|Any CPU
		{EF78B4D0-6AA5-4A00-BE76-41A90106A1F2}.Ad-Hoc|Any CPU.Build.0 = Release|Any CPU
		{EF78B4D0-6AA5-4A00-BE76-41A90106A1F2}.Ad-Hoc|Any CPU.Deploy.0 = Release|Any CPU
		{EF78B4D0-6AA5-4A00-BE76-41A90106A1F2}.Ad-Hoc|ARM.ActiveCfg = Release|Any CPU
		{EF78B4D0-6AA5-4A00-BE76-41A90106A1F2}.Ad-Hoc|ARM.Build.0 = Release|Any CPU
		{EF78B4D0-6AA5-4A00-BE76-41A90106A1F2}.Ad-Hoc|ARM.Deploy.0 = Release|Any CPU
		{EF78B4D0-6AA5-4A00-BE76-41A90106A1F2}.Ad-Hoc|iPhone.ActiveCfg = Release|Any CPU
		{EF78B4D0-6AA5-4A00-BE76-41A90106A1F2}.Ad-Hoc|iPhone.Build.0 = Release|Any CPU
		{EF78B4D0-6AA5-4A00-BE76-41A90106A1F2}.Ad-Hoc|iPhone.Deploy.0 = Release|Any CPU
		{EF78B4D0-6AA5-4A00-BE76-41A90106A1F2}.Ad-Hoc|iPhoneSimulator.ActiveCfg = Release|Any CPU
		{EF78B4D0-6AA5-4A00-BE76-41A90106A1F2}.Ad-Hoc|iPhoneSimulator.Build.0 = Release|Any CPU
		{EF78B4D0-6AA5-4A00-BE76-41A90106A1F2}.Ad-Hoc|iPhoneSimulator.Deploy.0 = Release|Any CPU
		{EF78B4D0-6AA5-4A00-BE76-41A90106A1F2}.Ad-Hoc|x64.ActiveCfg = Release|Any CPU
		{EF78B4D0-6AA5-4A00-BE76-41A90106A1F2}.Ad-Hoc|x64.Build.0 = Release|Any CPU
		{EF78B4D0-6AA5-4A00-BE76-41A90106A1F2}.Ad-Hoc|x64.Deploy.0 = Release|Any CPU
		{EF78B4D0-6AA5-4A00-BE76-41A90106A1F2}.Ad-Hoc|x86.ActiveCfg = Release|Any CPU
		{EF78B4D0-6AA5-4A00-BE76-41A90106A1F2}.Ad-Hoc|x86.Build.0 = Release|Any CPU
		{EF78B4D0-6AA5-4A00-BE76-41A90106A1F2}.Ad-Hoc|x86.Deploy.0 = Release|Any CPU
		{EF78B4D0-6AA5-4A00-BE76-41A90106A1F2}.AppStore|Any CPU.ActiveCfg = Release|Any CPU
		{EF78B4D0-6AA5-4A00-BE76-41A90106A1F2}.AppStore|Any CPU.Build.0 = Release|Any CPU
		{EF78B4D0-6AA5-4A00-BE76-41A90106A1F2}.AppStore|Any CPU.Deploy.0 = Release|Any CPU
		{EF78B4D0-6AA5-4A00-BE76-41A90106A1F2}.AppStore|ARM.ActiveCfg = Release|Any CPU
		{EF78B4D0-6AA5-4A00-BE76-41A90106A1F2}.AppStore|ARM.Build.0 = Release|Any CPU
		{EF78B4D0-6AA5-4A00-BE76-41A90106A1F2}.AppStore|ARM.Deploy.0 = Release|Any CPU
		{EF78B4D0-6AA5-4A00-BE76-41A90106A1F2}.AppStore|iPhone.ActiveCfg = Release|Any CPU
		{EF78B4D0-6AA5-4A00-BE76-41A90106A1F2}.AppStore|iPhone.Build.0 = Release|Any CPU
		{EF78B4D0-6AA5-4A00-BE76-41A90106A1F2}.AppStore|iPhone.Deploy.0 = Release|Any CPU
		{EF78B4D0-6AA5-4A00-BE76-41A90106A1F2}.AppStore|iPhoneSimulator.ActiveCfg = Release|Any CPU
		{EF78B4D0-6AA5-4A00-BE76-41A90106A1F2}.AppStore|iPhoneSimulator.Build.0 = Release|Any CPU
		{EF78B4D0-6AA5-4A00-BE76-41A90106A1F2}.AppStore|iPhoneSimulator.Deploy.0 = Release|Any CPU
		{EF78B4D0-6AA5-4A00-BE76-41A90106A1F2}.AppStore|x64.ActiveCfg = Release|Any CPU
		{EF78B4D0-6AA5-4A00-BE76-41A90106A1F2}.AppStore|x64.Build.0 = Release|Any CPU
		{EF78B4D0-6AA5-4A00-BE76-41A90106A1F2}.AppStore|x64.Deploy.0 = Release|Any CPU
		{EF78B4D0-6AA5-4A00-BE76-41A90106A1F2}.AppStore|x86.ActiveCfg = Release|Any CPU
		{EF78B4D0-6AA5-4A00-BE76-41A90106A1F2}.AppStore|x86.Build.0 = Release|Any CPU
		{EF78B4D0-6AA5-4A00-BE76-41A90106A1F2}.AppStore|x86.Deploy.0 = Release|Any CPU
		{EF78B4D0-6AA5-4A00-BE76-41A90106A1F2}.Debug|Any CPU.ActiveCfg = Debug|Any CPU
		{EF78B4D0-6AA5-4A00-BE76-41A90106A1F2}.Debug|Any CPU.Build.0 = Debug|Any CPU
		{EF78B4D0-6AA5-4A00-BE76-41A90106A1F2}.Debug|Any CPU.Deploy.0 = Debug|Any CPU
		{EF78B4D0-6AA5-4A00-BE76-41A90106A1F2}.Debug|ARM.ActiveCfg = Debug|Any CPU
		{EF78B4D0-6AA5-4A00-BE76-41A90106A1F2}.Debug|ARM.Build.0 = Debug|Any CPU
		{EF78B4D0-6AA5-4A00-BE76-41A90106A1F2}.Debug|ARM.Deploy.0 = Debug|Any CPU
		{EF78B4D0-6AA5-4A00-BE76-41A90106A1F2}.Debug|iPhone.ActiveCfg = Debug|Any CPU
		{EF78B4D0-6AA5-4A00-BE76-41A90106A1F2}.Debug|iPhone.Build.0 = Debug|Any CPU
		{EF78B4D0-6AA5-4A00-BE76-41A90106A1F2}.Debug|iPhone.Deploy.0 = Debug|Any CPU
		{EF78B4D0-6AA5-4A00-BE76-41A90106A1F2}.Debug|iPhoneSimulator.ActiveCfg = Debug|Any CPU
		{EF78B4D0-6AA5-4A00-BE76-41A90106A1F2}.Debug|iPhoneSimulator.Build.0 = Debug|Any CPU
		{EF78B4D0-6AA5-4A00-BE76-41A90106A1F2}.Debug|iPhoneSimulator.Deploy.0 = Debug|Any CPU
		{EF78B4D0-6AA5-4A00-BE76-41A90106A1F2}.Debug|x64.ActiveCfg = Debug|Any CPU
		{EF78B4D0-6AA5-4A00-BE76-41A90106A1F2}.Debug|x64.Build.0 = Debug|Any CPU
		{EF78B4D0-6AA5-4A00-BE76-41A90106A1F2}.Debug|x64.Deploy.0 = Debug|Any CPU
		{EF78B4D0-6AA5-4A00-BE76-41A90106A1F2}.Debug|x86.ActiveCfg = Debug|Any CPU
		{EF78B4D0-6AA5-4A00-BE76-41A90106A1F2}.Debug|x86.Build.0 = Debug|Any CPU
		{EF78B4D0-6AA5-4A00-BE76-41A90106A1F2}.Debug|x86.Deploy.0 = Debug|Any CPU
		{EF78B4D0-6AA5-4A00-BE76-41A90106A1F2}.Release|Any CPU.ActiveCfg = Release|Any CPU
		{EF78B4D0-6AA5-4A00-BE76-41A90106A1F2}.Release|Any CPU.Build.0 = Release|Any CPU
		{EF78B4D0-6AA5-4A00-BE76-41A90106A1F2}.Release|Any CPU.Deploy.0 = Release|Any CPU
		{EF78B4D0-6AA5-4A00-BE76-41A90106A1F2}.Release|ARM.ActiveCfg = Release|Any CPU
		{EF78B4D0-6AA5-4A00-BE76-41A90106A1F2}.Release|ARM.Build.0 = Release|Any CPU
		{EF78B4D0-6AA5-4A00-BE76-41A90106A1F2}.Release|ARM.Deploy.0 = Release|Any CPU
		{EF78B4D0-6AA5-4A00-BE76-41A90106A1F2}.Release|iPhone.ActiveCfg = Release|Any CPU
		{EF78B4D0-6AA5-4A00-BE76-41A90106A1F2}.Release|iPhone.Build.0 = Release|Any CPU
		{EF78B4D0-6AA5-4A00-BE76-41A90106A1F2}.Release|iPhone.Deploy.0 = Release|Any CPU
		{EF78B4D0-6AA5-4A00-BE76-41A90106A1F2}.Release|iPhoneSimulator.ActiveCfg = Release|Any CPU
		{EF78B4D0-6AA5-4A00-BE76-41A90106A1F2}.Release|iPhoneSimulator.Build.0 = Release|Any CPU
		{EF78B4D0-6AA5-4A00-BE76-41A90106A1F2}.Release|iPhoneSimulator.Deploy.0 = Release|Any CPU
		{EF78B4D0-6AA5-4A00-BE76-41A90106A1F2}.Release|x64.ActiveCfg = Release|Any CPU
		{EF78B4D0-6AA5-4A00-BE76-41A90106A1F2}.Release|x64.Build.0 = Release|Any CPU
		{EF78B4D0-6AA5-4A00-BE76-41A90106A1F2}.Release|x64.Deploy.0 = Release|Any CPU
		{EF78B4D0-6AA5-4A00-BE76-41A90106A1F2}.Release|x86.ActiveCfg = Release|Any CPU
		{EF78B4D0-6AA5-4A00-BE76-41A90106A1F2}.Release|x86.Build.0 = Release|Any CPU
		{EF78B4D0-6AA5-4A00-BE76-41A90106A1F2}.Release|x86.Deploy.0 = Release|Any CPU
		{3E5D05A2-C4CC-48DB-85C3-8A10DAC5FBAE}.Ad-Hoc|Any CPU.ActiveCfg = Ad-Hoc|iPhone
		{3E5D05A2-C4CC-48DB-85C3-8A10DAC5FBAE}.Ad-Hoc|Any CPU.Build.0 = Ad-Hoc|iPhone
		{3E5D05A2-C4CC-48DB-85C3-8A10DAC5FBAE}.Ad-Hoc|Any CPU.Deploy.0 = Ad-Hoc|iPhone
		{3E5D05A2-C4CC-48DB-85C3-8A10DAC5FBAE}.Ad-Hoc|ARM.ActiveCfg = Ad-Hoc|iPhone
		{3E5D05A2-C4CC-48DB-85C3-8A10DAC5FBAE}.Ad-Hoc|ARM.Build.0 = Ad-Hoc|iPhone
		{3E5D05A2-C4CC-48DB-85C3-8A10DAC5FBAE}.Ad-Hoc|ARM.Deploy.0 = Ad-Hoc|iPhone
		{3E5D05A2-C4CC-48DB-85C3-8A10DAC5FBAE}.Ad-Hoc|iPhone.ActiveCfg = Ad-Hoc|iPhone
		{3E5D05A2-C4CC-48DB-85C3-8A10DAC5FBAE}.Ad-Hoc|iPhone.Build.0 = Ad-Hoc|iPhone
		{3E5D05A2-C4CC-48DB-85C3-8A10DAC5FBAE}.Ad-Hoc|iPhone.Deploy.0 = Ad-Hoc|iPhone
		{3E5D05A2-C4CC-48DB-85C3-8A10DAC5FBAE}.Ad-Hoc|iPhoneSimulator.ActiveCfg = Ad-Hoc|iPhoneSimulator
		{3E5D05A2-C4CC-48DB-85C3-8A10DAC5FBAE}.Ad-Hoc|iPhoneSimulator.Build.0 = Ad-Hoc|iPhoneSimulator
		{3E5D05A2-C4CC-48DB-85C3-8A10DAC5FBAE}.Ad-Hoc|iPhoneSimulator.Deploy.0 = Ad-Hoc|iPhoneSimulator
		{3E5D05A2-C4CC-48DB-85C3-8A10DAC5FBAE}.Ad-Hoc|x64.ActiveCfg = Ad-Hoc|iPhone
		{3E5D05A2-C4CC-48DB-85C3-8A10DAC5FBAE}.Ad-Hoc|x64.Build.0 = Ad-Hoc|iPhone
		{3E5D05A2-C4CC-48DB-85C3-8A10DAC5FBAE}.Ad-Hoc|x64.Deploy.0 = Ad-Hoc|iPhone
		{3E5D05A2-C4CC-48DB-85C3-8A10DAC5FBAE}.Ad-Hoc|x86.ActiveCfg = Ad-Hoc|iPhone
		{3E5D05A2-C4CC-48DB-85C3-8A10DAC5FBAE}.Ad-Hoc|x86.Build.0 = Ad-Hoc|iPhone
		{3E5D05A2-C4CC-48DB-85C3-8A10DAC5FBAE}.Ad-Hoc|x86.Deploy.0 = Ad-Hoc|iPhone
		{3E5D05A2-C4CC-48DB-85C3-8A10DAC5FBAE}.AppStore|Any CPU.ActiveCfg = AppStore|iPhone
		{3E5D05A2-C4CC-48DB-85C3-8A10DAC5FBAE}.AppStore|Any CPU.Build.0 = AppStore|iPhone
		{3E5D05A2-C4CC-48DB-85C3-8A10DAC5FBAE}.AppStore|Any CPU.Deploy.0 = AppStore|iPhone
		{3E5D05A2-C4CC-48DB-85C3-8A10DAC5FBAE}.AppStore|ARM.ActiveCfg = AppStore|iPhone
		{3E5D05A2-C4CC-48DB-85C3-8A10DAC5FBAE}.AppStore|ARM.Build.0 = AppStore|iPhone
		{3E5D05A2-C4CC-48DB-85C3-8A10DAC5FBAE}.AppStore|ARM.Deploy.0 = AppStore|iPhone
		{3E5D05A2-C4CC-48DB-85C3-8A10DAC5FBAE}.AppStore|iPhone.ActiveCfg = AppStore|iPhone
		{3E5D05A2-C4CC-48DB-85C3-8A10DAC5FBAE}.AppStore|iPhone.Build.0 = AppStore|iPhone
		{3E5D05A2-C4CC-48DB-85C3-8A10DAC5FBAE}.AppStore|iPhone.Deploy.0 = AppStore|iPhone
		{3E5D05A2-C4CC-48DB-85C3-8A10DAC5FBAE}.AppStore|iPhoneSimulator.ActiveCfg = AppStore|iPhoneSimulator
		{3E5D05A2-C4CC-48DB-85C3-8A10DAC5FBAE}.AppStore|iPhoneSimulator.Build.0 = AppStore|iPhoneSimulator
		{3E5D05A2-C4CC-48DB-85C3-8A10DAC5FBAE}.AppStore|iPhoneSimulator.Deploy.0 = AppStore|iPhoneSimulator
		{3E5D05A2-C4CC-48DB-85C3-8A10DAC5FBAE}.AppStore|x64.ActiveCfg = AppStore|iPhone
		{3E5D05A2-C4CC-48DB-85C3-8A10DAC5FBAE}.AppStore|x64.Build.0 = AppStore|iPhone
		{3E5D05A2-C4CC-48DB-85C3-8A10DAC5FBAE}.AppStore|x64.Deploy.0 = AppStore|iPhone
		{3E5D05A2-C4CC-48DB-85C3-8A10DAC5FBAE}.AppStore|x86.ActiveCfg = AppStore|iPhone
		{3E5D05A2-C4CC-48DB-85C3-8A10DAC5FBAE}.AppStore|x86.Build.0 = AppStore|iPhone
		{3E5D05A2-C4CC-48DB-85C3-8A10DAC5FBAE}.AppStore|x86.Deploy.0 = AppStore|iPhone
		{3E5D05A2-C4CC-48DB-85C3-8A10DAC5FBAE}.Debug|Any CPU.ActiveCfg = Debug|iPhoneSimulator
		{3E5D05A2-C4CC-48DB-85C3-8A10DAC5FBAE}.Debug|Any CPU.Build.0 = Debug|iPhoneSimulator
		{3E5D05A2-C4CC-48DB-85C3-8A10DAC5FBAE}.Debug|Any CPU.Deploy.0 = Debug|iPhoneSimulator
		{3E5D05A2-C4CC-48DB-85C3-8A10DAC5FBAE}.Debug|ARM.ActiveCfg = Debug|iPhone
		{3E5D05A2-C4CC-48DB-85C3-8A10DAC5FBAE}.Debug|ARM.Build.0 = Debug|iPhone
		{3E5D05A2-C4CC-48DB-85C3-8A10DAC5FBAE}.Debug|ARM.Deploy.0 = Debug|iPhone
		{3E5D05A2-C4CC-48DB-85C3-8A10DAC5FBAE}.Debug|iPhone.ActiveCfg = Debug|iPhone
		{3E5D05A2-C4CC-48DB-85C3-8A10DAC5FBAE}.Debug|iPhone.Build.0 = Debug|iPhone
		{3E5D05A2-C4CC-48DB-85C3-8A10DAC5FBAE}.Debug|iPhone.Deploy.0 = Debug|iPhone
		{3E5D05A2-C4CC-48DB-85C3-8A10DAC5FBAE}.Debug|iPhoneSimulator.ActiveCfg = Debug|iPhoneSimulator
		{3E5D05A2-C4CC-48DB-85C3-8A10DAC5FBAE}.Debug|iPhoneSimulator.Build.0 = Debug|iPhoneSimulator
		{3E5D05A2-C4CC-48DB-85C3-8A10DAC5FBAE}.Debug|iPhoneSimulator.Deploy.0 = Debug|iPhoneSimulator
		{3E5D05A2-C4CC-48DB-85C3-8A10DAC5FBAE}.Debug|x64.ActiveCfg = Debug|iPhone
		{3E5D05A2-C4CC-48DB-85C3-8A10DAC5FBAE}.Debug|x64.Build.0 = Debug|iPhone
		{3E5D05A2-C4CC-48DB-85C3-8A10DAC5FBAE}.Debug|x64.Deploy.0 = Debug|iPhone
		{3E5D05A2-C4CC-48DB-85C3-8A10DAC5FBAE}.Debug|x86.ActiveCfg = Debug|iPhone
		{3E5D05A2-C4CC-48DB-85C3-8A10DAC5FBAE}.Debug|x86.Build.0 = Debug|iPhone
		{3E5D05A2-C4CC-48DB-85C3-8A10DAC5FBAE}.Debug|x86.Deploy.0 = Debug|iPhone
		{3E5D05A2-C4CC-48DB-85C3-8A10DAC5FBAE}.Release|Any CPU.ActiveCfg = Release|iPhone
		{3E5D05A2-C4CC-48DB-85C3-8A10DAC5FBAE}.Release|Any CPU.Build.0 = Release|iPhone
		{3E5D05A2-C4CC-48DB-85C3-8A10DAC5FBAE}.Release|Any CPU.Deploy.0 = Release|iPhone
		{3E5D05A2-C4CC-48DB-85C3-8A10DAC5FBAE}.Release|ARM.ActiveCfg = Release|iPhone
		{3E5D05A2-C4CC-48DB-85C3-8A10DAC5FBAE}.Release|ARM.Build.0 = Release|iPhone
		{3E5D05A2-C4CC-48DB-85C3-8A10DAC5FBAE}.Release|ARM.Deploy.0 = Release|iPhone
		{3E5D05A2-C4CC-48DB-85C3-8A10DAC5FBAE}.Release|iPhone.ActiveCfg = Release|iPhone
		{3E5D05A2-C4CC-48DB-85C3-8A10DAC5FBAE}.Release|iPhone.Build.0 = Release|iPhone
		{3E5D05A2-C4CC-48DB-85C3-8A10DAC5FBAE}.Release|iPhone.Deploy.0 = Release|iPhone
		{3E5D05A2-C4CC-48DB-85C3-8A10DAC5FBAE}.Release|iPhoneSimulator.ActiveCfg = Release|iPhoneSimulator
		{3E5D05A2-C4CC-48DB-85C3-8A10DAC5FBAE}.Release|iPhoneSimulator.Build.0 = Release|iPhoneSimulator
		{3E5D05A2-C4CC-48DB-85C3-8A10DAC5FBAE}.Release|iPhoneSimulator.Deploy.0 = Release|iPhoneSimulator
		{3E5D05A2-C4CC-48DB-85C3-8A10DAC5FBAE}.Release|x64.ActiveCfg = Release|iPhone
		{3E5D05A2-C4CC-48DB-85C3-8A10DAC5FBAE}.Release|x64.Build.0 = Release|iPhone
		{3E5D05A2-C4CC-48DB-85C3-8A10DAC5FBAE}.Release|x64.Deploy.0 = Release|iPhone
		{3E5D05A2-C4CC-48DB-85C3-8A10DAC5FBAE}.Release|x86.ActiveCfg = Release|iPhone
		{3E5D05A2-C4CC-48DB-85C3-8A10DAC5FBAE}.Release|x86.Build.0 = Release|iPhone
		{3E5D05A2-C4CC-48DB-85C3-8A10DAC5FBAE}.Release|x86.Deploy.0 = Release|iPhone
		{1A2F63FA-BB5E-43F7-9E03-29F049A854BA}.Ad-Hoc|Any CPU.ActiveCfg = Release|x86
		{1A2F63FA-BB5E-43F7-9E03-29F049A854BA}.Ad-Hoc|Any CPU.Build.0 = Release|x86
		{1A2F63FA-BB5E-43F7-9E03-29F049A854BA}.Ad-Hoc|Any CPU.Deploy.0 = Release|x86
		{1A2F63FA-BB5E-43F7-9E03-29F049A854BA}.Ad-Hoc|ARM.ActiveCfg = Release|ARM
		{1A2F63FA-BB5E-43F7-9E03-29F049A854BA}.Ad-Hoc|ARM.Build.0 = Release|ARM
		{1A2F63FA-BB5E-43F7-9E03-29F049A854BA}.Ad-Hoc|ARM.Deploy.0 = Release|ARM
		{1A2F63FA-BB5E-43F7-9E03-29F049A854BA}.Ad-Hoc|iPhone.ActiveCfg = Release|x86
		{1A2F63FA-BB5E-43F7-9E03-29F049A854BA}.Ad-Hoc|iPhone.Build.0 = Release|x86
		{1A2F63FA-BB5E-43F7-9E03-29F049A854BA}.Ad-Hoc|iPhone.Deploy.0 = Release|x86
		{1A2F63FA-BB5E-43F7-9E03-29F049A854BA}.Ad-Hoc|iPhoneSimulator.ActiveCfg = Release|x86
		{1A2F63FA-BB5E-43F7-9E03-29F049A854BA}.Ad-Hoc|iPhoneSimulator.Build.0 = Release|x86
		{1A2F63FA-BB5E-43F7-9E03-29F049A854BA}.Ad-Hoc|iPhoneSimulator.Deploy.0 = Release|x86
		{1A2F63FA-BB5E-43F7-9E03-29F049A854BA}.Ad-Hoc|x64.ActiveCfg = Release|x64
		{1A2F63FA-BB5E-43F7-9E03-29F049A854BA}.Ad-Hoc|x64.Build.0 = Release|x64
		{1A2F63FA-BB5E-43F7-9E03-29F049A854BA}.Ad-Hoc|x64.Deploy.0 = Release|x64
		{1A2F63FA-BB5E-43F7-9E03-29F049A854BA}.Ad-Hoc|x86.ActiveCfg = Release|x86
		{1A2F63FA-BB5E-43F7-9E03-29F049A854BA}.Ad-Hoc|x86.Build.0 = Release|x86
		{1A2F63FA-BB5E-43F7-9E03-29F049A854BA}.Ad-Hoc|x86.Deploy.0 = Release|x86
		{1A2F63FA-BB5E-43F7-9E03-29F049A854BA}.AppStore|Any CPU.ActiveCfg = Release|x86
		{1A2F63FA-BB5E-43F7-9E03-29F049A854BA}.AppStore|Any CPU.Build.0 = Release|x86
		{1A2F63FA-BB5E-43F7-9E03-29F049A854BA}.AppStore|Any CPU.Deploy.0 = Release|x86
		{1A2F63FA-BB5E-43F7-9E03-29F049A854BA}.AppStore|ARM.ActiveCfg = Release|ARM
		{1A2F63FA-BB5E-43F7-9E03-29F049A854BA}.AppStore|ARM.Build.0 = Release|ARM
		{1A2F63FA-BB5E-43F7-9E03-29F049A854BA}.AppStore|ARM.Deploy.0 = Release|ARM
		{1A2F63FA-BB5E-43F7-9E03-29F049A854BA}.AppStore|iPhone.ActiveCfg = Release|x86
		{1A2F63FA-BB5E-43F7-9E03-29F049A854BA}.AppStore|iPhone.Build.0 = Release|x86
		{1A2F63FA-BB5E-43F7-9E03-29F049A854BA}.AppStore|iPhone.Deploy.0 = Release|x86
		{1A2F63FA-BB5E-43F7-9E03-29F049A854BA}.AppStore|iPhoneSimulator.ActiveCfg = Release|x86
		{1A2F63FA-BB5E-43F7-9E03-29F049A854BA}.AppStore|iPhoneSimulator.Build.0 = Release|x86
		{1A2F63FA-BB5E-43F7-9E03-29F049A854BA}.AppStore|iPhoneSimulator.Deploy.0 = Release|x86
		{1A2F63FA-BB5E-43F7-9E03-29F049A854BA}.AppStore|x64.ActiveCfg = Release|x64
		{1A2F63FA-BB5E-43F7-9E03-29F049A854BA}.AppStore|x64.Build.0 = Release|x64
		{1A2F63FA-BB5E-43F7-9E03-29F049A854BA}.AppStore|x64.Deploy.0 = Release|x64
		{1A2F63FA-BB5E-43F7-9E03-29F049A854BA}.AppStore|x86.ActiveCfg = Release|x86
		{1A2F63FA-BB5E-43F7-9E03-29F049A854BA}.AppStore|x86.Build.0 = Release|x86
		{1A2F63FA-BB5E-43F7-9E03-29F049A854BA}.AppStore|x86.Deploy.0 = Release|x86
		{1A2F63FA-BB5E-43F7-9E03-29F049A854BA}.Debug|Any CPU.ActiveCfg = Debug|x86
		{1A2F63FA-BB5E-43F7-9E03-29F049A854BA}.Debug|Any CPU.Build.0 = Debug|x86
		{1A2F63FA-BB5E-43F7-9E03-29F049A854BA}.Debug|Any CPU.Deploy.0 = Debug|x86
		{1A2F63FA-BB5E-43F7-9E03-29F049A854BA}.Debug|ARM.ActiveCfg = Debug|ARM
		{1A2F63FA-BB5E-43F7-9E03-29F049A854BA}.Debug|ARM.Build.0 = Debug|ARM
		{1A2F63FA-BB5E-43F7-9E03-29F049A854BA}.Debug|ARM.Deploy.0 = Debug|ARM
		{1A2F63FA-BB5E-43F7-9E03-29F049A854BA}.Debug|iPhone.ActiveCfg = Debug|x86
		{1A2F63FA-BB5E-43F7-9E03-29F049A854BA}.Debug|iPhone.Build.0 = Debug|x86
		{1A2F63FA-BB5E-43F7-9E03-29F049A854BA}.Debug|iPhone.Deploy.0 = Debug|x86
		{1A2F63FA-BB5E-43F7-9E03-29F049A854BA}.Debug|iPhoneSimulator.ActiveCfg = Debug|x86
		{1A2F63FA-BB5E-43F7-9E03-29F049A854BA}.Debug|iPhoneSimulator.Build.0 = Debug|x86
		{1A2F63FA-BB5E-43F7-9E03-29F049A854BA}.Debug|iPhoneSimulator.Deploy.0 = Debug|x86
		{1A2F63FA-BB5E-43F7-9E03-29F049A854BA}.Debug|x64.ActiveCfg = Debug|x64
		{1A2F63FA-BB5E-43F7-9E03-29F049A854BA}.Debug|x64.Build.0 = Debug|x64
		{1A2F63FA-BB5E-43F7-9E03-29F049A854BA}.Debug|x64.Deploy.0 = Debug|x64
		{1A2F63FA-BB5E-43F7-9E03-29F049A854BA}.Debug|x86.ActiveCfg = Debug|x86
		{1A2F63FA-BB5E-43F7-9E03-29F049A854BA}.Debug|x86.Build.0 = Debug|x86
		{1A2F63FA-BB5E-43F7-9E03-29F049A854BA}.Debug|x86.Deploy.0 = Debug|x86
		{1A2F63FA-BB5E-43F7-9E03-29F049A854BA}.Release|Any CPU.ActiveCfg = Release|x86
		{1A2F63FA-BB5E-43F7-9E03-29F049A854BA}.Release|Any CPU.Build.0 = Release|x86
		{1A2F63FA-BB5E-43F7-9E03-29F049A854BA}.Release|Any CPU.Deploy.0 = Release|x86
		{1A2F63FA-BB5E-43F7-9E03-29F049A854BA}.Release|ARM.ActiveCfg = Release|ARM
		{1A2F63FA-BB5E-43F7-9E03-29F049A854BA}.Release|ARM.Build.0 = Release|ARM
		{1A2F63FA-BB5E-43F7-9E03-29F049A854BA}.Release|ARM.Deploy.0 = Release|ARM
		{1A2F63FA-BB5E-43F7-9E03-29F049A854BA}.Release|iPhone.ActiveCfg = Release|x86
		{1A2F63FA-BB5E-43F7-9E03-29F049A854BA}.Release|iPhone.Build.0 = Release|x86
		{1A2F63FA-BB5E-43F7-9E03-29F049A854BA}.Release|iPhone.Deploy.0 = Release|x86
		{1A2F63FA-BB5E-43F7-9E03-29F049A854BA}.Release|iPhoneSimulator.ActiveCfg = Release|x86
		{1A2F63FA-BB5E-43F7-9E03-29F049A854BA}.Release|iPhoneSimulator.Build.0 = Release|x86
		{1A2F63FA-BB5E-43F7-9E03-29F049A854BA}.Release|iPhoneSimulator.Deploy.0 = Release|x86
		{1A2F63FA-BB5E-43F7-9E03-29F049A854BA}.Release|x64.ActiveCfg = Release|x64
		{1A2F63FA-BB5E-43F7-9E03-29F049A854BA}.Release|x64.Build.0 = Release|x64
		{1A2F63FA-BB5E-43F7-9E03-29F049A854BA}.Release|x64.Deploy.0 = Release|x64
		{1A2F63FA-BB5E-43F7-9E03-29F049A854BA}.Release|x86.ActiveCfg = Release|x86
		{1A2F63FA-BB5E-43F7-9E03-29F049A854BA}.Release|x86.Build.0 = Release|x86
		{1A2F63FA-BB5E-43F7-9E03-29F049A854BA}.Release|x86.Deploy.0 = Release|x86
		{89216C2F-D3AB-4438-AEAE-416786934A2B}.Ad-Hoc|Any CPU.ActiveCfg = Debug|Any CPU
		{89216C2F-D3AB-4438-AEAE-416786934A2B}.Ad-Hoc|Any CPU.Build.0 = Debug|Any CPU
		{89216C2F-D3AB-4438-AEAE-416786934A2B}.Ad-Hoc|Any CPU.Deploy.0 = Debug|Any CPU
		{89216C2F-D3AB-4438-AEAE-416786934A2B}.Ad-Hoc|ARM.ActiveCfg = Debug|Any CPU
		{89216C2F-D3AB-4438-AEAE-416786934A2B}.Ad-Hoc|ARM.Build.0 = Debug|Any CPU
		{89216C2F-D3AB-4438-AEAE-416786934A2B}.Ad-Hoc|ARM.Deploy.0 = Debug|Any CPU
		{89216C2F-D3AB-4438-AEAE-416786934A2B}.Ad-Hoc|iPhone.ActiveCfg = Debug|Any CPU
		{89216C2F-D3AB-4438-AEAE-416786934A2B}.Ad-Hoc|iPhone.Build.0 = Debug|Any CPU
		{89216C2F-D3AB-4438-AEAE-416786934A2B}.Ad-Hoc|iPhone.Deploy.0 = Debug|Any CPU
		{89216C2F-D3AB-4438-AEAE-416786934A2B}.Ad-Hoc|iPhoneSimulator.ActiveCfg = Debug|Any CPU
		{89216C2F-D3AB-4438-AEAE-416786934A2B}.Ad-Hoc|iPhoneSimulator.Build.0 = Debug|Any CPU
		{89216C2F-D3AB-4438-AEAE-416786934A2B}.Ad-Hoc|iPhoneSimulator.Deploy.0 = Debug|Any CPU
		{89216C2F-D3AB-4438-AEAE-416786934A2B}.Ad-Hoc|x64.ActiveCfg = Debug|Any CPU
		{89216C2F-D3AB-4438-AEAE-416786934A2B}.Ad-Hoc|x64.Build.0 = Debug|Any CPU
		{89216C2F-D3AB-4438-AEAE-416786934A2B}.Ad-Hoc|x64.Deploy.0 = Debug|Any CPU
		{89216C2F-D3AB-4438-AEAE-416786934A2B}.Ad-Hoc|x86.ActiveCfg = Debug|Any CPU
		{89216C2F-D3AB-4438-AEAE-416786934A2B}.Ad-Hoc|x86.Build.0 = Debug|Any CPU
		{89216C2F-D3AB-4438-AEAE-416786934A2B}.Ad-Hoc|x86.Deploy.0 = Debug|Any CPU
		{89216C2F-D3AB-4438-AEAE-416786934A2B}.AppStore|Any CPU.ActiveCfg = Debug|Any CPU
		{89216C2F-D3AB-4438-AEAE-416786934A2B}.AppStore|Any CPU.Build.0 = Debug|Any CPU
		{89216C2F-D3AB-4438-AEAE-416786934A2B}.AppStore|Any CPU.Deploy.0 = Debug|Any CPU
		{89216C2F-D3AB-4438-AEAE-416786934A2B}.AppStore|ARM.ActiveCfg = Debug|Any CPU
		{89216C2F-D3AB-4438-AEAE-416786934A2B}.AppStore|ARM.Build.0 = Debug|Any CPU
		{89216C2F-D3AB-4438-AEAE-416786934A2B}.AppStore|ARM.Deploy.0 = Debug|Any CPU
		{89216C2F-D3AB-4438-AEAE-416786934A2B}.AppStore|iPhone.ActiveCfg = Debug|Any CPU
		{89216C2F-D3AB-4438-AEAE-416786934A2B}.AppStore|iPhone.Build.0 = Debug|Any CPU
		{89216C2F-D3AB-4438-AEAE-416786934A2B}.AppStore|iPhone.Deploy.0 = Debug|Any CPU
		{89216C2F-D3AB-4438-AEAE-416786934A2B}.AppStore|iPhoneSimulator.ActiveCfg = Debug|Any CPU
		{89216C2F-D3AB-4438-AEAE-416786934A2B}.AppStore|iPhoneSimulator.Build.0 = Debug|Any CPU
		{89216C2F-D3AB-4438-AEAE-416786934A2B}.AppStore|iPhoneSimulator.Deploy.0 = Debug|Any CPU
		{89216C2F-D3AB-4438-AEAE-416786934A2B}.AppStore|x64.ActiveCfg = Debug|Any CPU
		{89216C2F-D3AB-4438-AEAE-416786934A2B}.AppStore|x64.Build.0 = Debug|Any CPU
		{89216C2F-D3AB-4438-AEAE-416786934A2B}.AppStore|x64.Deploy.0 = Debug|Any CPU
		{89216C2F-D3AB-4438-AEAE-416786934A2B}.AppStore|x86.ActiveCfg = Debug|Any CPU
		{89216C2F-D3AB-4438-AEAE-416786934A2B}.AppStore|x86.Build.0 = Debug|Any CPU
		{89216C2F-D3AB-4438-AEAE-416786934A2B}.AppStore|x86.Deploy.0 = Debug|Any CPU
		{89216C2F-D3AB-4438-AEAE-416786934A2B}.Debug|Any CPU.ActiveCfg = Debug|Any CPU
		{89216C2F-D3AB-4438-AEAE-416786934A2B}.Debug|Any CPU.Build.0 = Debug|Any CPU
		{89216C2F-D3AB-4438-AEAE-416786934A2B}.Debug|Any CPU.Deploy.0 = Debug|Any CPU
		{89216C2F-D3AB-4438-AEAE-416786934A2B}.Debug|ARM.ActiveCfg = Debug|Any CPU
		{89216C2F-D3AB-4438-AEAE-416786934A2B}.Debug|ARM.Build.0 = Debug|Any CPU
		{89216C2F-D3AB-4438-AEAE-416786934A2B}.Debug|ARM.Deploy.0 = Debug|Any CPU
		{89216C2F-D3AB-4438-AEAE-416786934A2B}.Debug|iPhone.ActiveCfg = Debug|Any CPU
		{89216C2F-D3AB-4438-AEAE-416786934A2B}.Debug|iPhone.Build.0 = Debug|Any CPU
		{89216C2F-D3AB-4438-AEAE-416786934A2B}.Debug|iPhone.Deploy.0 = Debug|Any CPU
		{89216C2F-D3AB-4438-AEAE-416786934A2B}.Debug|iPhoneSimulator.ActiveCfg = Debug|Any CPU
		{89216C2F-D3AB-4438-AEAE-416786934A2B}.Debug|iPhoneSimulator.Build.0 = Debug|Any CPU
		{89216C2F-D3AB-4438-AEAE-416786934A2B}.Debug|iPhoneSimulator.Deploy.0 = Debug|Any CPU
		{89216C2F-D3AB-4438-AEAE-416786934A2B}.Debug|x64.ActiveCfg = Debug|Any CPU
		{89216C2F-D3AB-4438-AEAE-416786934A2B}.Debug|x64.Build.0 = Debug|Any CPU
		{89216C2F-D3AB-4438-AEAE-416786934A2B}.Debug|x64.Deploy.0 = Debug|Any CPU
		{89216C2F-D3AB-4438-AEAE-416786934A2B}.Debug|x86.ActiveCfg = Debug|Any CPU
		{89216C2F-D3AB-4438-AEAE-416786934A2B}.Debug|x86.Build.0 = Debug|Any CPU
		{89216C2F-D3AB-4438-AEAE-416786934A2B}.Debug|x86.Deploy.0 = Debug|Any CPU
		{89216C2F-D3AB-4438-AEAE-416786934A2B}.Release|Any CPU.ActiveCfg = Release|Any CPU
		{89216C2F-D3AB-4438-AEAE-416786934A2B}.Release|Any CPU.Build.0 = Release|Any CPU
		{89216C2F-D3AB-4438-AEAE-416786934A2B}.Release|Any CPU.Deploy.0 = Release|Any CPU
		{89216C2F-D3AB-4438-AEAE-416786934A2B}.Release|ARM.ActiveCfg = Release|Any CPU
		{89216C2F-D3AB-4438-AEAE-416786934A2B}.Release|ARM.Build.0 = Release|Any CPU
		{89216C2F-D3AB-4438-AEAE-416786934A2B}.Release|ARM.Deploy.0 = Release|Any CPU
		{89216C2F-D3AB-4438-AEAE-416786934A2B}.Release|iPhone.ActiveCfg = Release|Any CPU
		{89216C2F-D3AB-4438-AEAE-416786934A2B}.Release|iPhone.Build.0 = Release|Any CPU
		{89216C2F-D3AB-4438-AEAE-416786934A2B}.Release|iPhone.Deploy.0 = Release|Any CPU
		{89216C2F-D3AB-4438-AEAE-416786934A2B}.Release|iPhoneSimulator.ActiveCfg = Release|Any CPU
		{89216C2F-D3AB-4438-AEAE-416786934A2B}.Release|iPhoneSimulator.Build.0 = Release|Any CPU
		{89216C2F-D3AB-4438-AEAE-416786934A2B}.Release|iPhoneSimulator.Deploy.0 = Release|Any CPU
		{89216C2F-D3AB-4438-AEAE-416786934A2B}.Release|x64.ActiveCfg = Release|Any CPU
		{89216C2F-D3AB-4438-AEAE-416786934A2B}.Release|x64.Build.0 = Release|Any CPU
		{89216C2F-D3AB-4438-AEAE-416786934A2B}.Release|x64.Deploy.0 = Release|Any CPU
		{89216C2F-D3AB-4438-AEAE-416786934A2B}.Release|x86.ActiveCfg = Release|Any CPU
		{89216C2F-D3AB-4438-AEAE-416786934A2B}.Release|x86.Build.0 = Release|Any CPU
		{89216C2F-D3AB-4438-AEAE-416786934A2B}.Release|x86.Deploy.0 = Release|Any CPU
	EndGlobalSection
	GlobalSection(SolutionProperties) = preSolution
		HideSolutionNode = FALSE
	EndGlobalSection
	GlobalSection(ExtensibilityGlobals) = postSolution
		SolutionGuid = {42025C8D-21AD-433C-B1EF-ED0771FC8838}
	EndGlobalSection
EndGlobal
