
Microsoft Visual Studio Solution File, Format Version 12.00
# Visual Studio 15
VisualStudioVersion = 15.0.28307.757
MinimumVisualStudioVersion = 10.0.40219.1
Project("{FAE04EC0-301F-11D3-BF4B-00C04F79EFBC}") = "Calculadora_Soap.Android", "Calculadora_Soap\Calculadora_Soap.Android\Calculadora_Soap.Android.csproj", "{1D16FF48-E8EA-4EEF-A3A4-7913FB6B8FD7}"
EndProject
Project("{FAE04EC0-301F-11D3-BF4B-00C04F79EFBC}") = "Calculadora_Soap.iOS", "Calculadora_Soap\Calculadora_Soap.iOS\Calculadora_Soap.iOS.csproj", "{A4B17FDC-2797-4FAF-9F1C-8A55CC416A19}"
EndProject
Project("{FAE04EC0-301F-11D3-BF4B-00C04F79EFBC}") = "Calculadora_Soap.UWP", "Calculadora_Soap\Calculadora_Soap.UWP\Calculadora_Soap.UWP.csproj", "{92CED935-5579-4286-B079-414E29ED2431}"
EndProject
Project("{FAE04EC0-301F-11D3-BF4B-00C04F79EFBC}") = "Calculadora_Soap", "Calculadora_Soap\Calculadora_Soap\Calculadora_Soap.csproj", "{8FF87E10-B2E8-4E01-9643-659A08DAF969}"
EndProject
Global
	GlobalSection(SolutionConfigurationPlatforms) = preSolution
		Ad-Hoc|Any CPU = Ad-Hoc|Any CPU
		Ad-Hoc|ARM = Ad-Hoc|ARM
		Ad-Hoc|iPhone = Ad-Hoc|iPhone
		Ad-Hoc|iPhoneSimulator = Ad-Hoc|iPhoneSimulator
		Ad-Hoc|x64 = Ad-Hoc|x64
		Ad-Hoc|x86 = Ad-Hoc|x86
		AppStore|Any CPU = AppStore|Any CPU
		AppStore|ARM = AppStore|ARM
		AppStore|iPhone = AppStore|iPhone
		AppStore|iPhoneSimulator = AppStore|iPhoneSimulator
		AppStore|x64 = AppStore|x64
		AppStore|x86 = AppStore|x86
		Debug|Any CPU = Debug|Any CPU
		Debug|ARM = Debug|ARM
		Debug|iPhone = Debug|iPhone
		Debug|iPhoneSimulator = Debug|iPhoneSimulator
		Debug|x64 = Debug|x64
		Debug|x86 = Debug|x86
		Release|Any CPU = Release|Any CPU
		Release|ARM = Release|ARM
		Release|iPhone = Release|iPhone
		Release|iPhoneSimulator = Release|iPhoneSimulator
		Release|x64 = Release|x64
		Release|x86 = Release|x86
	EndGlobalSection
	GlobalSection(ProjectConfigurationPlatforms) = postSolution
		{1D16FF48-E8EA-4EEF-A3A4-7913FB6B8FD7}.Ad-Hoc|Any CPU.ActiveCfg = Release|Any CPU
		{1D16FF48-E8EA-4EEF-A3A4-7913FB6B8FD7}.Ad-Hoc|Any CPU.Build.0 = Release|Any CPU
		{1D16FF48-E8EA-4EEF-A3A4-7913FB6B8FD7}.Ad-Hoc|Any CPU.Deploy.0 = Release|Any CPU
		{1D16FF48-E8EA-4EEF-A3A4-7913FB6B8FD7}.Ad-Hoc|ARM.ActiveCfg = Release|Any CPU
		{1D16FF48-E8EA-4EEF-A3A4-7913FB6B8FD7}.Ad-Hoc|ARM.Build.0 = Release|Any CPU
		{1D16FF48-E8EA-4EEF-A3A4-7913FB6B8FD7}.Ad-Hoc|ARM.Deploy.0 = Release|Any CPU
		{1D16FF48-E8EA-4EEF-A3A4-7913FB6B8FD7}.Ad-Hoc|iPhone.ActiveCfg = Release|Any CPU
		{1D16FF48-E8EA-4EEF-A3A4-7913FB6B8FD7}.Ad-Hoc|iPhone.Build.0 = Release|Any CPU
		{1D16FF48-E8EA-4EEF-A3A4-7913FB6B8FD7}.Ad-Hoc|iPhone.Deploy.0 = Release|Any CPU
		{1D16FF48-E8EA-4EEF-A3A4-7913FB6B8FD7}.Ad-Hoc|iPhoneSimulator.ActiveCfg = Release|Any CPU
		{1D16FF48-E8EA-4EEF-A3A4-7913FB6B8FD7}.Ad-Hoc|iPhoneSimulator.Build.0 = Release|Any CPU
		{1D16FF48-E8EA-4EEF-A3A4-7913FB6B8FD7}.Ad-Hoc|iPhoneSimulator.Deploy.0 = Release|Any CPU
		{1D16FF48-E8EA-4EEF-A3A4-7913FB6B8FD7}.Ad-Hoc|x64.ActiveCfg = Release|Any CPU
		{1D16FF48-E8EA-4EEF-A3A4-7913FB6B8FD7}.Ad-Hoc|x64.Build.0 = Release|Any CPU
		{1D16FF48-E8EA-4EEF-A3A4-7913FB6B8FD7}.Ad-Hoc|x64.Deploy.0 = Release|Any CPU
		{1D16FF48-E8EA-4EEF-A3A4-7913FB6B8FD7}.Ad-Hoc|x86.ActiveCfg = Release|Any CPU
		{1D16FF48-E8EA-4EEF-A3A4-7913FB6B8FD7}.Ad-Hoc|x86.Build.0 = Release|Any CPU
		{1D16FF48-E8EA-4EEF-A3A4-7913FB6B8FD7}.Ad-Hoc|x86.Deploy.0 = Release|Any CPU
		{1D16FF48-E8EA-4EEF-A3A4-7913FB6B8FD7}.AppStore|Any CPU.ActiveCfg = Release|Any CPU
		{1D16FF48-E8EA-4EEF-A3A4-7913FB6B8FD7}.AppStore|Any CPU.Build.0 = Release|Any CPU
		{1D16FF48-E8EA-4EEF-A3A4-7913FB6B8FD7}.AppStore|Any CPU.Deploy.0 = Release|Any CPU
		{1D16FF48-E8EA-4EEF-A3A4-7913FB6B8FD7}.AppStore|ARM.ActiveCfg = Release|Any CPU
		{1D16FF48-E8EA-4EEF-A3A4-7913FB6B8FD7}.AppStore|ARM.Build.0 = Release|Any CPU
		{1D16FF48-E8EA-4EEF-A3A4-7913FB6B8FD7}.AppStore|ARM.Deploy.0 = Release|Any CPU
		{1D16FF48-E8EA-4EEF-A3A4-7913FB6B8FD7}.AppStore|iPhone.ActiveCfg = Release|Any CPU
		{1D16FF48-E8EA-4EEF-A3A4-7913FB6B8FD7}.AppStore|iPhone.Build.0 = Release|Any CPU
		{1D16FF48-E8EA-4EEF-A3A4-7913FB6B8FD7}.AppStore|iPhone.Deploy.0 = Release|Any CPU
		{1D16FF48-E8EA-4EEF-A3A4-7913FB6B8FD7}.AppStore|iPhoneSimulator.ActiveCfg = Release|Any CPU
		{1D16FF48-E8EA-4EEF-A3A4-7913FB6B8FD7}.AppStore|iPhoneSimulator.Build.0 = Release|Any CPU
		{1D16FF48-E8EA-4EEF-A3A4-7913FB6B8FD7}.AppStore|iPhoneSimulator.Deploy.0 = Release|Any CPU
		{1D16FF48-E8EA-4EEF-A3A4-7913FB6B8FD7}.AppStore|x64.ActiveCfg = Release|Any CPU
		{1D16FF48-E8EA-4EEF-A3A4-7913FB6B8FD7}.AppStore|x64.Build.0 = Release|Any CPU
		{1D16FF48-E8EA-4EEF-A3A4-7913FB6B8FD7}.AppStore|x64.Deploy.0 = Release|Any CPU
		{1D16FF48-E8EA-4EEF-A3A4-7913FB6B8FD7}.AppStore|x86.ActiveCfg = Release|Any CPU
		{1D16FF48-E8EA-4EEF-A3A4-7913FB6B8FD7}.AppStore|x86.Build.0 = Release|Any CPU
		{1D16FF48-E8EA-4EEF-A3A4-7913FB6B8FD7}.AppStore|x86.Deploy.0 = Release|Any CPU
		{1D16FF48-E8EA-4EEF-A3A4-7913FB6B8FD7}.Debug|Any CPU.ActiveCfg = Debug|Any CPU
		{1D16FF48-E8EA-4EEF-A3A4-7913FB6B8FD7}.Debug|Any CPU.Build.0 = Debug|Any CPU
		{1D16FF48-E8EA-4EEF-A3A4-7913FB6B8FD7}.Debug|Any CPU.Deploy.0 = Debug|Any CPU
		{1D16FF48-E8EA-4EEF-A3A4-7913FB6B8FD7}.Debug|ARM.ActiveCfg = Debug|Any CPU
		{1D16FF48-E8EA-4EEF-A3A4-7913FB6B8FD7}.Debug|ARM.Build.0 = Debug|Any CPU
		{1D16FF48-E8EA-4EEF-A3A4-7913FB6B8FD7}.Debug|ARM.Deploy.0 = Debug|Any CPU
		{1D16FF48-E8EA-4EEF-A3A4-7913FB6B8FD7}.Debug|iPhone.ActiveCfg = Debug|Any CPU
		{1D16FF48-E8EA-4EEF-A3A4-7913FB6B8FD7}.Debug|iPhone.Build.0 = Debug|Any CPU
		{1D16FF48-E8EA-4EEF-A3A4-7913FB6B8FD7}.Debug|iPhone.Deploy.0 = Debug|Any CPU
		{1D16FF48-E8EA-4EEF-A3A4-7913FB6B8FD7}.Debug|iPhoneSimulator.ActiveCfg = Debug|Any CPU
		{1D16FF48-E8EA-4EEF-A3A4-7913FB6B8FD7}.Debug|iPhoneSimulator.Build.0 = Debug|Any CPU
		{1D16FF48-E8EA-4EEF-A3A4-7913FB6B8FD7}.Debug|iPhoneSimulator.Deploy.0 = Debug|Any CPU
		{1D16FF48-E8EA-4EEF-A3A4-7913FB6B8FD7}.Debug|x64.ActiveCfg = Debug|Any CPU
		{1D16FF48-E8EA-4EEF-A3A4-7913FB6B8FD7}.Debug|x64.Build.0 = Debug|Any CPU
		{1D16FF48-E8EA-4EEF-A3A4-7913FB6B8FD7}.Debug|x64.Deploy.0 = Debug|Any CPU
		{1D16FF48-E8EA-4EEF-A3A4-7913FB6B8FD7}.Debug|x86.ActiveCfg = Debug|Any CPU
		{1D16FF48-E8EA-4EEF-A3A4-7913FB6B8FD7}.Debug|x86.Build.0 = Debug|Any CPU
		{1D16FF48-E8EA-4EEF-A3A4-7913FB6B8FD7}.Debug|x86.Deploy.0 = Debug|Any CPU
		{1D16FF48-E8EA-4EEF-A3A4-7913FB6B8FD7}.Release|Any CPU.ActiveCfg = Release|Any CPU
		{1D16FF48-E8EA-4EEF-A3A4-7913FB6B8FD7}.Release|Any CPU.Build.0 = Release|Any CPU
		{1D16FF48-E8EA-4EEF-A3A4-7913FB6B8FD7}.Release|Any CPU.Deploy.0 = Release|Any CPU
		{1D16FF48-E8EA-4EEF-A3A4-7913FB6B8FD7}.Release|ARM.ActiveCfg = Release|Any CPU
		{1D16FF48-E8EA-4EEF-A3A4-7913FB6B8FD7}.Release|ARM.Build.0 = Release|Any CPU
		{1D16FF48-E8EA-4EEF-A3A4-7913FB6B8FD7}.Release|ARM.Deploy.0 = Release|Any CPU
		{1D16FF48-E8EA-4EEF-A3A4-7913FB6B8FD7}.Release|iPhone.ActiveCfg = Release|Any CPU
		{1D16FF48-E8EA-4EEF-A3A4-7913FB6B8FD7}.Release|iPhone.Build.0 = Release|Any CPU
		{1D16FF48-E8EA-4EEF-A3A4-7913FB6B8FD7}.Release|iPhone.Deploy.0 = Release|Any CPU
		{1D16FF48-E8EA-4EEF-A3A4-7913FB6B8FD7}.Release|iPhoneSimulator.ActiveCfg = Release|Any CPU
		{1D16FF48-E8EA-4EEF-A3A4-7913FB6B8FD7}.Release|iPhoneSimulator.Build.0 = Release|Any CPU
		{1D16FF48-E8EA-4EEF-A3A4-7913FB6B8FD7}.Release|iPhoneSimulator.Deploy.0 = Release|Any CPU
		{1D16FF48-E8EA-4EEF-A3A4-7913FB6B8FD7}.Release|x64.ActiveCfg = Release|Any CPU
		{1D16FF48-E8EA-4EEF-A3A4-7913FB6B8FD7}.Release|x64.Build.0 = Release|Any CPU
		{1D16FF48-E8EA-4EEF-A3A4-7913FB6B8FD7}.Release|x64.Deploy.0 = Release|Any CPU
		{1D16FF48-E8EA-4EEF-A3A4-7913FB6B8FD7}.Release|x86.ActiveCfg = Release|Any CPU
		{1D16FF48-E8EA-4EEF-A3A4-7913FB6B8FD7}.Release|x86.Build.0 = Release|Any CPU
		{1D16FF48-E8EA-4EEF-A3A4-7913FB6B8FD7}.Release|x86.Deploy.0 = Release|Any CPU
		{A4B17FDC-2797-4FAF-9F1C-8A55CC416A19}.Ad-Hoc|Any CPU.ActiveCfg = Ad-Hoc|iPhone
		{A4B17FDC-2797-4FAF-9F1C-8A55CC416A19}.Ad-Hoc|Any CPU.Build.0 = Ad-Hoc|iPhone
		{A4B17FDC-2797-4FAF-9F1C-8A55CC416A19}.Ad-Hoc|Any CPU.Deploy.0 = Ad-Hoc|iPhone
		{A4B17FDC-2797-4FAF-9F1C-8A55CC416A19}.Ad-Hoc|ARM.ActiveCfg = Ad-Hoc|iPhone
		{A4B17FDC-2797-4FAF-9F1C-8A55CC416A19}.Ad-Hoc|ARM.Build.0 = Ad-Hoc|iPhone
		{A4B17FDC-2797-4FAF-9F1C-8A55CC416A19}.Ad-Hoc|ARM.Deploy.0 = Ad-Hoc|iPhone
		{A4B17FDC-2797-4FAF-9F1C-8A55CC416A19}.Ad-Hoc|iPhone.ActiveCfg = Ad-Hoc|iPhone
		{A4B17FDC-2797-4FAF-9F1C-8A55CC416A19}.Ad-Hoc|iPhone.Build.0 = Ad-Hoc|iPhone
		{A4B17FDC-2797-4FAF-9F1C-8A55CC416A19}.Ad-Hoc|iPhone.Deploy.0 = Ad-Hoc|iPhone
		{A4B17FDC-2797-4FAF-9F1C-8A55CC416A19}.Ad-Hoc|iPhoneSimulator.ActiveCfg = Ad-Hoc|iPhoneSimulator
		{A4B17FDC-2797-4FAF-9F1C-8A55CC416A19}.Ad-Hoc|iPhoneSimulator.Build.0 = Ad-Hoc|iPhoneSimulator
		{A4B17FDC-2797-4FAF-9F1C-8A55CC416A19}.Ad-Hoc|iPhoneSimulator.Deploy.0 = Ad-Hoc|iPhoneSimulator
		{A4B17FDC-2797-4FAF-9F1C-8A55CC416A19}.Ad-Hoc|x64.ActiveCfg = Ad-Hoc|iPhone
		{A4B17FDC-2797-4FAF-9F1C-8A55CC416A19}.Ad-Hoc|x64.Build.0 = Ad-Hoc|iPhone
		{A4B17FDC-2797-4FAF-9F1C-8A55CC416A19}.Ad-Hoc|x64.Deploy.0 = Ad-Hoc|iPhone
		{A4B17FDC-2797-4FAF-9F1C-8A55CC416A19}.Ad-Hoc|x86.ActiveCfg = Ad-Hoc|iPhone
		{A4B17FDC-2797-4FAF-9F1C-8A55CC416A19}.Ad-Hoc|x86.Build.0 = Ad-Hoc|iPhone
		{A4B17FDC-2797-4FAF-9F1C-8A55CC416A19}.Ad-Hoc|x86.Deploy.0 = Ad-Hoc|iPhone
		{A4B17FDC-2797-4FAF-9F1C-8A55CC416A19}.AppStore|Any CPU.ActiveCfg = AppStore|iPhone
		{A4B17FDC-2797-4FAF-9F1C-8A55CC416A19}.AppStore|Any CPU.Build.0 = AppStore|iPhone
		{A4B17FDC-2797-4FAF-9F1C-8A55CC416A19}.AppStore|Any CPU.Deploy.0 = AppStore|iPhone
		{A4B17FDC-2797-4FAF-9F1C-8A55CC416A19}.AppStore|ARM.ActiveCfg = AppStore|iPhone
		{A4B17FDC-2797-4FAF-9F1C-8A55CC416A19}.AppStore|ARM.Build.0 = AppStore|iPhone
		{A4B17FDC-2797-4FAF-9F1C-8A55CC416A19}.AppStore|ARM.Deploy.0 = AppStore|iPhone
		{A4B17FDC-2797-4FAF-9F1C-8A55CC416A19}.AppStore|iPhone.ActiveCfg = AppStore|iPhone
		{A4B17FDC-2797-4FAF-9F1C-8A55CC416A19}.AppStore|iPhone.Build.0 = AppStore|iPhone
		{A4B17FDC-2797-4FAF-9F1C-8A55CC416A19}.AppStore|iPhone.Deploy.0 = AppStore|iPhone
		{A4B17FDC-2797-4FAF-9F1C-8A55CC416A19}.AppStore|iPhoneSimulator.ActiveCfg = AppStore|iPhoneSimulator
		{A4B17FDC-2797-4FAF-9F1C-8A55CC416A19}.AppStore|iPhoneSimulator.Build.0 = AppStore|iPhoneSimulator
		{A4B17FDC-2797-4FAF-9F1C-8A55CC416A19}.AppStore|iPhoneSimulator.Deploy.0 = AppStore|iPhoneSimulator
		{A4B17FDC-2797-4FAF-9F1C-8A55CC416A19}.AppStore|x64.ActiveCfg = AppStore|iPhone
		{A4B17FDC-2797-4FAF-9F1C-8A55CC416A19}.AppStore|x64.Build.0 = AppStore|iPhone
		{A4B17FDC-2797-4FAF-9F1C-8A55CC416A19}.AppStore|x64.Deploy.0 = AppStore|iPhone
		{A4B17FDC-2797-4FAF-9F1C-8A55CC416A19}.AppStore|x86.ActiveCfg = AppStore|iPhone
		{A4B17FDC-2797-4FAF-9F1C-8A55CC416A19}.AppStore|x86.Build.0 = AppStore|iPhone
		{A4B17FDC-2797-4FAF-9F1C-8A55CC416A19}.AppStore|x86.Deploy.0 = AppStore|iPhone
		{A4B17FDC-2797-4FAF-9F1C-8A55CC416A19}.Debug|Any CPU.ActiveCfg = Debug|iPhoneSimulator
		{A4B17FDC-2797-4FAF-9F1C-8A55CC416A19}.Debug|Any CPU.Build.0 = Debug|iPhoneSimulator
		{A4B17FDC-2797-4FAF-9F1C-8A55CC416A19}.Debug|Any CPU.Deploy.0 = Debug|iPhoneSimulator
		{A4B17FDC-2797-4FAF-9F1C-8A55CC416A19}.Debug|ARM.ActiveCfg = Debug|iPhone
		{A4B17FDC-2797-4FAF-9F1C-8A55CC416A19}.Debug|ARM.Build.0 = Debug|iPhone
		{A4B17FDC-2797-4FAF-9F1C-8A55CC416A19}.Debug|ARM.Deploy.0 = Debug|iPhone
		{A4B17FDC-2797-4FAF-9F1C-8A55CC416A19}.Debug|iPhone.ActiveCfg = Debug|iPhone
		{A4B17FDC-2797-4FAF-9F1C-8A55CC416A19}.Debug|iPhone.Build.0 = Debug|iPhone
		{A4B17FDC-2797-4FAF-9F1C-8A55CC416A19}.Debug|iPhone.Deploy.0 = Debug|iPhone
		{A4B17FDC-2797-4FAF-9F1C-8A55CC416A19}.Debug|iPhoneSimulator.ActiveCfg = Debug|iPhoneSimulator
		{A4B17FDC-2797-4FAF-9F1C-8A55CC416A19}.Debug|iPhoneSimulator.Build.0 = Debug|iPhoneSimulator
		{A4B17FDC-2797-4FAF-9F1C-8A55CC416A19}.Debug|iPhoneSimulator.Deploy.0 = Debug|iPhoneSimulator
		{A4B17FDC-2797-4FAF-9F1C-8A55CC416A19}.Debug|x64.ActiveCfg = Debug|iPhone
		{A4B17FDC-2797-4FAF-9F1C-8A55CC416A19}.Debug|x64.Build.0 = Debug|iPhone
		{A4B17FDC-2797-4FAF-9F1C-8A55CC416A19}.Debug|x64.Deploy.0 = Debug|iPhone
		{A4B17FDC-2797-4FAF-9F1C-8A55CC416A19}.Debug|x86.ActiveCfg = Debug|iPhone
		{A4B17FDC-2797-4FAF-9F1C-8A55CC416A19}.Debug|x86.Build.0 = Debug|iPhone
		{A4B17FDC-2797-4FAF-9F1C-8A55CC416A19}.Debug|x86.Deploy.0 = Debug|iPhone
		{A4B17FDC-2797-4FAF-9F1C-8A55CC416A19}.Release|Any CPU.ActiveCfg = Release|iPhone
		{A4B17FDC-2797-4FAF-9F1C-8A55CC416A19}.Release|Any CPU.Build.0 = Release|iPhone
		{A4B17FDC-2797-4FAF-9F1C-8A55CC416A19}.Release|Any CPU.Deploy.0 = Release|iPhone
		{A4B17FDC-2797-4FAF-9F1C-8A55CC416A19}.Release|ARM.ActiveCfg = Release|iPhone
		{A4B17FDC-2797-4FAF-9F1C-8A55CC416A19}.Release|ARM.Build.0 = Release|iPhone
		{A4B17FDC-2797-4FAF-9F1C-8A55CC416A19}.Release|ARM.Deploy.0 = Release|iPhone
		{A4B17FDC-2797-4FAF-9F1C-8A55CC416A19}.Release|iPhone.ActiveCfg = Release|iPhone
		{A4B17FDC-2797-4FAF-9F1C-8A55CC416A19}.Release|iPhone.Build.0 = Release|iPhone
		{A4B17FDC-2797-4FAF-9F1C-8A55CC416A19}.Release|iPhone.Deploy.0 = Release|iPhone
		{A4B17FDC-2797-4FAF-9F1C-8A55CC416A19}.Release|iPhoneSimulator.ActiveCfg = Release|iPhoneSimulator
		{A4B17FDC-2797-4FAF-9F1C-8A55CC416A19}.Release|iPhoneSimulator.Build.0 = Release|iPhoneSimulator
		{A4B17FDC-2797-4FAF-9F1C-8A55CC416A19}.Release|iPhoneSimulator.Deploy.0 = Release|iPhoneSimulator
		{A4B17FDC-2797-4FAF-9F1C-8A55CC416A19}.Release|x64.ActiveCfg = Release|iPhone
		{A4B17FDC-2797-4FAF-9F1C-8A55CC416A19}.Release|x64.Build.0 = Release|iPhone
		{A4B17FDC-2797-4FAF-9F1C-8A55CC416A19}.Release|x64.Deploy.0 = Release|iPhone
		{A4B17FDC-2797-4FAF-9F1C-8A55CC416A19}.Release|x86.ActiveCfg = Release|iPhone
		{A4B17FDC-2797-4FAF-9F1C-8A55CC416A19}.Release|x86.Build.0 = Release|iPhone
		{A4B17FDC-2797-4FAF-9F1C-8A55CC416A19}.Release|x86.Deploy.0 = Release|iPhone
		{92CED935-5579-4286-B079-414E29ED2431}.Ad-Hoc|Any CPU.ActiveCfg = Release|x86
		{92CED935-5579-4286-B079-414E29ED2431}.Ad-Hoc|Any CPU.Build.0 = Release|x86
		{92CED935-5579-4286-B079-414E29ED2431}.Ad-Hoc|Any CPU.Deploy.0 = Release|x86
		{92CED935-5579-4286-B079-414E29ED2431}.Ad-Hoc|ARM.ActiveCfg = Release|ARM
		{92CED935-5579-4286-B079-414E29ED2431}.Ad-Hoc|ARM.Build.0 = Release|ARM
		{92CED935-5579-4286-B079-414E29ED2431}.Ad-Hoc|ARM.Deploy.0 = Release|ARM
		{92CED935-5579-4286-B079-414E29ED2431}.Ad-Hoc|iPhone.ActiveCfg = Release|x86
		{92CED935-5579-4286-B079-414E29ED2431}.Ad-Hoc|iPhone.Build.0 = Release|x86
		{92CED935-5579-4286-B079-414E29ED2431}.Ad-Hoc|iPhone.Deploy.0 = Release|x86
		{92CED935-5579-4286-B079-414E29ED2431}.Ad-Hoc|iPhoneSimulator.ActiveCfg = Release|x86
		{92CED935-5579-4286-B079-414E29ED2431}.Ad-Hoc|iPhoneSimulator.Build.0 = Release|x86
		{92CED935-5579-4286-B079-414E29ED2431}.Ad-Hoc|iPhoneSimulator.Deploy.0 = Release|x86
		{92CED935-5579-4286-B079-414E29ED2431}.Ad-Hoc|x64.ActiveCfg = Release|x64
		{92CED935-5579-4286-B079-414E29ED2431}.Ad-Hoc|x64.Build.0 = Release|x64
		{92CED935-5579-4286-B079-414E29ED2431}.Ad-Hoc|x64.Deploy.0 = Release|x64
		{92CED935-5579-4286-B079-414E29ED2431}.Ad-Hoc|x86.ActiveCfg = Release|x86
		{92CED935-5579-4286-B079-414E29ED2431}.Ad-Hoc|x86.Build.0 = Release|x86
		{92CED935-5579-4286-B079-414E29ED2431}.Ad-Hoc|x86.Deploy.0 = Release|x86
		{92CED935-5579-4286-B079-414E29ED2431}.AppStore|Any CPU.ActiveCfg = Release|x86
		{92CED935-5579-4286-B079-414E29ED2431}.AppStore|Any CPU.Build.0 = Release|x86
		{92CED935-5579-4286-B079-414E29ED2431}.AppStore|Any CPU.Deploy.0 = Release|x86
		{92CED935-5579-4286-B079-414E29ED2431}.AppStore|ARM.ActiveCfg = Release|ARM
		{92CED935-5579-4286-B079-414E29ED2431}.AppStore|ARM.Build.0 = Release|ARM
		{92CED935-5579-4286-B079-414E29ED2431}.AppStore|ARM.Deploy.0 = Release|ARM
		{92CED935-5579-4286-B079-414E29ED2431}.AppStore|iPhone.ActiveCfg = Release|x86
		{92CED935-5579-4286-B079-414E29ED2431}.AppStore|iPhone.Build.0 = Release|x86
		{92CED935-5579-4286-B079-414E29ED2431}.AppStore|iPhone.Deploy.0 = Release|x86
		{92CED935-5579-4286-B079-414E29ED2431}.AppStore|iPhoneSimulator.ActiveCfg = Release|x86
		{92CED935-5579-4286-B079-414E29ED2431}.AppStore|iPhoneSimulator.Build.0 = Release|x86
		{92CED935-5579-4286-B079-414E29ED2431}.AppStore|iPhoneSimulator.Deploy.0 = Release|x86
		{92CED935-5579-4286-B079-414E29ED2431}.AppStore|x64.ActiveCfg = Release|x64
		{92CED935-5579-4286-B079-414E29ED2431}.AppStore|x64.Build.0 = Release|x64
		{92CED935-5579-4286-B079-414E29ED2431}.AppStore|x64.Deploy.0 = Release|x64
		{92CED935-5579-4286-B079-414E29ED2431}.AppStore|x86.ActiveCfg = Release|x86
		{92CED935-5579-4286-B079-414E29ED2431}.AppStore|x86.Build.0 = Release|x86
		{92CED935-5579-4286-B079-414E29ED2431}.AppStore|x86.Deploy.0 = Release|x86
		{92CED935-5579-4286-B079-414E29ED2431}.Debug|Any CPU.ActiveCfg = Debug|x86
		{92CED935-5579-4286-B079-414E29ED2431}.Debug|Any CPU.Build.0 = Debug|x86
		{92CED935-5579-4286-B079-414E29ED2431}.Debug|Any CPU.Deploy.0 = Debug|x86
		{92CED935-5579-4286-B079-414E29ED2431}.Debug|ARM.ActiveCfg = Debug|ARM
		{92CED935-5579-4286-B079-414E29ED2431}.Debug|ARM.Build.0 = Debug|ARM
		{92CED935-5579-4286-B079-414E29ED2431}.Debug|ARM.Deploy.0 = Debug|ARM
		{92CED935-5579-4286-B079-414E29ED2431}.Debug|iPhone.ActiveCfg = Debug|x86
		{92CED935-5579-4286-B079-414E29ED2431}.Debug|iPhone.Build.0 = Debug|x86
		{92CED935-5579-4286-B079-414E29ED2431}.Debug|iPhone.Deploy.0 = Debug|x86
		{92CED935-5579-4286-B079-414E29ED2431}.Debug|iPhoneSimulator.ActiveCfg = Debug|x86
		{92CED935-5579-4286-B079-414E29ED2431}.Debug|iPhoneSimulator.Build.0 = Debug|x86
		{92CED935-5579-4286-B079-414E29ED2431}.Debug|iPhoneSimulator.Deploy.0 = Debug|x86
		{92CED935-5579-4286-B079-414E29ED2431}.Debug|x64.ActiveCfg = Debug|x64
		{92CED935-5579-4286-B079-414E29ED2431}.Debug|x64.Build.0 = Debug|x64
		{92CED935-5579-4286-B079-414E29ED2431}.Debug|x64.Deploy.0 = Debug|x64
		{92CED935-5579-4286-B079-414E29ED2431}.Debug|x86.ActiveCfg = Debug|x86
		{92CED935-5579-4286-B079-414E29ED2431}.Debug|x86.Build.0 = Debug|x86
		{92CED935-5579-4286-B079-414E29ED2431}.Debug|x86.Deploy.0 = Debug|x86
		{92CED935-5579-4286-B079-414E29ED2431}.Release|Any CPU.ActiveCfg = Release|x86
		{92CED935-5579-4286-B079-414E29ED2431}.Release|Any CPU.Build.0 = Release|x86
		{92CED935-5579-4286-B079-414E29ED2431}.Release|Any CPU.Deploy.0 = Release|x86
		{92CED935-5579-4286-B079-414E29ED2431}.Release|ARM.ActiveCfg = Release|ARM
		{92CED935-5579-4286-B079-414E29ED2431}.Release|ARM.Build.0 = Release|ARM
		{92CED935-5579-4286-B079-414E29ED2431}.Release|ARM.Deploy.0 = Release|ARM
		{92CED935-5579-4286-B079-414E29ED2431}.Release|iPhone.ActiveCfg = Release|x86
		{92CED935-5579-4286-B079-414E29ED2431}.Release|iPhone.Build.0 = Release|x86
		{92CED935-5579-4286-B079-414E29ED2431}.Release|iPhone.Deploy.0 = Release|x86
		{92CED935-5579-4286-B079-414E29ED2431}.Release|iPhoneSimulator.ActiveCfg = Release|x86
		{92CED935-5579-4286-B079-414E29ED2431}.Release|iPhoneSimulator.Build.0 = Release|x86
		{92CED935-5579-4286-B079-414E29ED2431}.Release|iPhoneSimulator.Deploy.0 = Release|x86
		{92CED935-5579-4286-B079-414E29ED2431}.Release|x64.ActiveCfg = Release|x64
		{92CED935-5579-4286-B079-414E29ED2431}.Release|x64.Build.0 = Release|x64
		{92CED935-5579-4286-B079-414E29ED2431}.Release|x64.Deploy.0 = Release|x64
		{92CED935-5579-4286-B079-414E29ED2431}.Release|x86.ActiveCfg = Release|x86
		{92CED935-5579-4286-B079-414E29ED2431}.Release|x86.Build.0 = Release|x86
		{92CED935-5579-4286-B079-414E29ED2431}.Release|x86.Deploy.0 = Release|x86
		{8FF87E10-B2E8-4E01-9643-659A08DAF969}.Ad-Hoc|Any CPU.ActiveCfg = Debug|Any CPU
		{8FF87E10-B2E8-4E01-9643-659A08DAF969}.Ad-Hoc|Any CPU.Build.0 = Debug|Any CPU
		{8FF87E10-B2E8-4E01-9643-659A08DAF969}.Ad-Hoc|Any CPU.Deploy.0 = Debug|Any CPU
		{8FF87E10-B2E8-4E01-9643-659A08DAF969}.Ad-Hoc|ARM.ActiveCfg = Debug|Any CPU
		{8FF87E10-B2E8-4E01-9643-659A08DAF969}.Ad-Hoc|ARM.Build.0 = Debug|Any CPU
		{8FF87E10-B2E8-4E01-9643-659A08DAF969}.Ad-Hoc|ARM.Deploy.0 = Debug|Any CPU
		{8FF87E10-B2E8-4E01-9643-659A08DAF969}.Ad-Hoc|iPhone.ActiveCfg = Debug|Any CPU
		{8FF87E10-B2E8-4E01-9643-659A08DAF969}.Ad-Hoc|iPhone.Build.0 = Debug|Any CPU
		{8FF87E10-B2E8-4E01-9643-659A08DAF969}.Ad-Hoc|iPhone.Deploy.0 = Debug|Any CPU
		{8FF87E10-B2E8-4E01-9643-659A08DAF969}.Ad-Hoc|iPhoneSimulator.ActiveCfg = Debug|Any CPU
		{8FF87E10-B2E8-4E01-9643-659A08DAF969}.Ad-Hoc|iPhoneSimulator.Build.0 = Debug|Any CPU
		{8FF87E10-B2E8-4E01-9643-659A08DAF969}.Ad-Hoc|iPhoneSimulator.Deploy.0 = Debug|Any CPU
		{8FF87E10-B2E8-4E01-9643-659A08DAF969}.Ad-Hoc|x64.ActiveCfg = Debug|Any CPU
		{8FF87E10-B2E8-4E01-9643-659A08DAF969}.Ad-Hoc|x64.Build.0 = Debug|Any CPU
		{8FF87E10-B2E8-4E01-9643-659A08DAF969}.Ad-Hoc|x64.Deploy.0 = Debug|Any CPU
		{8FF87E10-B2E8-4E01-9643-659A08DAF969}.Ad-Hoc|x86.ActiveCfg = Debug|Any CPU
		{8FF87E10-B2E8-4E01-9643-659A08DAF969}.Ad-Hoc|x86.Build.0 = Debug|Any CPU
		{8FF87E10-B2E8-4E01-9643-659A08DAF969}.Ad-Hoc|x86.Deploy.0 = Debug|Any CPU
		{8FF87E10-B2E8-4E01-9643-659A08DAF969}.AppStore|Any CPU.ActiveCfg = Debug|Any CPU
		{8FF87E10-B2E8-4E01-9643-659A08DAF969}.AppStore|Any CPU.Build.0 = Debug|Any CPU
		{8FF87E10-B2E8-4E01-9643-659A08DAF969}.AppStore|Any CPU.Deploy.0 = Debug|Any CPU
		{8FF87E10-B2E8-4E01-9643-659A08DAF969}.AppStore|ARM.ActiveCfg = Debug|Any CPU
		{8FF87E10-B2E8-4E01-9643-659A08DAF969}.AppStore|ARM.Build.0 = Debug|Any CPU
		{8FF87E10-B2E8-4E01-9643-659A08DAF969}.AppStore|ARM.Deploy.0 = Debug|Any CPU
		{8FF87E10-B2E8-4E01-9643-659A08DAF969}.AppStore|iPhone.ActiveCfg = Debug|Any CPU
		{8FF87E10-B2E8-4E01-9643-659A08DAF969}.AppStore|iPhone.Build.0 = Debug|Any CPU
		{8FF87E10-B2E8-4E01-9643-659A08DAF969}.AppStore|iPhone.Deploy.0 = Debug|Any CPU
		{8FF87E10-B2E8-4E01-9643-659A08DAF969}.AppStore|iPhoneSimulator.ActiveCfg = Debug|Any CPU
		{8FF87E10-B2E8-4E01-9643-659A08DAF969}.AppStore|iPhoneSimulator.Build.0 = Debug|Any CPU
		{8FF87E10-B2E8-4E01-9643-659A08DAF969}.AppStore|iPhoneSimulator.Deploy.0 = Debug|Any CPU
		{8FF87E10-B2E8-4E01-9643-659A08DAF969}.AppStore|x64.ActiveCfg = Debug|Any CPU
		{8FF87E10-B2E8-4E01-9643-659A08DAF969}.AppStore|x64.Build.0 = Debug|Any CPU
		{8FF87E10-B2E8-4E01-9643-659A08DAF969}.AppStore|x64.Deploy.0 = Debug|Any CPU
		{8FF87E10-B2E8-4E01-9643-659A08DAF969}.AppStore|x86.ActiveCfg = Debug|Any CPU
		{8FF87E10-B2E8-4E01-9643-659A08DAF969}.AppStore|x86.Build.0 = Debug|Any CPU
		{8FF87E10-B2E8-4E01-9643-659A08DAF969}.AppStore|x86.Deploy.0 = Debug|Any CPU
		{8FF87E10-B2E8-4E01-9643-659A08DAF969}.Debug|Any CPU.ActiveCfg = Debug|Any CPU
		{8FF87E10-B2E8-4E01-9643-659A08DAF969}.Debug|Any CPU.Build.0 = Debug|Any CPU
		{8FF87E10-B2E8-4E01-9643-659A08DAF969}.Debug|Any CPU.Deploy.0 = Debug|Any CPU
		{8FF87E10-B2E8-4E01-9643-659A08DAF969}.Debug|ARM.ActiveCfg = Debug|Any CPU
		{8FF87E10-B2E8-4E01-9643-659A08DAF969}.Debug|ARM.Build.0 = Debug|Any CPU
		{8FF87E10-B2E8-4E01-9643-659A08DAF969}.Debug|ARM.Deploy.0 = Debug|Any CPU
		{8FF87E10-B2E8-4E01-9643-659A08DAF969}.Debug|iPhone.ActiveCfg = Debug|Any CPU
		{8FF87E10-B2E8-4E01-9643-659A08DAF969}.Debug|iPhone.Build.0 = Debug|Any CPU
		{8FF87E10-B2E8-4E01-9643-659A08DAF969}.Debug|iPhone.Deploy.0 = Debug|Any CPU
		{8FF87E10-B2E8-4E01-9643-659A08DAF969}.Debug|iPhoneSimulator.ActiveCfg = Debug|Any CPU
		{8FF87E10-B2E8-4E01-9643-659A08DAF969}.Debug|iPhoneSimulator.Build.0 = Debug|Any CPU
		{8FF87E10-B2E8-4E01-9643-659A08DAF969}.Debug|iPhoneSimulator.Deploy.0 = Debug|Any CPU
		{8FF87E10-B2E8-4E01-9643-659A08DAF969}.Debug|x64.ActiveCfg = Debug|Any CPU
		{8FF87E10-B2E8-4E01-9643-659A08DAF969}.Debug|x64.Build.0 = Debug|Any CPU
		{8FF87E10-B2E8-4E01-9643-659A08DAF969}.Debug|x64.Deploy.0 = Debug|Any CPU
		{8FF87E10-B2E8-4E01-9643-659A08DAF969}.Debug|x86.ActiveCfg = Debug|Any CPU
		{8FF87E10-B2E8-4E01-9643-659A08DAF969}.Debug|x86.Build.0 = Debug|Any CPU
		{8FF87E10-B2E8-4E01-9643-659A08DAF969}.Debug|x86.Deploy.0 = Debug|Any CPU
		{8FF87E10-B2E8-4E01-9643-659A08DAF969}.Release|Any CPU.ActiveCfg = Release|Any CPU
		{8FF87E10-B2E8-4E01-9643-659A08DAF969}.Release|Any CPU.Build.0 = Release|Any CPU
		{8FF87E10-B2E8-4E01-9643-659A08DAF969}.Release|Any CPU.Deploy.0 = Release|Any CPU
		{8FF87E10-B2E8-4E01-9643-659A08DAF969}.Release|ARM.ActiveCfg = Release|Any CPU
		{8FF87E10-B2E8-4E01-9643-659A08DAF969}.Release|ARM.Build.0 = Release|Any CPU
		{8FF87E10-B2E8-4E01-9643-659A08DAF969}.Release|ARM.Deploy.0 = Release|Any CPU
		{8FF87E10-B2E8-4E01-9643-659A08DAF969}.Release|iPhone.ActiveCfg = Release|Any CPU
		{8FF87E10-B2E8-4E01-9643-659A08DAF969}.Release|iPhone.Build.0 = Release|Any CPU
		{8FF87E10-B2E8-4E01-9643-659A08DAF969}.Release|iPhone.Deploy.0 = Release|Any CPU
		{8FF87E10-B2E8-4E01-9643-659A08DAF969}.Release|iPhoneSimulator.ActiveCfg = Release|Any CPU
		{8FF87E10-B2E8-4E01-9643-659A08DAF969}.Release|iPhoneSimulator.Build.0 = Release|Any CPU
		{8FF87E10-B2E8-4E01-9643-659A08DAF969}.Release|iPhoneSimulator.Deploy.0 = Release|Any CPU
		{8FF87E10-B2E8-4E01-9643-659A08DAF969}.Release|x64.ActiveCfg = Release|Any CPU
		{8FF87E10-B2E8-4E01-9643-659A08DAF969}.Release|x64.Build.0 = Release|Any CPU
		{8FF87E10-B2E8-4E01-9643-659A08DAF969}.Release|x64.Deploy.0 = Release|Any CPU
		{8FF87E10-B2E8-4E01-9643-659A08DAF969}.Release|x86.ActiveCfg = Release|Any CPU
		{8FF87E10-B2E8-4E01-9643-659A08DAF969}.Release|x86.Build.0 = Release|Any CPU
		{8FF87E10-B2E8-4E01-9643-659A08DAF969}.Release|x86.Deploy.0 = Release|Any CPU
	EndGlobalSection
	GlobalSection(SolutionProperties) = preSolution
		HideSolutionNode = FALSE
	EndGlobalSection
	GlobalSection(ExtensibilityGlobals) = postSolution
		SolutionGuid = {568D4F2F-E093-48B2-A3B9-A74C6631F493}
	EndGlobalSection
EndGlobal
