
Microsoft Visual Studio Solution File, Format Version 12.00
# Visual Studio 15
VisualStudioVersion = 15.0.28307.757
MinimumVisualStudioVersion = 10.0.40219.1
Project("{FAE04EC0-301F-11D3-BF4B-00C04F79EFBC}") = "ZYHotelAndroid", "ZYHotelAndroid\ZYHotelAndroid.csproj", "{CC0F124F-B570-4235-8261-56F864D3BB28}"
EndProject
Global
	GlobalSection(SolutionConfigurationPlatforms) = preSolution
		Debug|Any CPU = Debug|Any CPU
		Release|Any CPU = Release|Any CPU
	EndGlobalSection
	GlobalSection(ProjectConfigurationPlatforms) = postSolution
		{CC0F124F-B570-4235-8261-56F864D3BB28}.Debug|Any CPU.ActiveCfg = Debug|Any CPU
		{CC0F124F-B570-4235-8261-56F864D3BB28}.Debug|Any CPU.Build.0 = Debug|Any CPU
		{CC0F124F-B570-4235-8261-56F864D3BB28}.Debug|Any CPU.Deploy.0 = Debug|Any CPU
		{CC0F124F-B570-4235-8261-56F864D3BB28}.Release|Any CPU.ActiveCfg = Release|Any CPU
		{CC0F124F-B570-4235-8261-56F864D3BB28}.Release|Any CPU.Build.0 = Release|Any CPU
		{CC0F124F-B570-4235-8261-56F864D3BB28}.Release|Any CPU.Deploy.0 = Release|Any CPU
	EndGlobalSection
	GlobalSection(SolutionProperties) = preSolution
		HideSolutionNode = FALSE
	EndGlobalSection
	GlobalSection(ExtensibilityGlobals) = postSolution
		SolutionGuid = {512B0298-1A73-4354-9D9A-7F6BD5502285}
	EndGlobalSection
EndGlobal
