
Microsoft Visual Studio Solution File, Format Version 12.00
# Visual Studio 15
VisualStudioVersion = 15.0.28307.757
MinimumVisualStudioVersion = 10.0.40219.1
Project("{FAE04EC0-301F-11D3-BF4B-00C04F79EFBC}") = "Cinemix.Android", "Cinemix\Cinemix.Android\Cinemix.Android.csproj", "{1B772EE0-0576-4811-AF6C-E74802B6ECD9}"
EndProject
Project("{FAE04EC0-301F-11D3-BF4B-00C04F79EFBC}") = "Cinemix.iOS", "Cinemix\Cinemix.iOS\Cinemix.iOS.csproj", "{2C62FD34-C0A4-4F57-BCD9-B741B9A3E603}"
EndProject
Project("{FAE04EC0-301F-11D3-BF4B-00C04F79EFBC}") = "Cinemix.UWP", "Cinemix\Cinemix.UWP\Cinemix.UWP.csproj", "{0B811998-EDBC-479E-8F89-45520155C583}"
EndProject
Project("{FAE04EC0-301F-11D3-BF4B-00C04F79EFBC}") = "Cinemix", "Cinemix\Cinemix\Cinemix.csproj", "{BDFA5F9B-F602-49CF-910E-36151D32383F}"
EndProject
Global
	GlobalSection(SolutionConfigurationPlatforms) = preSolution
		Ad-Hoc|Any CPU = Ad-Hoc|Any CPU
		Ad-Hoc|ARM = Ad-Hoc|ARM
		Ad-Hoc|iPhone = Ad-Hoc|iPhone
		Ad-Hoc|iPhoneSimulator = Ad-Hoc|iPhoneSimulator
		Ad-Hoc|x64 = Ad-Hoc|x64
		Ad-Hoc|x86 = Ad-Hoc|x86
		AppStore|Any CPU = AppStore|Any CPU
		AppStore|ARM = AppStore|ARM
		AppStore|iPhone = AppStore|iPhone
		AppStore|iPhoneSimulator = AppStore|iPhoneSimulator
		AppStore|x64 = AppStore|x64
		AppStore|x86 = AppStore|x86
		Debug|Any CPU = Debug|Any CPU
		Debug|ARM = Debug|ARM
		Debug|iPhone = Debug|iPhone
		Debug|iPhoneSimulator = Debug|iPhoneSimulator
		Debug|x64 = Debug|x64
		Debug|x86 = Debug|x86
		Release|Any CPU = Release|Any CPU
		Release|ARM = Release|ARM
		Release|iPhone = Release|iPhone
		Release|iPhoneSimulator = Release|iPhoneSimulator
		Release|x64 = Release|x64
		Release|x86 = Release|x86
	EndGlobalSection
	GlobalSection(ProjectConfigurationPlatforms) = postSolution
		{1B772EE0-0576-4811-AF6C-E74802B6ECD9}.Ad-Hoc|Any CPU.ActiveCfg = Release|Any CPU
		{1B772EE0-0576-4811-AF6C-E74802B6ECD9}.Ad-Hoc|Any CPU.Build.0 = Release|Any CPU
		{1B772EE0-0576-4811-AF6C-E74802B6ECD9}.Ad-Hoc|Any CPU.Deploy.0 = Release|Any CPU
		{1B772EE0-0576-4811-AF6C-E74802B6ECD9}.Ad-Hoc|ARM.ActiveCfg = Release|Any CPU
		{1B772EE0-0576-4811-AF6C-E74802B6ECD9}.Ad-Hoc|ARM.Build.0 = Release|Any CPU
		{1B772EE0-0576-4811-AF6C-E74802B6ECD9}.Ad-Hoc|ARM.Deploy.0 = Release|Any CPU
		{1B772EE0-0576-4811-AF6C-E74802B6ECD9}.Ad-Hoc|iPhone.ActiveCfg = Release|Any CPU
		{1B772EE0-0576-4811-AF6C-E74802B6ECD9}.Ad-Hoc|iPhone.Build.0 = Release|Any CPU
		{1B772EE0-0576-4811-AF6C-E74802B6ECD9}.Ad-Hoc|iPhone.Deploy.0 = Release|Any CPU
		{1B772EE0-0576-4811-AF6C-E74802B6ECD9}.Ad-Hoc|iPhoneSimulator.ActiveCfg = Release|Any CPU
		{1B772EE0-0576-4811-AF6C-E74802B6ECD9}.Ad-Hoc|iPhoneSimulator.Build.0 = Release|Any CPU
		{1B772EE0-0576-4811-AF6C-E74802B6ECD9}.Ad-Hoc|iPhoneSimulator.Deploy.0 = Release|Any CPU
		{1B772EE0-0576-4811-AF6C-E74802B6ECD9}.Ad-Hoc|x64.ActiveCfg = Release|Any CPU
		{1B772EE0-0576-4811-AF6C-E74802B6ECD9}.Ad-Hoc|x64.Build.0 = Release|Any CPU
		{1B772EE0-0576-4811-AF6C-E74802B6ECD9}.Ad-Hoc|x64.Deploy.0 = Release|Any CPU
		{1B772EE0-0576-4811-AF6C-E74802B6ECD9}.Ad-Hoc|x86.ActiveCfg = Release|Any CPU
		{1B772EE0-0576-4811-AF6C-E74802B6ECD9}.Ad-Hoc|x86.Build.0 = Release|Any CPU
		{1B772EE0-0576-4811-AF6C-E74802B6ECD9}.Ad-Hoc|x86.Deploy.0 = Release|Any CPU
		{1B772EE0-0576-4811-AF6C-E74802B6ECD9}.AppStore|Any CPU.ActiveCfg = Release|Any CPU
		{1B772EE0-0576-4811-AF6C-E74802B6ECD9}.AppStore|Any CPU.Build.0 = Release|Any CPU
		{1B772EE0-0576-4811-AF6C-E74802B6ECD9}.AppStore|Any CPU.Deploy.0 = Release|Any CPU
		{1B772EE0-0576-4811-AF6C-E74802B6ECD9}.AppStore|ARM.ActiveCfg = Release|Any CPU
		{1B772EE0-0576-4811-AF6C-E74802B6ECD9}.AppStore|ARM.Build.0 = Release|Any CPU
		{1B772EE0-0576-4811-AF6C-E74802B6ECD9}.AppStore|ARM.Deploy.0 = Release|Any CPU
		{1B772EE0-0576-4811-AF6C-E74802B6ECD9}.AppStore|iPhone.ActiveCfg = Release|Any CPU
		{1B772EE0-0576-4811-AF6C-E74802B6ECD9}.AppStore|iPhone.Build.0 = Release|Any CPU
		{1B772EE0-0576-4811-AF6C-E74802B6ECD9}.AppStore|iPhone.Deploy.0 = Release|Any CPU
		{1B772EE0-0576-4811-AF6C-E74802B6ECD9}.AppStore|iPhoneSimulator.ActiveCfg = Release|Any CPU
		{1B772EE0-0576-4811-AF6C-E74802B6ECD9}.AppStore|iPhoneSimulator.Build.0 = Release|Any CPU
		{1B772EE0-0576-4811-AF6C-E74802B6ECD9}.AppStore|iPhoneSimulator.Deploy.0 = Release|Any CPU
		{1B772EE0-0576-4811-AF6C-E74802B6ECD9}.AppStore|x64.ActiveCfg = Release|Any CPU
		{1B772EE0-0576-4811-AF6C-E74802B6ECD9}.AppStore|x64.Build.0 = Release|Any CPU
		{1B772EE0-0576-4811-AF6C-E74802B6ECD9}.AppStore|x64.Deploy.0 = Release|Any CPU
		{1B772EE0-0576-4811-AF6C-E74802B6ECD9}.AppStore|x86.ActiveCfg = Release|Any CPU
		{1B772EE0-0576-4811-AF6C-E74802B6ECD9}.AppStore|x86.Build.0 = Release|Any CPU
		{1B772EE0-0576-4811-AF6C-E74802B6ECD9}.AppStore|x86.Deploy.0 = Release|Any CPU
		{1B772EE0-0576-4811-AF6C-E74802B6ECD9}.Debug|Any CPU.ActiveCfg = Debug|Any CPU
		{1B772EE0-0576-4811-AF6C-E74802B6ECD9}.Debug|Any CPU.Build.0 = Debug|Any CPU
		{1B772EE0-0576-4811-AF6C-E74802B6ECD9}.Debug|Any CPU.Deploy.0 = Debug|Any CPU
		{1B772EE0-0576-4811-AF6C-E74802B6ECD9}.Debug|ARM.ActiveCfg = Debug|Any CPU
		{1B772EE0-0576-4811-AF6C-E74802B6ECD9}.Debug|ARM.Build.0 = Debug|Any CPU
		{1B772EE0-0576-4811-AF6C-E74802B6ECD9}.Debug|ARM.Deploy.0 = Debug|Any CPU
		{1B772EE0-0576-4811-AF6C-E74802B6ECD9}.Debug|iPhone.ActiveCfg = Debug|Any CPU
		{1B772EE0-0576-4811-AF6C-E74802B6ECD9}.Debug|iPhone.Build.0 = Debug|Any CPU
		{1B772EE0-0576-4811-AF6C-E74802B6ECD9}.Debug|iPhone.Deploy.0 = Debug|Any CPU
		{1B772EE0-0576-4811-AF6C-E74802B6ECD9}.Debug|iPhoneSimulator.ActiveCfg = Debug|Any CPU
		{1B772EE0-0576-4811-AF6C-E74802B6ECD9}.Debug|iPhoneSimulator.Build.0 = Debug|Any CPU
		{1B772EE0-0576-4811-AF6C-E74802B6ECD9}.Debug|iPhoneSimulator.Deploy.0 = Debug|Any CPU
		{1B772EE0-0576-4811-AF6C-E74802B6ECD9}.Debug|x64.ActiveCfg = Debug|Any CPU
		{1B772EE0-0576-4811-AF6C-E74802B6ECD9}.Debug|x64.Build.0 = Debug|Any CPU
		{1B772EE0-0576-4811-AF6C-E74802B6ECD9}.Debug|x64.Deploy.0 = Debug|Any CPU
		{1B772EE0-0576-4811-AF6C-E74802B6ECD9}.Debug|x86.ActiveCfg = Debug|Any CPU
		{1B772EE0-0576-4811-AF6C-E74802B6ECD9}.Debug|x86.Build.0 = Debug|Any CPU
		{1B772EE0-0576-4811-AF6C-E74802B6ECD9}.Debug|x86.Deploy.0 = Debug|Any CPU
		{1B772EE0-0576-4811-AF6C-E74802B6ECD9}.Release|Any CPU.ActiveCfg = Release|Any CPU
		{1B772EE0-0576-4811-AF6C-E74802B6ECD9}.Release|Any CPU.Build.0 = Release|Any CPU
		{1B772EE0-0576-4811-AF6C-E74802B6ECD9}.Release|Any CPU.Deploy.0 = Release|Any CPU
		{1B772EE0-0576-4811-AF6C-E74802B6ECD9}.Release|ARM.ActiveCfg = Release|Any CPU
		{1B772EE0-0576-4811-AF6C-E74802B6ECD9}.Release|ARM.Build.0 = Release|Any CPU
		{1B772EE0-0576-4811-AF6C-E74802B6ECD9}.Release|ARM.Deploy.0 = Release|Any CPU
		{1B772EE0-0576-4811-AF6C-E74802B6ECD9}.Release|iPhone.ActiveCfg = Release|Any CPU
		{1B772EE0-0576-4811-AF6C-E74802B6ECD9}.Release|iPhone.Build.0 = Release|Any CPU
		{1B772EE0-0576-4811-AF6C-E74802B6ECD9}.Release|iPhone.Deploy.0 = Release|Any CPU
		{1B772EE0-0576-4811-AF6C-E74802B6ECD9}.Release|iPhoneSimulator.ActiveCfg = Release|Any CPU
		{1B772EE0-0576-4811-AF6C-E74802B6ECD9}.Release|iPhoneSimulator.Build.0 = Release|Any CPU
		{1B772EE0-0576-4811-AF6C-E74802B6ECD9}.Release|iPhoneSimulator.Deploy.0 = Release|Any CPU
		{1B772EE0-0576-4811-AF6C-E74802B6ECD9}.Release|x64.ActiveCfg = Release|Any CPU
		{1B772EE0-0576-4811-AF6C-E74802B6ECD9}.Release|x64.Build.0 = Release|Any CPU
		{1B772EE0-0576-4811-AF6C-E74802B6ECD9}.Release|x64.Deploy.0 = Release|Any CPU
		{1B772EE0-0576-4811-AF6C-E74802B6ECD9}.Release|x86.ActiveCfg = Release|Any CPU
		{1B772EE0-0576-4811-AF6C-E74802B6ECD9}.Release|x86.Build.0 = Release|Any CPU
		{1B772EE0-0576-4811-AF6C-E74802B6ECD9}.Release|x86.Deploy.0 = Release|Any CPU
		{2C62FD34-C0A4-4F57-BCD9-B741B9A3E603}.Ad-Hoc|Any CPU.ActiveCfg = Ad-Hoc|iPhone
		{2C62FD34-C0A4-4F57-BCD9-B741B9A3E603}.Ad-Hoc|Any CPU.Build.0 = Ad-Hoc|iPhone
		{2C62FD34-C0A4-4F57-BCD9-B741B9A3E603}.Ad-Hoc|Any CPU.Deploy.0 = Ad-Hoc|iPhone
		{2C62FD34-C0A4-4F57-BCD9-B741B9A3E603}.Ad-Hoc|ARM.ActiveCfg = Ad-Hoc|iPhone
		{2C62FD34-C0A4-4F57-BCD9-B741B9A3E603}.Ad-Hoc|ARM.Build.0 = Ad-Hoc|iPhone
		{2C62FD34-C0A4-4F57-BCD9-B741B9A3E603}.Ad-Hoc|ARM.Deploy.0 = Ad-Hoc|iPhone
		{2C62FD34-C0A4-4F57-BCD9-B741B9A3E603}.Ad-Hoc|iPhone.ActiveCfg = Ad-Hoc|iPhone
		{2C62FD34-C0A4-4F57-BCD9-B741B9A3E603}.Ad-Hoc|iPhone.Build.0 = Ad-Hoc|iPhone
		{2C62FD34-C0A4-4F57-BCD9-B741B9A3E603}.Ad-Hoc|iPhone.Deploy.0 = Ad-Hoc|iPhone
		{2C62FD34-C0A4-4F57-BCD9-B741B9A3E603}.Ad-Hoc|iPhoneSimulator.ActiveCfg = Ad-Hoc|iPhoneSimulator
		{2C62FD34-C0A4-4F57-BCD9-B741B9A3E603}.Ad-Hoc|iPhoneSimulator.Build.0 = Ad-Hoc|iPhoneSimulator
		{2C62FD34-C0A4-4F57-BCD9-B741B9A3E603}.Ad-Hoc|iPhoneSimulator.Deploy.0 = Ad-Hoc|iPhoneSimulator
		{2C62FD34-C0A4-4F57-BCD9-B741B9A3E603}.Ad-Hoc|x64.ActiveCfg = Ad-Hoc|iPhone
		{2C62FD34-C0A4-4F57-BCD9-B741B9A3E603}.Ad-Hoc|x64.Build.0 = Ad-Hoc|iPhone
		{2C62FD34-C0A4-4F57-BCD9-B741B9A3E603}.Ad-Hoc|x64.Deploy.0 = Ad-Hoc|iPhone
		{2C62FD34-C0A4-4F57-BCD9-B741B9A3E603}.Ad-Hoc|x86.ActiveCfg = Ad-Hoc|iPhone
		{2C62FD34-C0A4-4F57-BCD9-B741B9A3E603}.Ad-Hoc|x86.Build.0 = Ad-Hoc|iPhone
		{2C62FD34-C0A4-4F57-BCD9-B741B9A3E603}.Ad-Hoc|x86.Deploy.0 = Ad-Hoc|iPhone
		{2C62FD34-C0A4-4F57-BCD9-B741B9A3E603}.AppStore|Any CPU.ActiveCfg = AppStore|iPhone
		{2C62FD34-C0A4-4F57-BCD9-B741B9A3E603}.AppStore|Any CPU.Build.0 = AppStore|iPhone
		{2C62FD34-C0A4-4F57-BCD9-B741B9A3E603}.AppStore|Any CPU.Deploy.0 = AppStore|iPhone
		{2C62FD34-C0A4-4F57-BCD9-B741B9A3E603}.AppStore|ARM.ActiveCfg = AppStore|iPhone
		{2C62FD34-C0A4-4F57-BCD9-B741B9A3E603}.AppStore|ARM.Build.0 = AppStore|iPhone
		{2C62FD34-C0A4-4F57-BCD9-B741B9A3E603}.AppStore|ARM.Deploy.0 = AppStore|iPhone
		{2C62FD34-C0A4-4F57-BCD9-B741B9A3E603}.AppStore|iPhone.ActiveCfg = AppStore|iPhone
		{2C62FD34-C0A4-4F57-BCD9-B741B9A3E603}.AppStore|iPhone.Build.0 = AppStore|iPhone
		{2C62FD34-C0A4-4F57-BCD9-B741B9A3E603}.AppStore|iPhone.Deploy.0 = AppStore|iPhone
		{2C62FD34-C0A4-4F57-BCD9-B741B9A3E603}.AppStore|iPhoneSimulator.ActiveCfg = AppStore|iPhoneSimulator
		{2C62FD34-C0A4-4F57-BCD9-B741B9A3E603}.AppStore|iPhoneSimulator.Build.0 = AppStore|iPhoneSimulator
		{2C62FD34-C0A4-4F57-BCD9-B741B9A3E603}.AppStore|iPhoneSimulator.Deploy.0 = AppStore|iPhoneSimulator
		{2C62FD34-C0A4-4F57-BCD9-B741B9A3E603}.AppStore|x64.ActiveCfg = AppStore|iPhone
		{2C62FD34-C0A4-4F57-BCD9-B741B9A3E603}.AppStore|x64.Build.0 = AppStore|iPhone
		{2C62FD34-C0A4-4F57-BCD9-B741B9A3E603}.AppStore|x64.Deploy.0 = AppStore|iPhone
		{2C62FD34-C0A4-4F57-BCD9-B741B9A3E603}.AppStore|x86.ActiveCfg = AppStore|iPhone
		{2C62FD34-C0A4-4F57-BCD9-B741B9A3E603}.AppStore|x86.Build.0 = AppStore|iPhone
		{2C62FD34-C0A4-4F57-BCD9-B741B9A3E603}.AppStore|x86.Deploy.0 = AppStore|iPhone
		{2C62FD34-C0A4-4F57-BCD9-B741B9A3E603}.Debug|Any CPU.ActiveCfg = Debug|iPhoneSimulator
		{2C62FD34-C0A4-4F57-BCD9-B741B9A3E603}.Debug|Any CPU.Build.0 = Debug|iPhoneSimulator
		{2C62FD34-C0A4-4F57-BCD9-B741B9A3E603}.Debug|Any CPU.Deploy.0 = Debug|iPhoneSimulator
		{2C62FD34-C0A4-4F57-BCD9-B741B9A3E603}.Debug|ARM.ActiveCfg = Debug|iPhone
		{2C62FD34-C0A4-4F57-BCD9-B741B9A3E603}.Debug|ARM.Build.0 = Debug|iPhone
		{2C62FD34-C0A4-4F57-BCD9-B741B9A3E603}.Debug|ARM.Deploy.0 = Debug|iPhone
		{2C62FD34-C0A4-4F57-BCD9-B741B9A3E603}.Debug|iPhone.ActiveCfg = Debug|iPhone
		{2C62FD34-C0A4-4F57-BCD9-B741B9A3E603}.Debug|iPhone.Build.0 = Debug|iPhone
		{2C62FD34-C0A4-4F57-BCD9-B741B9A3E603}.Debug|iPhone.Deploy.0 = Debug|iPhone
		{2C62FD34-C0A4-4F57-BCD9-B741B9A3E603}.Debug|iPhoneSimulator.ActiveCfg = Debug|iPhoneSimulator
		{2C62FD34-C0A4-4F57-BCD9-B741B9A3E603}.Debug|iPhoneSimulator.Build.0 = Debug|iPhoneSimulator
		{2C62FD34-C0A4-4F57-BCD9-B741B9A3E603}.Debug|iPhoneSimulator.Deploy.0 = Debug|iPhoneSimulator
		{2C62FD34-C0A4-4F57-BCD9-B741B9A3E603}.Debug|x64.ActiveCfg = Debug|iPhone
		{2C62FD34-C0A4-4F57-BCD9-B741B9A3E603}.Debug|x64.Build.0 = Debug|iPhone
		{2C62FD34-C0A4-4F57-BCD9-B741B9A3E603}.Debug|x64.Deploy.0 = Debug|iPhone
		{2C62FD34-C0A4-4F57-BCD9-B741B9A3E603}.Debug|x86.ActiveCfg = Debug|iPhone
		{2C62FD34-C0A4-4F57-BCD9-B741B9A3E603}.Debug|x86.Build.0 = Debug|iPhone
		{2C62FD34-C0A4-4F57-BCD9-B741B9A3E603}.Debug|x86.Deploy.0 = Debug|iPhone
		{2C62FD34-C0A4-4F57-BCD9-B741B9A3E603}.Release|Any CPU.ActiveCfg = Release|iPhone
		{2C62FD34-C0A4-4F57-BCD9-B741B9A3E603}.Release|Any CPU.Build.0 = Release|iPhone
		{2C62FD34-C0A4-4F57-BCD9-B741B9A3E603}.Release|Any CPU.Deploy.0 = Release|iPhone
		{2C62FD34-C0A4-4F57-BCD9-B741B9A3E603}.Release|ARM.ActiveCfg = Release|iPhone
		{2C62FD34-C0A4-4F57-BCD9-B741B9A3E603}.Release|ARM.Build.0 = Release|iPhone
		{2C62FD34-C0A4-4F57-BCD9-B741B9A3E603}.Release|ARM.Deploy.0 = Release|iPhone
		{2C62FD34-C0A4-4F57-BCD9-B741B9A3E603}.Release|iPhone.ActiveCfg = Release|iPhone
		{2C62FD34-C0A4-4F57-BCD9-B741B9A3E603}.Release|iPhone.Build.0 = Release|iPhone
		{2C62FD34-C0A4-4F57-BCD9-B741B9A3E603}.Release|iPhone.Deploy.0 = Release|iPhone
		{2C62FD34-C0A4-4F57-BCD9-B741B9A3E603}.Release|iPhoneSimulator.ActiveCfg = Release|iPhoneSimulator
		{2C62FD34-C0A4-4F57-BCD9-B741B9A3E603}.Release|iPhoneSimulator.Build.0 = Release|iPhoneSimulator
		{2C62FD34-C0A4-4F57-BCD9-B741B9A3E603}.Release|iPhoneSimulator.Deploy.0 = Release|iPhoneSimulator
		{2C62FD34-C0A4-4F57-BCD9-B741B9A3E603}.Release|x64.ActiveCfg = Release|iPhone
		{2C62FD34-C0A4-4F57-BCD9-B741B9A3E603}.Release|x64.Build.0 = Release|iPhone
		{2C62FD34-C0A4-4F57-BCD9-B741B9A3E603}.Release|x64.Deploy.0 = Release|iPhone
		{2C62FD34-C0A4-4F57-BCD9-B741B9A3E603}.Release|x86.ActiveCfg = Release|iPhone
		{2C62FD34-C0A4-4F57-BCD9-B741B9A3E603}.Release|x86.Build.0 = Release|iPhone
		{2C62FD34-C0A4-4F57-BCD9-B741B9A3E603}.Release|x86.Deploy.0 = Release|iPhone
		{0B811998-EDBC-479E-8F89-45520155C583}.Ad-Hoc|Any CPU.ActiveCfg = Release|x86
		{0B811998-EDBC-479E-8F89-45520155C583}.Ad-Hoc|Any CPU.Build.0 = Release|x86
		{0B811998-EDBC-479E-8F89-45520155C583}.Ad-Hoc|Any CPU.Deploy.0 = Release|x86
		{0B811998-EDBC-479E-8F89-45520155C583}.Ad-Hoc|ARM.ActiveCfg = Release|ARM
		{0B811998-EDBC-479E-8F89-45520155C583}.Ad-Hoc|ARM.Build.0 = Release|ARM
		{0B811998-EDBC-479E-8F89-45520155C583}.Ad-Hoc|ARM.Deploy.0 = Release|ARM
		{0B811998-EDBC-479E-8F89-45520155C583}.Ad-Hoc|iPhone.ActiveCfg = Release|x86
		{0B811998-EDBC-479E-8F89-45520155C583}.Ad-Hoc|iPhone.Build.0 = Release|x86
		{0B811998-EDBC-479E-8F89-45520155C583}.Ad-Hoc|iPhone.Deploy.0 = Release|x86
		{0B811998-EDBC-479E-8F89-45520155C583}.Ad-Hoc|iPhoneSimulator.ActiveCfg = Release|x86
		{0B811998-EDBC-479E-8F89-45520155C583}.Ad-Hoc|iPhoneSimulator.Build.0 = Release|x86
		{0B811998-EDBC-479E-8F89-45520155C583}.Ad-Hoc|iPhoneSimulator.Deploy.0 = Release|x86
		{0B811998-EDBC-479E-8F89-45520155C583}.Ad-Hoc|x64.ActiveCfg = Release|x64
		{0B811998-EDBC-479E-8F89-45520155C583}.Ad-Hoc|x64.Build.0 = Release|x64
		{0B811998-EDBC-479E-8F89-45520155C583}.Ad-Hoc|x64.Deploy.0 = Release|x64
		{0B811998-EDBC-479E-8F89-45520155C583}.Ad-Hoc|x86.ActiveCfg = Release|x86
		{0B811998-EDBC-479E-8F89-45520155C583}.Ad-Hoc|x86.Build.0 = Release|x86
		{0B811998-EDBC-479E-8F89-45520155C583}.Ad-Hoc|x86.Deploy.0 = Release|x86
		{0B811998-EDBC-479E-8F89-45520155C583}.AppStore|Any CPU.ActiveCfg = Release|x86
		{0B811998-EDBC-479E-8F89-45520155C583}.AppStore|Any CPU.Build.0 = Release|x86
		{0B811998-EDBC-479E-8F89-45520155C583}.AppStore|Any CPU.Deploy.0 = Release|x86
		{0B811998-EDBC-479E-8F89-45520155C583}.AppStore|ARM.ActiveCfg = Release|ARM
		{0B811998-EDBC-479E-8F89-45520155C583}.AppStore|ARM.Build.0 = Release|ARM
		{0B811998-EDBC-479E-8F89-45520155C583}.AppStore|ARM.Deploy.0 = Release|ARM
		{0B811998-EDBC-479E-8F89-45520155C583}.AppStore|iPhone.ActiveCfg = Release|x86
		{0B811998-EDBC-479E-8F89-45520155C583}.AppStore|iPhone.Build.0 = Release|x86
		{0B811998-EDBC-479E-8F89-45520155C583}.AppStore|iPhone.Deploy.0 = Release|x86
		{0B811998-EDBC-479E-8F89-45520155C583}.AppStore|iPhoneSimulator.ActiveCfg = Release|x86
		{0B811998-EDBC-479E-8F89-45520155C583}.AppStore|iPhoneSimulator.Build.0 = Release|x86
		{0B811998-EDBC-479E-8F89-45520155C583}.AppStore|iPhoneSimulator.Deploy.0 = Release|x86
		{0B811998-EDBC-479E-8F89-45520155C583}.AppStore|x64.ActiveCfg = Release|x64
		{0B811998-EDBC-479E-8F89-45520155C583}.AppStore|x64.Build.0 = Release|x64
		{0B811998-EDBC-479E-8F89-45520155C583}.AppStore|x64.Deploy.0 = Release|x64
		{0B811998-EDBC-479E-8F89-45520155C583}.AppStore|x86.ActiveCfg = Release|x86
		{0B811998-EDBC-479E-8F89-45520155C583}.AppStore|x86.Build.0 = Release|x86
		{0B811998-EDBC-479E-8F89-45520155C583}.AppStore|x86.Deploy.0 = Release|x86
		{0B811998-EDBC-479E-8F89-45520155C583}.Debug|Any CPU.ActiveCfg = Debug|x86
		{0B811998-EDBC-479E-8F89-45520155C583}.Debug|Any CPU.Build.0 = Debug|x86
		{0B811998-EDBC-479E-8F89-45520155C583}.Debug|Any CPU.Deploy.0 = Debug|x86
		{0B811998-EDBC-479E-8F89-45520155C583}.Debug|ARM.ActiveCfg = Debug|ARM
		{0B811998-EDBC-479E-8F89-45520155C583}.Debug|ARM.Build.0 = Debug|ARM
		{0B811998-EDBC-479E-8F89-45520155C583}.Debug|ARM.Deploy.0 = Debug|ARM
		{0B811998-EDBC-479E-8F89-45520155C583}.Debug|iPhone.ActiveCfg = Debug|x86
		{0B811998-EDBC-479E-8F89-45520155C583}.Debug|iPhone.Build.0 = Debug|x86
		{0B811998-EDBC-479E-8F89-45520155C583}.Debug|iPhone.Deploy.0 = Debug|x86
		{0B811998-EDBC-479E-8F89-45520155C583}.Debug|iPhoneSimulator.ActiveCfg = Debug|x86
		{0B811998-EDBC-479E-8F89-45520155C583}.Debug|iPhoneSimulator.Build.0 = Debug|x86
		{0B811998-EDBC-479E-8F89-45520155C583}.Debug|iPhoneSimulator.Deploy.0 = Debug|x86
		{0B811998-EDBC-479E-8F89-45520155C583}.Debug|x64.ActiveCfg = Debug|x64
		{0B811998-EDBC-479E-8F89-45520155C583}.Debug|x64.Build.0 = Debug|x64
		{0B811998-EDBC-479E-8F89-45520155C583}.Debug|x64.Deploy.0 = Debug|x64
		{0B811998-EDBC-479E-8F89-45520155C583}.Debug|x86.ActiveCfg = Debug|x86
		{0B811998-EDBC-479E-8F89-45520155C583}.Debug|x86.Build.0 = Debug|x86
		{0B811998-EDBC-479E-8F89-45520155C583}.Debug|x86.Deploy.0 = Debug|x86
		{0B811998-EDBC-479E-8F89-45520155C583}.Release|Any CPU.ActiveCfg = Release|x86
		{0B811998-EDBC-479E-8F89-45520155C583}.Release|Any CPU.Build.0 = Release|x86
		{0B811998-EDBC-479E-8F89-45520155C583}.Release|Any CPU.Deploy.0 = Release|x86
		{0B811998-EDBC-479E-8F89-45520155C583}.Release|ARM.ActiveCfg = Release|ARM
		{0B811998-EDBC-479E-8F89-45520155C583}.Release|ARM.Build.0 = Release|ARM
		{0B811998-EDBC-479E-8F89-45520155C583}.Release|ARM.Deploy.0 = Release|ARM
		{0B811998-EDBC-479E-8F89-45520155C583}.Release|iPhone.ActiveCfg = Release|x86
		{0B811998-EDBC-479E-8F89-45520155C583}.Release|iPhone.Build.0 = Release|x86
		{0B811998-EDBC-479E-8F89-45520155C583}.Release|iPhone.Deploy.0 = Release|x86
		{0B811998-EDBC-479E-8F89-45520155C583}.Release|iPhoneSimulator.ActiveCfg = Release|x86
		{0B811998-EDBC-479E-8F89-45520155C583}.Release|iPhoneSimulator.Build.0 = Release|x86
		{0B811998-EDBC-479E-8F89-45520155C583}.Release|iPhoneSimulator.Deploy.0 = Release|x86
		{0B811998-EDBC-479E-8F89-45520155C583}.Release|x64.ActiveCfg = Release|x64
		{0B811998-EDBC-479E-8F89-45520155C583}.Release|x64.Build.0 = Release|x64
		{0B811998-EDBC-479E-8F89-45520155C583}.Release|x64.Deploy.0 = Release|x64
		{0B811998-EDBC-479E-8F89-45520155C583}.Release|x86.ActiveCfg = Release|x86
		{0B811998-EDBC-479E-8F89-45520155C583}.Release|x86.Build.0 = Release|x86
		{0B811998-EDBC-479E-8F89-45520155C583}.Release|x86.Deploy.0 = Release|x86
		{BDFA5F9B-F602-49CF-910E-36151D32383F}.Ad-Hoc|Any CPU.ActiveCfg = Debug|Any CPU
		{BDFA5F9B-F602-49CF-910E-36151D32383F}.Ad-Hoc|Any CPU.Build.0 = Debug|Any CPU
		{BDFA5F9B-F602-49CF-910E-36151D32383F}.Ad-Hoc|Any CPU.Deploy.0 = Debug|Any CPU
		{BDFA5F9B-F602-49CF-910E-36151D32383F}.Ad-Hoc|ARM.ActiveCfg = Debug|Any CPU
		{BDFA5F9B-F602-49CF-910E-36151D32383F}.Ad-Hoc|ARM.Build.0 = Debug|Any CPU
		{BDFA5F9B-F602-49CF-910E-36151D32383F}.Ad-Hoc|ARM.Deploy.0 = Debug|Any CPU
		{BDFA5F9B-F602-49CF-910E-36151D32383F}.Ad-Hoc|iPhone.ActiveCfg = Debug|Any CPU
		{BDFA5F9B-F602-49CF-910E-36151D32383F}.Ad-Hoc|iPhone.Build.0 = Debug|Any CPU
		{BDFA5F9B-F602-49CF-910E-36151D32383F}.Ad-Hoc|iPhone.Deploy.0 = Debug|Any CPU
		{BDFA5F9B-F602-49CF-910E-36151D32383F}.Ad-Hoc|iPhoneSimulator.ActiveCfg = Debug|Any CPU
		{BDFA5F9B-F602-49CF-910E-36151D32383F}.Ad-Hoc|iPhoneSimulator.Build.0 = Debug|Any CPU
		{BDFA5F9B-F602-49CF-910E-36151D32383F}.Ad-Hoc|iPhoneSimulator.Deploy.0 = Debug|Any CPU
		{BDFA5F9B-F602-49CF-910E-36151D32383F}.Ad-Hoc|x64.ActiveCfg = Debug|Any CPU
		{BDFA5F9B-F602-49CF-910E-36151D32383F}.Ad-Hoc|x64.Build.0 = Debug|Any CPU
		{BDFA5F9B-F602-49CF-910E-36151D32383F}.Ad-Hoc|x64.Deploy.0 = Debug|Any CPU
		{BDFA5F9B-F602-49CF-910E-36151D32383F}.Ad-Hoc|x86.ActiveCfg = Debug|Any CPU
		{BDFA5F9B-F602-49CF-910E-36151D32383F}.Ad-Hoc|x86.Build.0 = Debug|Any CPU
		{BDFA5F9B-F602-49CF-910E-36151D32383F}.Ad-Hoc|x86.Deploy.0 = Debug|Any CPU
		{BDFA5F9B-F602-49CF-910E-36151D32383F}.AppStore|Any CPU.ActiveCfg = Debug|Any CPU
		{BDFA5F9B-F602-49CF-910E-36151D32383F}.AppStore|Any CPU.Build.0 = Debug|Any CPU
		{BDFA5F9B-F602-49CF-910E-36151D32383F}.AppStore|Any CPU.Deploy.0 = Debug|Any CPU
		{BDFA5F9B-F602-49CF-910E-36151D32383F}.AppStore|ARM.ActiveCfg = Debug|Any CPU
		{BDFA5F9B-F602-49CF-910E-36151D32383F}.AppStore|ARM.Build.0 = Debug|Any CPU
		{BDFA5F9B-F602-49CF-910E-36151D32383F}.AppStore|ARM.Deploy.0 = Debug|Any CPU
		{BDFA5F9B-F602-49CF-910E-36151D32383F}.AppStore|iPhone.ActiveCfg = Debug|Any CPU
		{BDFA5F9B-F602-49CF-910E-36151D32383F}.AppStore|iPhone.Build.0 = Debug|Any CPU
		{BDFA5F9B-F602-49CF-910E-36151D32383F}.AppStore|iPhone.Deploy.0 = Debug|Any CPU
		{BDFA5F9B-F602-49CF-910E-36151D32383F}.AppStore|iPhoneSimulator.ActiveCfg = Debug|Any CPU
		{BDFA5F9B-F602-49CF-910E-36151D32383F}.AppStore|iPhoneSimulator.Build.0 = Debug|Any CPU
		{BDFA5F9B-F602-49CF-910E-36151D32383F}.AppStore|iPhoneSimulator.Deploy.0 = Debug|Any CPU
		{BDFA5F9B-F602-49CF-910E-36151D32383F}.AppStore|x64.ActiveCfg = Debug|Any CPU
		{BDFA5F9B-F602-49CF-910E-36151D32383F}.AppStore|x64.Build.0 = Debug|Any CPU
		{BDFA5F9B-F602-49CF-910E-36151D32383F}.AppStore|x64.Deploy.0 = Debug|Any CPU
		{BDFA5F9B-F602-49CF-910E-36151D32383F}.AppStore|x86.ActiveCfg = Debug|Any CPU
		{BDFA5F9B-F602-49CF-910E-36151D32383F}.AppStore|x86.Build.0 = Debug|Any CPU
		{BDFA5F9B-F602-49CF-910E-36151D32383F}.AppStore|x86.Deploy.0 = Debug|Any CPU
		{BDFA5F9B-F602-49CF-910E-36151D32383F}.Debug|Any CPU.ActiveCfg = Debug|Any CPU
		{BDFA5F9B-F602-49CF-910E-36151D32383F}.Debug|Any CPU.Build.0 = Debug|Any CPU
		{BDFA5F9B-F602-49CF-910E-36151D32383F}.Debug|Any CPU.Deploy.0 = Debug|Any CPU
		{BDFA5F9B-F602-49CF-910E-36151D32383F}.Debug|ARM.ActiveCfg = Debug|Any CPU
		{BDFA5F9B-F602-49CF-910E-36151D32383F}.Debug|ARM.Build.0 = Debug|Any CPU
		{BDFA5F9B-F602-49CF-910E-36151D32383F}.Debug|ARM.Deploy.0 = Debug|Any CPU
		{BDFA5F9B-F602-49CF-910E-36151D32383F}.Debug|iPhone.ActiveCfg = Debug|Any CPU
		{BDFA5F9B-F602-49CF-910E-36151D32383F}.Debug|iPhone.Build.0 = Debug|Any CPU
		{BDFA5F9B-F602-49CF-910E-36151D32383F}.Debug|iPhone.Deploy.0 = Debug|Any CPU
		{BDFA5F9B-F602-49CF-910E-36151D32383F}.Debug|iPhoneSimulator.ActiveCfg = Debug|Any CPU
		{BDFA5F9B-F602-49CF-910E-36151D32383F}.Debug|iPhoneSimulator.Build.0 = Debug|Any CPU
		{BDFA5F9B-F602-49CF-910E-36151D32383F}.Debug|iPhoneSimulator.Deploy.0 = Debug|Any CPU
		{BDFA5F9B-F602-49CF-910E-36151D32383F}.Debug|x64.ActiveCfg = Debug|Any CPU
		{BDFA5F9B-F602-49CF-910E-36151D32383F}.Debug|x64.Build.0 = Debug|Any CPU
		{BDFA5F9B-F602-49CF-910E-36151D32383F}.Debug|x64.Deploy.0 = Debug|Any CPU
		{BDFA5F9B-F602-49CF-910E-36151D32383F}.Debug|x86.ActiveCfg = Debug|Any CPU
		{BDFA5F9B-F602-49CF-910E-36151D32383F}.Debug|x86.Build.0 = Debug|Any CPU
		{BDFA5F9B-F602-49CF-910E-36151D32383F}.Debug|x86.Deploy.0 = Debug|Any CPU
		{BDFA5F9B-F602-49CF-910E-36151D32383F}.Release|Any CPU.ActiveCfg = Release|Any CPU
		{BDFA5F9B-F602-49CF-910E-36151D32383F}.Release|Any CPU.Build.0 = Release|Any CPU
		{BDFA5F9B-F602-49CF-910E-36151D32383F}.Release|Any CPU.Deploy.0 = Release|Any CPU
		{BDFA5F9B-F602-49CF-910E-36151D32383F}.Release|ARM.ActiveCfg = Release|Any CPU
		{BDFA5F9B-F602-49CF-910E-36151D32383F}.Release|ARM.Build.0 = Release|Any CPU
		{BDFA5F9B-F602-49CF-910E-36151D32383F}.Release|ARM.Deploy.0 = Release|Any CPU
		{BDFA5F9B-F602-49CF-910E-36151D32383F}.Release|iPhone.ActiveCfg = Release|Any CPU
		{BDFA5F9B-F602-49CF-910E-36151D32383F}.Release|iPhone.Build.0 = Release|Any CPU
		{BDFA5F9B-F602-49CF-910E-36151D32383F}.Release|iPhone.Deploy.0 = Release|Any CPU
		{BDFA5F9B-F602-49CF-910E-36151D32383F}.Release|iPhoneSimulator.ActiveCfg = Release|Any CPU
		{BDFA5F9B-F602-49CF-910E-36151D32383F}.Release|iPhoneSimulator.Build.0 = Release|Any CPU
		{BDFA5F9B-F602-49CF-910E-36151D32383F}.Release|iPhoneSimulator.Deploy.0 = Release|Any CPU
		{BDFA5F9B-F602-49CF-910E-36151D32383F}.Release|x64.ActiveCfg = Release|Any CPU
		{BDFA5F9B-F602-49CF-910E-36151D32383F}.Release|x64.Build.0 = Release|Any CPU
		{BDFA5F9B-F602-49CF-910E-36151D32383F}.Release|x64.Deploy.0 = Release|Any CPU
		{BDFA5F9B-F602-49CF-910E-36151D32383F}.Release|x86.ActiveCfg = Release|Any CPU
		{BDFA5F9B-F602-49CF-910E-36151D32383F}.Release|x86.Build.0 = Release|Any CPU
		{BDFA5F9B-F602-49CF-910E-36151D32383F}.Release|x86.Deploy.0 = Release|Any CPU
	EndGlobalSection
	GlobalSection(SolutionProperties) = preSolution
		HideSolutionNode = FALSE
	EndGlobalSection
	GlobalSection(ExtensibilityGlobals) = postSolution
		SolutionGuid = {C6781858-9E0E-4C50-94BA-9C2C0AC7FD5F}
	EndGlobalSection
EndGlobal
