
Microsoft Visual Studio Solution File, Format Version 12.00
# Visual Studio 15
VisualStudioVersion = 15.0.28307.757
MinimumVisualStudioVersion = 10.0.40219.1
Project("{FAE04EC0-301F-11D3-BF4B-00C04F79EFBC}") = "App_Layout2.Android", "App_Layout2\App_Layout2.Android\App_Layout2.Android.csproj", "{CC3C9735-9AEB-4213-99AC-EB362C74D47E}"
EndProject
Project("{FAE04EC0-301F-11D3-BF4B-00C04F79EFBC}") = "App_Layout2.iOS", "App_Layout2\App_Layout2.iOS\App_Layout2.iOS.csproj", "{8E795F13-A454-437F-A7DB-21FCE501013B}"
EndProject
Project("{FAE04EC0-301F-11D3-BF4B-00C04F79EFBC}") = "App_Layout2.UWP", "App_Layout2\App_Layout2.UWP\App_Layout2.UWP.csproj", "{DD5E21C9-73A4-45B7-9E2E-10D8E4F886D4}"
EndProject
Project("{FAE04EC0-301F-11D3-BF4B-00C04F79EFBC}") = "App_Layout2", "App_Layout2\App_Layout2\App_Layout2.csproj", "{4E815277-4C26-4E39-804C-DEC5C22241CD}"
EndProject
Global
	GlobalSection(SolutionConfigurationPlatforms) = preSolution
		Ad-Hoc|Any CPU = Ad-Hoc|Any CPU
		Ad-Hoc|ARM = Ad-Hoc|ARM
		Ad-Hoc|iPhone = Ad-Hoc|iPhone
		Ad-Hoc|iPhoneSimulator = Ad-Hoc|iPhoneSimulator
		Ad-Hoc|x64 = Ad-Hoc|x64
		Ad-Hoc|x86 = Ad-Hoc|x86
		AppStore|Any CPU = AppStore|Any CPU
		AppStore|ARM = AppStore|ARM
		AppStore|iPhone = AppStore|iPhone
		AppStore|iPhoneSimulator = AppStore|iPhoneSimulator
		AppStore|x64 = AppStore|x64
		AppStore|x86 = AppStore|x86
		Debug|Any CPU = Debug|Any CPU
		Debug|ARM = Debug|ARM
		Debug|iPhone = Debug|iPhone
		Debug|iPhoneSimulator = Debug|iPhoneSimulator
		Debug|x64 = Debug|x64
		Debug|x86 = Debug|x86
		Release|Any CPU = Release|Any CPU
		Release|ARM = Release|ARM
		Release|iPhone = Release|iPhone
		Release|iPhoneSimulator = Release|iPhoneSimulator
		Release|x64 = Release|x64
		Release|x86 = Release|x86
	EndGlobalSection
	GlobalSection(ProjectConfigurationPlatforms) = postSolution
		{CC3C9735-9AEB-4213-99AC-EB362C74D47E}.Ad-Hoc|Any CPU.ActiveCfg = Release|Any CPU
		{CC3C9735-9AEB-4213-99AC-EB362C74D47E}.Ad-Hoc|Any CPU.Build.0 = Release|Any CPU
		{CC3C9735-9AEB-4213-99AC-EB362C74D47E}.Ad-Hoc|Any CPU.Deploy.0 = Release|Any CPU
		{CC3C9735-9AEB-4213-99AC-EB362C74D47E}.Ad-Hoc|ARM.ActiveCfg = Release|Any CPU
		{CC3C9735-9AEB-4213-99AC-EB362C74D47E}.Ad-Hoc|ARM.Build.0 = Release|Any CPU
		{CC3C9735-9AEB-4213-99AC-EB362C74D47E}.Ad-Hoc|ARM.Deploy.0 = Release|Any CPU
		{CC3C9735-9AEB-4213-99AC-EB362C74D47E}.Ad-Hoc|iPhone.ActiveCfg = Release|Any CPU
		{CC3C9735-9AEB-4213-99AC-EB362C74D47E}.Ad-Hoc|iPhone.Build.0 = Release|Any CPU
		{CC3C9735-9AEB-4213-99AC-EB362C74D47E}.Ad-Hoc|iPhone.Deploy.0 = Release|Any CPU
		{CC3C9735-9AEB-4213-99AC-EB362C74D47E}.Ad-Hoc|iPhoneSimulator.ActiveCfg = Release|Any CPU
		{CC3C9735-9AEB-4213-99AC-EB362C74D47E}.Ad-Hoc|iPhoneSimulator.Build.0 = Release|Any CPU
		{CC3C9735-9AEB-4213-99AC-EB362C74D47E}.Ad-Hoc|iPhoneSimulator.Deploy.0 = Release|Any CPU
		{CC3C9735-9AEB-4213-99AC-EB362C74D47E}.Ad-Hoc|x64.ActiveCfg = Release|Any CPU
		{CC3C9735-9AEB-4213-99AC-EB362C74D47E}.Ad-Hoc|x64.Build.0 = Release|Any CPU
		{CC3C9735-9AEB-4213-99AC-EB362C74D47E}.Ad-Hoc|x64.Deploy.0 = Release|Any CPU
		{CC3C9735-9AEB-4213-99AC-EB362C74D47E}.Ad-Hoc|x86.ActiveCfg = Release|Any CPU
		{CC3C9735-9AEB-4213-99AC-EB362C74D47E}.Ad-Hoc|x86.Build.0 = Release|Any CPU
		{CC3C9735-9AEB-4213-99AC-EB362C74D47E}.Ad-Hoc|x86.Deploy.0 = Release|Any CPU
		{CC3C9735-9AEB-4213-99AC-EB362C74D47E}.AppStore|Any CPU.ActiveCfg = Release|Any CPU
		{CC3C9735-9AEB-4213-99AC-EB362C74D47E}.AppStore|Any CPU.Build.0 = Release|Any CPU
		{CC3C9735-9AEB-4213-99AC-EB362C74D47E}.AppStore|Any CPU.Deploy.0 = Release|Any CPU
		{CC3C9735-9AEB-4213-99AC-EB362C74D47E}.AppStore|ARM.ActiveCfg = Release|Any CPU
		{CC3C9735-9AEB-4213-99AC-EB362C74D47E}.AppStore|ARM.Build.0 = Release|Any CPU
		{CC3C9735-9AEB-4213-99AC-EB362C74D47E}.AppStore|ARM.Deploy.0 = Release|Any CPU
		{CC3C9735-9AEB-4213-99AC-EB362C74D47E}.AppStore|iPhone.ActiveCfg = Release|Any CPU
		{CC3C9735-9AEB-4213-99AC-EB362C74D47E}.AppStore|iPhone.Build.0 = Release|Any CPU
		{CC3C9735-9AEB-4213-99AC-EB362C74D47E}.AppStore|iPhone.Deploy.0 = Release|Any CPU
		{CC3C9735-9AEB-4213-99AC-EB362C74D47E}.AppStore|iPhoneSimulator.ActiveCfg = Release|Any CPU
		{CC3C9735-9AEB-4213-99AC-EB362C74D47E}.AppStore|iPhoneSimulator.Build.0 = Release|Any CPU
		{CC3C9735-9AEB-4213-99AC-EB362C74D47E}.AppStore|iPhoneSimulator.Deploy.0 = Release|Any CPU
		{CC3C9735-9AEB-4213-99AC-EB362C74D47E}.AppStore|x64.ActiveCfg = Release|Any CPU
		{CC3C9735-9AEB-4213-99AC-EB362C74D47E}.AppStore|x64.Build.0 = Release|Any CPU
		{CC3C9735-9AEB-4213-99AC-EB362C74D47E}.AppStore|x64.Deploy.0 = Release|Any CPU
		{CC3C9735-9AEB-4213-99AC-EB362C74D47E}.AppStore|x86.ActiveCfg = Release|Any CPU
		{CC3C9735-9AEB-4213-99AC-EB362C74D47E}.AppStore|x86.Build.0 = Release|Any CPU
		{CC3C9735-9AEB-4213-99AC-EB362C74D47E}.AppStore|x86.Deploy.0 = Release|Any CPU
		{CC3C9735-9AEB-4213-99AC-EB362C74D47E}.Debug|Any CPU.ActiveCfg = Debug|Any CPU
		{CC3C9735-9AEB-4213-99AC-EB362C74D47E}.Debug|Any CPU.Build.0 = Debug|Any CPU
		{CC3C9735-9AEB-4213-99AC-EB362C74D47E}.Debug|Any CPU.Deploy.0 = Debug|Any CPU
		{CC3C9735-9AEB-4213-99AC-EB362C74D47E}.Debug|ARM.ActiveCfg = Debug|Any CPU
		{CC3C9735-9AEB-4213-99AC-EB362C74D47E}.Debug|ARM.Build.0 = Debug|Any CPU
		{CC3C9735-9AEB-4213-99AC-EB362C74D47E}.Debug|ARM.Deploy.0 = Debug|Any CPU
		{CC3C9735-9AEB-4213-99AC-EB362C74D47E}.Debug|iPhone.ActiveCfg = Debug|Any CPU
		{CC3C9735-9AEB-4213-99AC-EB362C74D47E}.Debug|iPhone.Build.0 = Debug|Any CPU
		{CC3C9735-9AEB-4213-99AC-EB362C74D47E}.Debug|iPhone.Deploy.0 = Debug|Any CPU
		{CC3C9735-9AEB-4213-99AC-EB362C74D47E}.Debug|iPhoneSimulator.ActiveCfg = Debug|Any CPU
		{CC3C9735-9AEB-4213-99AC-EB362C74D47E}.Debug|iPhoneSimulator.Build.0 = Debug|Any CPU
		{CC3C9735-9AEB-4213-99AC-EB362C74D47E}.Debug|iPhoneSimulator.Deploy.0 = Debug|Any CPU
		{CC3C9735-9AEB-4213-99AC-EB362C74D47E}.Debug|x64.ActiveCfg = Debug|Any CPU
		{CC3C9735-9AEB-4213-99AC-EB362C74D47E}.Debug|x64.Build.0 = Debug|Any CPU
		{CC3C9735-9AEB-4213-99AC-EB362C74D47E}.Debug|x64.Deploy.0 = Debug|Any CPU
		{CC3C9735-9AEB-4213-99AC-EB362C74D47E}.Debug|x86.ActiveCfg = Debug|Any CPU
		{CC3C9735-9AEB-4213-99AC-EB362C74D47E}.Debug|x86.Build.0 = Debug|Any CPU
		{CC3C9735-9AEB-4213-99AC-EB362C74D47E}.Debug|x86.Deploy.0 = Debug|Any CPU
		{CC3C9735-9AEB-4213-99AC-EB362C74D47E}.Release|Any CPU.ActiveCfg = Release|Any CPU
		{CC3C9735-9AEB-4213-99AC-EB362C74D47E}.Release|Any CPU.Build.0 = Release|Any CPU
		{CC3C9735-9AEB-4213-99AC-EB362C74D47E}.Release|Any CPU.Deploy.0 = Release|Any CPU
		{CC3C9735-9AEB-4213-99AC-EB362C74D47E}.Release|ARM.ActiveCfg = Release|Any CPU
		{CC3C9735-9AEB-4213-99AC-EB362C74D47E}.Release|ARM.Build.0 = Release|Any CPU
		{CC3C9735-9AEB-4213-99AC-EB362C74D47E}.Release|ARM.Deploy.0 = Release|Any CPU
		{CC3C9735-9AEB-4213-99AC-EB362C74D47E}.Release|iPhone.ActiveCfg = Release|Any CPU
		{CC3C9735-9AEB-4213-99AC-EB362C74D47E}.Release|iPhone.Build.0 = Release|Any CPU
		{CC3C9735-9AEB-4213-99AC-EB362C74D47E}.Release|iPhone.Deploy.0 = Release|Any CPU
		{CC3C9735-9AEB-4213-99AC-EB362C74D47E}.Release|iPhoneSimulator.ActiveCfg = Release|Any CPU
		{CC3C9735-9AEB-4213-99AC-EB362C74D47E}.Release|iPhoneSimulator.Build.0 = Release|Any CPU
		{CC3C9735-9AEB-4213-99AC-EB362C74D47E}.Release|iPhoneSimulator.Deploy.0 = Release|Any CPU
		{CC3C9735-9AEB-4213-99AC-EB362C74D47E}.Release|x64.ActiveCfg = Release|Any CPU
		{CC3C9735-9AEB-4213-99AC-EB362C74D47E}.Release|x64.Build.0 = Release|Any CPU
		{CC3C9735-9AEB-4213-99AC-EB362C74D47E}.Release|x64.Deploy.0 = Release|Any CPU
		{CC3C9735-9AEB-4213-99AC-EB362C74D47E}.Release|x86.ActiveCfg = Release|Any CPU
		{CC3C9735-9AEB-4213-99AC-EB362C74D47E}.Release|x86.Build.0 = Release|Any CPU
		{CC3C9735-9AEB-4213-99AC-EB362C74D47E}.Release|x86.Deploy.0 = Release|Any CPU
		{8E795F13-A454-437F-A7DB-21FCE501013B}.Ad-Hoc|Any CPU.ActiveCfg = Ad-Hoc|iPhone
		{8E795F13-A454-437F-A7DB-21FCE501013B}.Ad-Hoc|Any CPU.Build.0 = Ad-Hoc|iPhone
		{8E795F13-A454-437F-A7DB-21FCE501013B}.Ad-Hoc|Any CPU.Deploy.0 = Ad-Hoc|iPhone
		{8E795F13-A454-437F-A7DB-21FCE501013B}.Ad-Hoc|ARM.ActiveCfg = Ad-Hoc|iPhone
		{8E795F13-A454-437F-A7DB-21FCE501013B}.Ad-Hoc|ARM.Build.0 = Ad-Hoc|iPhone
		{8E795F13-A454-437F-A7DB-21FCE501013B}.Ad-Hoc|ARM.Deploy.0 = Ad-Hoc|iPhone
		{8E795F13-A454-437F-A7DB-21FCE501013B}.Ad-Hoc|iPhone.ActiveCfg = Ad-Hoc|iPhone
		{8E795F13-A454-437F-A7DB-21FCE501013B}.Ad-Hoc|iPhone.Build.0 = Ad-Hoc|iPhone
		{8E795F13-A454-437F-A7DB-21FCE501013B}.Ad-Hoc|iPhone.Deploy.0 = Ad-Hoc|iPhone
		{8E795F13-A454-437F-A7DB-21FCE501013B}.Ad-Hoc|iPhoneSimulator.ActiveCfg = Ad-Hoc|iPhoneSimulator
		{8E795F13-A454-437F-A7DB-21FCE501013B}.Ad-Hoc|iPhoneSimulator.Build.0 = Ad-Hoc|iPhoneSimulator
		{8E795F13-A454-437F-A7DB-21FCE501013B}.Ad-Hoc|iPhoneSimulator.Deploy.0 = Ad-Hoc|iPhoneSimulator
		{8E795F13-A454-437F-A7DB-21FCE501013B}.Ad-Hoc|x64.ActiveCfg = Ad-Hoc|iPhone
		{8E795F13-A454-437F-A7DB-21FCE501013B}.Ad-Hoc|x64.Build.0 = Ad-Hoc|iPhone
		{8E795F13-A454-437F-A7DB-21FCE501013B}.Ad-Hoc|x64.Deploy.0 = Ad-Hoc|iPhone
		{8E795F13-A454-437F-A7DB-21FCE501013B}.Ad-Hoc|x86.ActiveCfg = Ad-Hoc|iPhone
		{8E795F13-A454-437F-A7DB-21FCE501013B}.Ad-Hoc|x86.Build.0 = Ad-Hoc|iPhone
		{8E795F13-A454-437F-A7DB-21FCE501013B}.Ad-Hoc|x86.Deploy.0 = Ad-Hoc|iPhone
		{8E795F13-A454-437F-A7DB-21FCE501013B}.AppStore|Any CPU.ActiveCfg = AppStore|iPhone
		{8E795F13-A454-437F-A7DB-21FCE501013B}.AppStore|Any CPU.Build.0 = AppStore|iPhone
		{8E795F13-A454-437F-A7DB-21FCE501013B}.AppStore|Any CPU.Deploy.0 = AppStore|iPhone
		{8E795F13-A454-437F-A7DB-21FCE501013B}.AppStore|ARM.ActiveCfg = AppStore|iPhone
		{8E795F13-A454-437F-A7DB-21FCE501013B}.AppStore|ARM.Build.0 = AppStore|iPhone
		{8E795F13-A454-437F-A7DB-21FCE501013B}.AppStore|ARM.Deploy.0 = AppStore|iPhone
		{8E795F13-A454-437F-A7DB-21FCE501013B}.AppStore|iPhone.ActiveCfg = AppStore|iPhone
		{8E795F13-A454-437F-A7DB-21FCE501013B}.AppStore|iPhone.Build.0 = AppStore|iPhone
		{8E795F13-A454-437F-A7DB-21FCE501013B}.AppStore|iPhone.Deploy.0 = AppStore|iPhone
		{8E795F13-A454-437F-A7DB-21FCE501013B}.AppStore|iPhoneSimulator.ActiveCfg = AppStore|iPhoneSimulator
		{8E795F13-A454-437F-A7DB-21FCE501013B}.AppStore|iPhoneSimulator.Build.0 = AppStore|iPhoneSimulator
		{8E795F13-A454-437F-A7DB-21FCE501013B}.AppStore|iPhoneSimulator.Deploy.0 = AppStore|iPhoneSimulator
		{8E795F13-A454-437F-A7DB-21FCE501013B}.AppStore|x64.ActiveCfg = AppStore|iPhone
		{8E795F13-A454-437F-A7DB-21FCE501013B}.AppStore|x64.Build.0 = AppStore|iPhone
		{8E795F13-A454-437F-A7DB-21FCE501013B}.AppStore|x64.Deploy.0 = AppStore|iPhone
		{8E795F13-A454-437F-A7DB-21FCE501013B}.AppStore|x86.ActiveCfg = AppStore|iPhone
		{8E795F13-A454-437F-A7DB-21FCE501013B}.AppStore|x86.Build.0 = AppStore|iPhone
		{8E795F13-A454-437F-A7DB-21FCE501013B}.AppStore|x86.Deploy.0 = AppStore|iPhone
		{8E795F13-A454-437F-A7DB-21FCE501013B}.Debug|Any CPU.ActiveCfg = Debug|iPhoneSimulator
		{8E795F13-A454-437F-A7DB-21FCE501013B}.Debug|Any CPU.Build.0 = Debug|iPhoneSimulator
		{8E795F13-A454-437F-A7DB-21FCE501013B}.Debug|Any CPU.Deploy.0 = Debug|iPhoneSimulator
		{8E795F13-A454-437F-A7DB-21FCE501013B}.Debug|ARM.ActiveCfg = Debug|iPhone
		{8E795F13-A454-437F-A7DB-21FCE501013B}.Debug|ARM.Build.0 = Debug|iPhone
		{8E795F13-A454-437F-A7DB-21FCE501013B}.Debug|ARM.Deploy.0 = Debug|iPhone
		{8E795F13-A454-437F-A7DB-21FCE501013B}.Debug|iPhone.ActiveCfg = Debug|iPhone
		{8E795F13-A454-437F-A7DB-21FCE501013B}.Debug|iPhone.Build.0 = Debug|iPhone
		{8E795F13-A454-437F-A7DB-21FCE501013B}.Debug|iPhone.Deploy.0 = Debug|iPhone
		{8E795F13-A454-437F-A7DB-21FCE501013B}.Debug|iPhoneSimulator.ActiveCfg = Debug|iPhoneSimulator
		{8E795F13-A454-437F-A7DB-21FCE501013B}.Debug|iPhoneSimulator.Build.0 = Debug|iPhoneSimulator
		{8E795F13-A454-437F-A7DB-21FCE501013B}.Debug|iPhoneSimulator.Deploy.0 = Debug|iPhoneSimulator
		{8E795F13-A454-437F-A7DB-21FCE501013B}.Debug|x64.ActiveCfg = Debug|iPhone
		{8E795F13-A454-437F-A7DB-21FCE501013B}.Debug|x64.Build.0 = Debug|iPhone
		{8E795F13-A454-437F-A7DB-21FCE501013B}.Debug|x64.Deploy.0 = Debug|iPhone
		{8E795F13-A454-437F-A7DB-21FCE501013B}.Debug|x86.ActiveCfg = Debug|iPhone
		{8E795F13-A454-437F-A7DB-21FCE501013B}.Debug|x86.Build.0 = Debug|iPhone
		{8E795F13-A454-437F-A7DB-21FCE501013B}.Debug|x86.Deploy.0 = Debug|iPhone
		{8E795F13-A454-437F-A7DB-21FCE501013B}.Release|Any CPU.ActiveCfg = Release|iPhone
		{8E795F13-A454-437F-A7DB-21FCE501013B}.Release|Any CPU.Build.0 = Release|iPhone
		{8E795F13-A454-437F-A7DB-21FCE501013B}.Release|Any CPU.Deploy.0 = Release|iPhone
		{8E795F13-A454-437F-A7DB-21FCE501013B}.Release|ARM.ActiveCfg = Release|iPhone
		{8E795F13-A454-437F-A7DB-21FCE501013B}.Release|ARM.Build.0 = Release|iPhone
		{8E795F13-A454-437F-A7DB-21FCE501013B}.Release|ARM.Deploy.0 = Release|iPhone
		{8E795F13-A454-437F-A7DB-21FCE501013B}.Release|iPhone.ActiveCfg = Release|iPhone
		{8E795F13-A454-437F-A7DB-21FCE501013B}.Release|iPhone.Build.0 = Release|iPhone
		{8E795F13-A454-437F-A7DB-21FCE501013B}.Release|iPhone.Deploy.0 = Release|iPhone
		{8E795F13-A454-437F-A7DB-21FCE501013B}.Release|iPhoneSimulator.ActiveCfg = Release|iPhoneSimulator
		{8E795F13-A454-437F-A7DB-21FCE501013B}.Release|iPhoneSimulator.Build.0 = Release|iPhoneSimulator
		{8E795F13-A454-437F-A7DB-21FCE501013B}.Release|iPhoneSimulator.Deploy.0 = Release|iPhoneSimulator
		{8E795F13-A454-437F-A7DB-21FCE501013B}.Release|x64.ActiveCfg = Release|iPhone
		{8E795F13-A454-437F-A7DB-21FCE501013B}.Release|x64.Build.0 = Release|iPhone
		{8E795F13-A454-437F-A7DB-21FCE501013B}.Release|x64.Deploy.0 = Release|iPhone
		{8E795F13-A454-437F-A7DB-21FCE501013B}.Release|x86.ActiveCfg = Release|iPhone
		{8E795F13-A454-437F-A7DB-21FCE501013B}.Release|x86.Build.0 = Release|iPhone
		{8E795F13-A454-437F-A7DB-21FCE501013B}.Release|x86.Deploy.0 = Release|iPhone
		{DD5E21C9-73A4-45B7-9E2E-10D8E4F886D4}.Ad-Hoc|Any CPU.ActiveCfg = Release|x86
		{DD5E21C9-73A4-45B7-9E2E-10D8E4F886D4}.Ad-Hoc|Any CPU.Build.0 = Release|x86
		{DD5E21C9-73A4-45B7-9E2E-10D8E4F886D4}.Ad-Hoc|Any CPU.Deploy.0 = Release|x86
		{DD5E21C9-73A4-45B7-9E2E-10D8E4F886D4}.Ad-Hoc|ARM.ActiveCfg = Release|ARM
		{DD5E21C9-73A4-45B7-9E2E-10D8E4F886D4}.Ad-Hoc|ARM.Build.0 = Release|ARM
		{DD5E21C9-73A4-45B7-9E2E-10D8E4F886D4}.Ad-Hoc|ARM.Deploy.0 = Release|ARM
		{DD5E21C9-73A4-45B7-9E2E-10D8E4F886D4}.Ad-Hoc|iPhone.ActiveCfg = Release|x86
		{DD5E21C9-73A4-45B7-9E2E-10D8E4F886D4}.Ad-Hoc|iPhone.Build.0 = Release|x86
		{DD5E21C9-73A4-45B7-9E2E-10D8E4F886D4}.Ad-Hoc|iPhone.Deploy.0 = Release|x86
		{DD5E21C9-73A4-45B7-9E2E-10D8E4F886D4}.Ad-Hoc|iPhoneSimulator.ActiveCfg = Release|x86
		{DD5E21C9-73A4-45B7-9E2E-10D8E4F886D4}.Ad-Hoc|iPhoneSimulator.Build.0 = Release|x86
		{DD5E21C9-73A4-45B7-9E2E-10D8E4F886D4}.Ad-Hoc|iPhoneSimulator.Deploy.0 = Release|x86
		{DD5E21C9-73A4-45B7-9E2E-10D8E4F886D4}.Ad-Hoc|x64.ActiveCfg = Release|x64
		{DD5E21C9-73A4-45B7-9E2E-10D8E4F886D4}.Ad-Hoc|x64.Build.0 = Release|x64
		{DD5E21C9-73A4-45B7-9E2E-10D8E4F886D4}.Ad-Hoc|x64.Deploy.0 = Release|x64
		{DD5E21C9-73A4-45B7-9E2E-10D8E4F886D4}.Ad-Hoc|x86.ActiveCfg = Release|x86
		{DD5E21C9-73A4-45B7-9E2E-10D8E4F886D4}.Ad-Hoc|x86.Build.0 = Release|x86
		{DD5E21C9-73A4-45B7-9E2E-10D8E4F886D4}.Ad-Hoc|x86.Deploy.0 = Release|x86
		{DD5E21C9-73A4-45B7-9E2E-10D8E4F886D4}.AppStore|Any CPU.ActiveCfg = Release|x86
		{DD5E21C9-73A4-45B7-9E2E-10D8E4F886D4}.AppStore|Any CPU.Build.0 = Release|x86
		{DD5E21C9-73A4-45B7-9E2E-10D8E4F886D4}.AppStore|Any CPU.Deploy.0 = Release|x86
		{DD5E21C9-73A4-45B7-9E2E-10D8E4F886D4}.AppStore|ARM.ActiveCfg = Release|ARM
		{DD5E21C9-73A4-45B7-9E2E-10D8E4F886D4}.AppStore|ARM.Build.0 = Release|ARM
		{DD5E21C9-73A4-45B7-9E2E-10D8E4F886D4}.AppStore|ARM.Deploy.0 = Release|ARM
		{DD5E21C9-73A4-45B7-9E2E-10D8E4F886D4}.AppStore|iPhone.ActiveCfg = Release|x86
		{DD5E21C9-73A4-45B7-9E2E-10D8E4F886D4}.AppStore|iPhone.Build.0 = Release|x86
		{DD5E21C9-73A4-45B7-9E2E-10D8E4F886D4}.AppStore|iPhone.Deploy.0 = Release|x86
		{DD5E21C9-73A4-45B7-9E2E-10D8E4F886D4}.AppStore|iPhoneSimulator.ActiveCfg = Release|x86
		{DD5E21C9-73A4-45B7-9E2E-10D8E4F886D4}.AppStore|iPhoneSimulator.Build.0 = Release|x86
		{DD5E21C9-73A4-45B7-9E2E-10D8E4F886D4}.AppStore|iPhoneSimulator.Deploy.0 = Release|x86
		{DD5E21C9-73A4-45B7-9E2E-10D8E4F886D4}.AppStore|x64.ActiveCfg = Release|x64
		{DD5E21C9-73A4-45B7-9E2E-10D8E4F886D4}.AppStore|x64.Build.0 = Release|x64
		{DD5E21C9-73A4-45B7-9E2E-10D8E4F886D4}.AppStore|x64.Deploy.0 = Release|x64
		{DD5E21C9-73A4-45B7-9E2E-10D8E4F886D4}.AppStore|x86.ActiveCfg = Release|x86
		{DD5E21C9-73A4-45B7-9E2E-10D8E4F886D4}.AppStore|x86.Build.0 = Release|x86
		{DD5E21C9-73A4-45B7-9E2E-10D8E4F886D4}.AppStore|x86.Deploy.0 = Release|x86
		{DD5E21C9-73A4-45B7-9E2E-10D8E4F886D4}.Debug|Any CPU.ActiveCfg = Debug|x86
		{DD5E21C9-73A4-45B7-9E2E-10D8E4F886D4}.Debug|Any CPU.Build.0 = Debug|x86
		{DD5E21C9-73A4-45B7-9E2E-10D8E4F886D4}.Debug|Any CPU.Deploy.0 = Debug|x86
		{DD5E21C9-73A4-45B7-9E2E-10D8E4F886D4}.Debug|ARM.ActiveCfg = Debug|ARM
		{DD5E21C9-73A4-45B7-9E2E-10D8E4F886D4}.Debug|ARM.Build.0 = Debug|ARM
		{DD5E21C9-73A4-45B7-9E2E-10D8E4F886D4}.Debug|ARM.Deploy.0 = Debug|ARM
		{DD5E21C9-73A4-45B7-9E2E-10D8E4F886D4}.Debug|iPhone.ActiveCfg = Debug|x86
		{DD5E21C9-73A4-45B7-9E2E-10D8E4F886D4}.Debug|iPhone.Build.0 = Debug|x86
		{DD5E21C9-73A4-45B7-9E2E-10D8E4F886D4}.Debug|iPhone.Deploy.0 = Debug|x86
		{DD5E21C9-73A4-45B7-9E2E-10D8E4F886D4}.Debug|iPhoneSimulator.ActiveCfg = Debug|x86
		{DD5E21C9-73A4-45B7-9E2E-10D8E4F886D4}.Debug|iPhoneSimulator.Build.0 = Debug|x86
		{DD5E21C9-73A4-45B7-9E2E-10D8E4F886D4}.Debug|iPhoneSimulator.Deploy.0 = Debug|x86
		{DD5E21C9-73A4-45B7-9E2E-10D8E4F886D4}.Debug|x64.ActiveCfg = Debug|x64
		{DD5E21C9-73A4-45B7-9E2E-10D8E4F886D4}.Debug|x64.Build.0 = Debug|x64
		{DD5E21C9-73A4-45B7-9E2E-10D8E4F886D4}.Debug|x64.Deploy.0 = Debug|x64
		{DD5E21C9-73A4-45B7-9E2E-10D8E4F886D4}.Debug|x86.ActiveCfg = Debug|x86
		{DD5E21C9-73A4-45B7-9E2E-10D8E4F886D4}.Debug|x86.Build.0 = Debug|x86
		{DD5E21C9-73A4-45B7-9E2E-10D8E4F886D4}.Debug|x86.Deploy.0 = Debug|x86
		{DD5E21C9-73A4-45B7-9E2E-10D8E4F886D4}.Release|Any CPU.ActiveCfg = Release|x86
		{DD5E21C9-73A4-45B7-9E2E-10D8E4F886D4}.Release|Any CPU.Build.0 = Release|x86
		{DD5E21C9-73A4-45B7-9E2E-10D8E4F886D4}.Release|Any CPU.Deploy.0 = Release|x86
		{DD5E21C9-73A4-45B7-9E2E-10D8E4F886D4}.Release|ARM.ActiveCfg = Release|ARM
		{DD5E21C9-73A4-45B7-9E2E-10D8E4F886D4}.Release|ARM.Build.0 = Release|ARM
		{DD5E21C9-73A4-45B7-9E2E-10D8E4F886D4}.Release|ARM.Deploy.0 = Release|ARM
		{DD5E21C9-73A4-45B7-9E2E-10D8E4F886D4}.Release|iPhone.ActiveCfg = Release|x86
		{DD5E21C9-73A4-45B7-9E2E-10D8E4F886D4}.Release|iPhone.Build.0 = Release|x86
		{DD5E21C9-73A4-45B7-9E2E-10D8E4F886D4}.Release|iPhone.Deploy.0 = Release|x86
		{DD5E21C9-73A4-45B7-9E2E-10D8E4F886D4}.Release|iPhoneSimulator.ActiveCfg = Release|x86
		{DD5E21C9-73A4-45B7-9E2E-10D8E4F886D4}.Release|iPhoneSimulator.Build.0 = Release|x86
		{DD5E21C9-73A4-45B7-9E2E-10D8E4F886D4}.Release|iPhoneSimulator.Deploy.0 = Release|x86
		{DD5E21C9-73A4-45B7-9E2E-10D8E4F886D4}.Release|x64.ActiveCfg = Release|x64
		{DD5E21C9-73A4-45B7-9E2E-10D8E4F886D4}.Release|x64.Build.0 = Release|x64
		{DD5E21C9-73A4-45B7-9E2E-10D8E4F886D4}.Release|x64.Deploy.0 = Release|x64
		{DD5E21C9-73A4-45B7-9E2E-10D8E4F886D4}.Release|x86.ActiveCfg = Release|x86
		{DD5E21C9-73A4-45B7-9E2E-10D8E4F886D4}.Release|x86.Build.0 = Release|x86
		{DD5E21C9-73A4-45B7-9E2E-10D8E4F886D4}.Release|x86.Deploy.0 = Release|x86
		{4E815277-4C26-4E39-804C-DEC5C22241CD}.Ad-Hoc|Any CPU.ActiveCfg = Debug|Any CPU
		{4E815277-4C26-4E39-804C-DEC5C22241CD}.Ad-Hoc|Any CPU.Build.0 = Debug|Any CPU
		{4E815277-4C26-4E39-804C-DEC5C22241CD}.Ad-Hoc|Any CPU.Deploy.0 = Debug|Any CPU
		{4E815277-4C26-4E39-804C-DEC5C22241CD}.Ad-Hoc|ARM.ActiveCfg = Debug|Any CPU
		{4E815277-4C26-4E39-804C-DEC5C22241CD}.Ad-Hoc|ARM.Build.0 = Debug|Any CPU
		{4E815277-4C26-4E39-804C-DEC5C22241CD}.Ad-Hoc|ARM.Deploy.0 = Debug|Any CPU
		{4E815277-4C26-4E39-804C-DEC5C22241CD}.Ad-Hoc|iPhone.ActiveCfg = Debug|Any CPU
		{4E815277-4C26-4E39-804C-DEC5C22241CD}.Ad-Hoc|iPhone.Build.0 = Debug|Any CPU
		{4E815277-4C26-4E39-804C-DEC5C22241CD}.Ad-Hoc|iPhone.Deploy.0 = Debug|Any CPU
		{4E815277-4C26-4E39-804C-DEC5C22241CD}.Ad-Hoc|iPhoneSimulator.ActiveCfg = Debug|Any CPU
		{4E815277-4C26-4E39-804C-DEC5C22241CD}.Ad-Hoc|iPhoneSimulator.Build.0 = Debug|Any CPU
		{4E815277-4C26-4E39-804C-DEC5C22241CD}.Ad-Hoc|iPhoneSimulator.Deploy.0 = Debug|Any CPU
		{4E815277-4C26-4E39-804C-DEC5C22241CD}.Ad-Hoc|x64.ActiveCfg = Debug|Any CPU
		{4E815277-4C26-4E39-804C-DEC5C22241CD}.Ad-Hoc|x64.Build.0 = Debug|Any CPU
		{4E815277-4C26-4E39-804C-DEC5C22241CD}.Ad-Hoc|x64.Deploy.0 = Debug|Any CPU
		{4E815277-4C26-4E39-804C-DEC5C22241CD}.Ad-Hoc|x86.ActiveCfg = Debug|Any CPU
		{4E815277-4C26-4E39-804C-DEC5C22241CD}.Ad-Hoc|x86.Build.0 = Debug|Any CPU
		{4E815277-4C26-4E39-804C-DEC5C22241CD}.Ad-Hoc|x86.Deploy.0 = Debug|Any CPU
		{4E815277-4C26-4E39-804C-DEC5C22241CD}.AppStore|Any CPU.ActiveCfg = Debug|Any CPU
		{4E815277-4C26-4E39-804C-DEC5C22241CD}.AppStore|Any CPU.Build.0 = Debug|Any CPU
		{4E815277-4C26-4E39-804C-DEC5C22241CD}.AppStore|Any CPU.Deploy.0 = Debug|Any CPU
		{4E815277-4C26-4E39-804C-DEC5C22241CD}.AppStore|ARM.ActiveCfg = Debug|Any CPU
		{4E815277-4C26-4E39-804C-DEC5C22241CD}.AppStore|ARM.Build.0 = Debug|Any CPU
		{4E815277-4C26-4E39-804C-DEC5C22241CD}.AppStore|ARM.Deploy.0 = Debug|Any CPU
		{4E815277-4C26-4E39-804C-DEC5C22241CD}.AppStore|iPhone.ActiveCfg = Debug|Any CPU
		{4E815277-4C26-4E39-804C-DEC5C22241CD}.AppStore|iPhone.Build.0 = Debug|Any CPU
		{4E815277-4C26-4E39-804C-DEC5C22241CD}.AppStore|iPhone.Deploy.0 = Debug|Any CPU
		{4E815277-4C26-4E39-804C-DEC5C22241CD}.AppStore|iPhoneSimulator.ActiveCfg = Debug|Any CPU
		{4E815277-4C26-4E39-804C-DEC5C22241CD}.AppStore|iPhoneSimulator.Build.0 = Debug|Any CPU
		{4E815277-4C26-4E39-804C-DEC5C22241CD}.AppStore|iPhoneSimulator.Deploy.0 = Debug|Any CPU
		{4E815277-4C26-4E39-804C-DEC5C22241CD}.AppStore|x64.ActiveCfg = Debug|Any CPU
		{4E815277-4C26-4E39-804C-DEC5C22241CD}.AppStore|x64.Build.0 = Debug|Any CPU
		{4E815277-4C26-4E39-804C-DEC5C22241CD}.AppStore|x64.Deploy.0 = Debug|Any CPU
		{4E815277-4C26-4E39-804C-DEC5C22241CD}.AppStore|x86.ActiveCfg = Debug|Any CPU
		{4E815277-4C26-4E39-804C-DEC5C22241CD}.AppStore|x86.Build.0 = Debug|Any CPU
		{4E815277-4C26-4E39-804C-DEC5C22241CD}.AppStore|x86.Deploy.0 = Debug|Any CPU
		{4E815277-4C26-4E39-804C-DEC5C22241CD}.Debug|Any CPU.ActiveCfg = Debug|Any CPU
		{4E815277-4C26-4E39-804C-DEC5C22241CD}.Debug|Any CPU.Build.0 = Debug|Any CPU
		{4E815277-4C26-4E39-804C-DEC5C22241CD}.Debug|Any CPU.Deploy.0 = Debug|Any CPU
		{4E815277-4C26-4E39-804C-DEC5C22241CD}.Debug|ARM.ActiveCfg = Debug|Any CPU
		{4E815277-4C26-4E39-804C-DEC5C22241CD}.Debug|ARM.Build.0 = Debug|Any CPU
		{4E815277-4C26-4E39-804C-DEC5C22241CD}.Debug|ARM.Deploy.0 = Debug|Any CPU
		{4E815277-4C26-4E39-804C-DEC5C22241CD}.Debug|iPhone.ActiveCfg = Debug|Any CPU
		{4E815277-4C26-4E39-804C-DEC5C22241CD}.Debug|iPhone.Build.0 = Debug|Any CPU
		{4E815277-4C26-4E39-804C-DEC5C22241CD}.Debug|iPhone.Deploy.0 = Debug|Any CPU
		{4E815277-4C26-4E39-804C-DEC5C22241CD}.Debug|iPhoneSimulator.ActiveCfg = Debug|Any CPU
		{4E815277-4C26-4E39-804C-DEC5C22241CD}.Debug|iPhoneSimulator.Build.0 = Debug|Any CPU
		{4E815277-4C26-4E39-804C-DEC5C22241CD}.Debug|iPhoneSimulator.Deploy.0 = Debug|Any CPU
		{4E815277-4C26-4E39-804C-DEC5C22241CD}.Debug|x64.ActiveCfg = Debug|Any CPU
		{4E815277-4C26-4E39-804C-DEC5C22241CD}.Debug|x64.Build.0 = Debug|Any CPU
		{4E815277-4C26-4E39-804C-DEC5C22241CD}.Debug|x64.Deploy.0 = Debug|Any CPU
		{4E815277-4C26-4E39-804C-DEC5C22241CD}.Debug|x86.ActiveCfg = Debug|Any CPU
		{4E815277-4C26-4E39-804C-DEC5C22241CD}.Debug|x86.Build.0 = Debug|Any CPU
		{4E815277-4C26-4E39-804C-DEC5C22241CD}.Debug|x86.Deploy.0 = Debug|Any CPU
		{4E815277-4C26-4E39-804C-DEC5C22241CD}.Release|Any CPU.ActiveCfg = Release|Any CPU
		{4E815277-4C26-4E39-804C-DEC5C22241CD}.Release|Any CPU.Build.0 = Release|Any CPU
		{4E815277-4C26-4E39-804C-DEC5C22241CD}.Release|Any CPU.Deploy.0 = Release|Any CPU
		{4E815277-4C26-4E39-804C-DEC5C22241CD}.Release|ARM.ActiveCfg = Release|Any CPU
		{4E815277-4C26-4E39-804C-DEC5C22241CD}.Release|ARM.Build.0 = Release|Any CPU
		{4E815277-4C26-4E39-804C-DEC5C22241CD}.Release|ARM.Deploy.0 = Release|Any CPU
		{4E815277-4C26-4E39-804C-DEC5C22241CD}.Release|iPhone.ActiveCfg = Release|Any CPU
		{4E815277-4C26-4E39-804C-DEC5C22241CD}.Release|iPhone.Build.0 = Release|Any CPU
		{4E815277-4C26-4E39-804C-DEC5C22241CD}.Release|iPhone.Deploy.0 = Release|Any CPU
		{4E815277-4C26-4E39-804C-DEC5C22241CD}.Release|iPhoneSimulator.ActiveCfg = Release|Any CPU
		{4E815277-4C26-4E39-804C-DEC5C22241CD}.Release|iPhoneSimulator.Build.0 = Release|Any CPU
		{4E815277-4C26-4E39-804C-DEC5C22241CD}.Release|iPhoneSimulator.Deploy.0 = Release|Any CPU
		{4E815277-4C26-4E39-804C-DEC5C22241CD}.Release|x64.ActiveCfg = Release|Any CPU
		{4E815277-4C26-4E39-804C-DEC5C22241CD}.Release|x64.Build.0 = Release|Any CPU
		{4E815277-4C26-4E39-804C-DEC5C22241CD}.Release|x64.Deploy.0 = Release|Any CPU
		{4E815277-4C26-4E39-804C-DEC5C22241CD}.Release|x86.ActiveCfg = Release|Any CPU
		{4E815277-4C26-4E39-804C-DEC5C22241CD}.Release|x86.Build.0 = Release|Any CPU
		{4E815277-4C26-4E39-804C-DEC5C22241CD}.Release|x86.Deploy.0 = Release|Any CPU
	EndGlobalSection
	GlobalSection(SolutionProperties) = preSolution
		HideSolutionNode = FALSE
	EndGlobalSection
	GlobalSection(ExtensibilityGlobals) = postSolution
		SolutionGuid = {B81CEB64-7BC9-462A-9925-8B2F876339EA}
	EndGlobalSection
EndGlobal
