
Microsoft Visual Studio Solution File, Format Version 12.00
# Visual Studio 15
VisualStudioVersion = 15.0.28307.757
MinimumVisualStudioVersion = 10.0.40219.1
Project("{FAE04EC0-301F-11D3-BF4B-00C04F79EFBC}") = "App_JWT.Android", "App_JWT\App_JWT.Android\App_JWT.Android.csproj", "{B905D4E6-3A41-4598-B470-5E49BF8C7D02}"
EndProject
Project("{FAE04EC0-301F-11D3-BF4B-00C04F79EFBC}") = "App_JWT.iOS", "App_JWT\App_JWT.iOS\App_JWT.iOS.csproj", "{6D8B7FCA-BEC7-4273-9A1D-33B0DCBEFBED}"
EndProject
Project("{FAE04EC0-301F-11D3-BF4B-00C04F79EFBC}") = "App_JWT.UWP", "App_JWT\App_JWT.UWP\App_JWT.UWP.csproj", "{B5705994-3A27-469A-8DF0-A5B81E9E7E76}"
EndProject
Project("{FAE04EC0-301F-11D3-BF4B-00C04F79EFBC}") = "App_JWT", "App_JWT\App_JWT\App_JWT.csproj", "{60024A60-6526-42D6-B8FC-E2B6DD7D0D66}"
EndProject
Global
	GlobalSection(SolutionConfigurationPlatforms) = preSolution
		Ad-Hoc|Any CPU = Ad-Hoc|Any CPU
		Ad-Hoc|ARM = Ad-Hoc|ARM
		Ad-Hoc|iPhone = Ad-Hoc|iPhone
		Ad-Hoc|iPhoneSimulator = Ad-Hoc|iPhoneSimulator
		Ad-Hoc|x64 = Ad-Hoc|x64
		Ad-Hoc|x86 = Ad-Hoc|x86
		AppStore|Any CPU = AppStore|Any CPU
		AppStore|ARM = AppStore|ARM
		AppStore|iPhone = AppStore|iPhone
		AppStore|iPhoneSimulator = AppStore|iPhoneSimulator
		AppStore|x64 = AppStore|x64
		AppStore|x86 = AppStore|x86
		Debug|Any CPU = Debug|Any CPU
		Debug|ARM = Debug|ARM
		Debug|iPhone = Debug|iPhone
		Debug|iPhoneSimulator = Debug|iPhoneSimulator
		Debug|x64 = Debug|x64
		Debug|x86 = Debug|x86
		Release|Any CPU = Release|Any CPU
		Release|ARM = Release|ARM
		Release|iPhone = Release|iPhone
		Release|iPhoneSimulator = Release|iPhoneSimulator
		Release|x64 = Release|x64
		Release|x86 = Release|x86
	EndGlobalSection
	GlobalSection(ProjectConfigurationPlatforms) = postSolution
		{B905D4E6-3A41-4598-B470-5E49BF8C7D02}.Ad-Hoc|Any CPU.ActiveCfg = Release|Any CPU
		{B905D4E6-3A41-4598-B470-5E49BF8C7D02}.Ad-Hoc|Any CPU.Build.0 = Release|Any CPU
		{B905D4E6-3A41-4598-B470-5E49BF8C7D02}.Ad-Hoc|Any CPU.Deploy.0 = Release|Any CPU
		{B905D4E6-3A41-4598-B470-5E49BF8C7D02}.Ad-Hoc|ARM.ActiveCfg = Release|Any CPU
		{B905D4E6-3A41-4598-B470-5E49BF8C7D02}.Ad-Hoc|ARM.Build.0 = Release|Any CPU
		{B905D4E6-3A41-4598-B470-5E49BF8C7D02}.Ad-Hoc|ARM.Deploy.0 = Release|Any CPU
		{B905D4E6-3A41-4598-B470-5E49BF8C7D02}.Ad-Hoc|iPhone.ActiveCfg = Release|Any CPU
		{B905D4E6-3A41-4598-B470-5E49BF8C7D02}.Ad-Hoc|iPhone.Build.0 = Release|Any CPU
		{B905D4E6-3A41-4598-B470-5E49BF8C7D02}.Ad-Hoc|iPhone.Deploy.0 = Release|Any CPU
		{B905D4E6-3A41-4598-B470-5E49BF8C7D02}.Ad-Hoc|iPhoneSimulator.ActiveCfg = Release|Any CPU
		{B905D4E6-3A41-4598-B470-5E49BF8C7D02}.Ad-Hoc|iPhoneSimulator.Build.0 = Release|Any CPU
		{B905D4E6-3A41-4598-B470-5E49BF8C7D02}.Ad-Hoc|iPhoneSimulator.Deploy.0 = Release|Any CPU
		{B905D4E6-3A41-4598-B470-5E49BF8C7D02}.Ad-Hoc|x64.ActiveCfg = Release|Any CPU
		{B905D4E6-3A41-4598-B470-5E49BF8C7D02}.Ad-Hoc|x64.Build.0 = Release|Any CPU
		{B905D4E6-3A41-4598-B470-5E49BF8C7D02}.Ad-Hoc|x64.Deploy.0 = Release|Any CPU
		{B905D4E6-3A41-4598-B470-5E49BF8C7D02}.Ad-Hoc|x86.ActiveCfg = Release|Any CPU
		{B905D4E6-3A41-4598-B470-5E49BF8C7D02}.Ad-Hoc|x86.Build.0 = Release|Any CPU
		{B905D4E6-3A41-4598-B470-5E49BF8C7D02}.Ad-Hoc|x86.Deploy.0 = Release|Any CPU
		{B905D4E6-3A41-4598-B470-5E49BF8C7D02}.AppStore|Any CPU.ActiveCfg = Release|Any CPU
		{B905D4E6-3A41-4598-B470-5E49BF8C7D02}.AppStore|Any CPU.Build.0 = Release|Any CPU
		{B905D4E6-3A41-4598-B470-5E49BF8C7D02}.AppStore|Any CPU.Deploy.0 = Release|Any CPU
		{B905D4E6-3A41-4598-B470-5E49BF8C7D02}.AppStore|ARM.ActiveCfg = Release|Any CPU
		{B905D4E6-3A41-4598-B470-5E49BF8C7D02}.AppStore|ARM.Build.0 = Release|Any CPU
		{B905D4E6-3A41-4598-B470-5E49BF8C7D02}.AppStore|ARM.Deploy.0 = Release|Any CPU
		{B905D4E6-3A41-4598-B470-5E49BF8C7D02}.AppStore|iPhone.ActiveCfg = Release|Any CPU
		{B905D4E6-3A41-4598-B470-5E49BF8C7D02}.AppStore|iPhone.Build.0 = Release|Any CPU
		{B905D4E6-3A41-4598-B470-5E49BF8C7D02}.AppStore|iPhone.Deploy.0 = Release|Any CPU
		{B905D4E6-3A41-4598-B470-5E49BF8C7D02}.AppStore|iPhoneSimulator.ActiveCfg = Release|Any CPU
		{B905D4E6-3A41-4598-B470-5E49BF8C7D02}.AppStore|iPhoneSimulator.Build.0 = Release|Any CPU
		{B905D4E6-3A41-4598-B470-5E49BF8C7D02}.AppStore|iPhoneSimulator.Deploy.0 = Release|Any CPU
		{B905D4E6-3A41-4598-B470-5E49BF8C7D02}.AppStore|x64.ActiveCfg = Release|Any CPU
		{B905D4E6-3A41-4598-B470-5E49BF8C7D02}.AppStore|x64.Build.0 = Release|Any CPU
		{B905D4E6-3A41-4598-B470-5E49BF8C7D02}.AppStore|x64.Deploy.0 = Release|Any CPU
		{B905D4E6-3A41-4598-B470-5E49BF8C7D02}.AppStore|x86.ActiveCfg = Release|Any CPU
		{B905D4E6-3A41-4598-B470-5E49BF8C7D02}.AppStore|x86.Build.0 = Release|Any CPU
		{B905D4E6-3A41-4598-B470-5E49BF8C7D02}.AppStore|x86.Deploy.0 = Release|Any CPU
		{B905D4E6-3A41-4598-B470-5E49BF8C7D02}.Debug|Any CPU.ActiveCfg = Debug|Any CPU
		{B905D4E6-3A41-4598-B470-5E49BF8C7D02}.Debug|Any CPU.Build.0 = Debug|Any CPU
		{B905D4E6-3A41-4598-B470-5E49BF8C7D02}.Debug|Any CPU.Deploy.0 = Debug|Any CPU
		{B905D4E6-3A41-4598-B470-5E49BF8C7D02}.Debug|ARM.ActiveCfg = Debug|Any CPU
		{B905D4E6-3A41-4598-B470-5E49BF8C7D02}.Debug|ARM.Build.0 = Debug|Any CPU
		{B905D4E6-3A41-4598-B470-5E49BF8C7D02}.Debug|ARM.Deploy.0 = Debug|Any CPU
		{B905D4E6-3A41-4598-B470-5E49BF8C7D02}.Debug|iPhone.ActiveCfg = Debug|Any CPU
		{B905D4E6-3A41-4598-B470-5E49BF8C7D02}.Debug|iPhone.Build.0 = Debug|Any CPU
		{B905D4E6-3A41-4598-B470-5E49BF8C7D02}.Debug|iPhone.Deploy.0 = Debug|Any CPU
		{B905D4E6-3A41-4598-B470-5E49BF8C7D02}.Debug|iPhoneSimulator.ActiveCfg = Debug|Any CPU
		{B905D4E6-3A41-4598-B470-5E49BF8C7D02}.Debug|iPhoneSimulator.Build.0 = Debug|Any CPU
		{B905D4E6-3A41-4598-B470-5E49BF8C7D02}.Debug|iPhoneSimulator.Deploy.0 = Debug|Any CPU
		{B905D4E6-3A41-4598-B470-5E49BF8C7D02}.Debug|x64.ActiveCfg = Debug|Any CPU
		{B905D4E6-3A41-4598-B470-5E49BF8C7D02}.Debug|x64.Build.0 = Debug|Any CPU
		{B905D4E6-3A41-4598-B470-5E49BF8C7D02}.Debug|x64.Deploy.0 = Debug|Any CPU
		{B905D4E6-3A41-4598-B470-5E49BF8C7D02}.Debug|x86.ActiveCfg = Debug|Any CPU
		{B905D4E6-3A41-4598-B470-5E49BF8C7D02}.Debug|x86.Build.0 = Debug|Any CPU
		{B905D4E6-3A41-4598-B470-5E49BF8C7D02}.Debug|x86.Deploy.0 = Debug|Any CPU
		{B905D4E6-3A41-4598-B470-5E49BF8C7D02}.Release|Any CPU.ActiveCfg = Release|Any CPU
		{B905D4E6-3A41-4598-B470-5E49BF8C7D02}.Release|Any CPU.Build.0 = Release|Any CPU
		{B905D4E6-3A41-4598-B470-5E49BF8C7D02}.Release|Any CPU.Deploy.0 = Release|Any CPU
		{B905D4E6-3A41-4598-B470-5E49BF8C7D02}.Release|ARM.ActiveCfg = Release|Any CPU
		{B905D4E6-3A41-4598-B470-5E49BF8C7D02}.Release|ARM.Build.0 = Release|Any CPU
		{B905D4E6-3A41-4598-B470-5E49BF8C7D02}.Release|ARM.Deploy.0 = Release|Any CPU
		{B905D4E6-3A41-4598-B470-5E49BF8C7D02}.Release|iPhone.ActiveCfg = Release|Any CPU
		{B905D4E6-3A41-4598-B470-5E49BF8C7D02}.Release|iPhone.Build.0 = Release|Any CPU
		{B905D4E6-3A41-4598-B470-5E49BF8C7D02}.Release|iPhone.Deploy.0 = Release|Any CPU
		{B905D4E6-3A41-4598-B470-5E49BF8C7D02}.Release|iPhoneSimulator.ActiveCfg = Release|Any CPU
		{B905D4E6-3A41-4598-B470-5E49BF8C7D02}.Release|iPhoneSimulator.Build.0 = Release|Any CPU
		{B905D4E6-3A41-4598-B470-5E49BF8C7D02}.Release|iPhoneSimulator.Deploy.0 = Release|Any CPU
		{B905D4E6-3A41-4598-B470-5E49BF8C7D02}.Release|x64.ActiveCfg = Release|Any CPU
		{B905D4E6-3A41-4598-B470-5E49BF8C7D02}.Release|x64.Build.0 = Release|Any CPU
		{B905D4E6-3A41-4598-B470-5E49BF8C7D02}.Release|x64.Deploy.0 = Release|Any CPU
		{B905D4E6-3A41-4598-B470-5E49BF8C7D02}.Release|x86.ActiveCfg = Release|Any CPU
		{B905D4E6-3A41-4598-B470-5E49BF8C7D02}.Release|x86.Build.0 = Release|Any CPU
		{B905D4E6-3A41-4598-B470-5E49BF8C7D02}.Release|x86.Deploy.0 = Release|Any CPU
		{6D8B7FCA-BEC7-4273-9A1D-33B0DCBEFBED}.Ad-Hoc|Any CPU.ActiveCfg = Ad-Hoc|iPhone
		{6D8B7FCA-BEC7-4273-9A1D-33B0DCBEFBED}.Ad-Hoc|Any CPU.Build.0 = Ad-Hoc|iPhone
		{6D8B7FCA-BEC7-4273-9A1D-33B0DCBEFBED}.Ad-Hoc|Any CPU.Deploy.0 = Ad-Hoc|iPhone
		{6D8B7FCA-BEC7-4273-9A1D-33B0DCBEFBED}.Ad-Hoc|ARM.ActiveCfg = Ad-Hoc|iPhone
		{6D8B7FCA-BEC7-4273-9A1D-33B0DCBEFBED}.Ad-Hoc|ARM.Build.0 = Ad-Hoc|iPhone
		{6D8B7FCA-BEC7-4273-9A1D-33B0DCBEFBED}.Ad-Hoc|ARM.Deploy.0 = Ad-Hoc|iPhone
		{6D8B7FCA-BEC7-4273-9A1D-33B0DCBEFBED}.Ad-Hoc|iPhone.ActiveCfg = Ad-Hoc|iPhone
		{6D8B7FCA-BEC7-4273-9A1D-33B0DCBEFBED}.Ad-Hoc|iPhone.Build.0 = Ad-Hoc|iPhone
		{6D8B7FCA-BEC7-4273-9A1D-33B0DCBEFBED}.Ad-Hoc|iPhone.Deploy.0 = Ad-Hoc|iPhone
		{6D8B7FCA-BEC7-4273-9A1D-33B0DCBEFBED}.Ad-Hoc|iPhoneSimulator.ActiveCfg = Ad-Hoc|iPhoneSimulator
		{6D8B7FCA-BEC7-4273-9A1D-33B0DCBEFBED}.Ad-Hoc|iPhoneSimulator.Build.0 = Ad-Hoc|iPhoneSimulator
		{6D8B7FCA-BEC7-4273-9A1D-33B0DCBEFBED}.Ad-Hoc|iPhoneSimulator.Deploy.0 = Ad-Hoc|iPhoneSimulator
		{6D8B7FCA-BEC7-4273-9A1D-33B0DCBEFBED}.Ad-Hoc|x64.ActiveCfg = Ad-Hoc|iPhone
		{6D8B7FCA-BEC7-4273-9A1D-33B0DCBEFBED}.Ad-Hoc|x64.Build.0 = Ad-Hoc|iPhone
		{6D8B7FCA-BEC7-4273-9A1D-33B0DCBEFBED}.Ad-Hoc|x64.Deploy.0 = Ad-Hoc|iPhone
		{6D8B7FCA-BEC7-4273-9A1D-33B0DCBEFBED}.Ad-Hoc|x86.ActiveCfg = Ad-Hoc|iPhone
		{6D8B7FCA-BEC7-4273-9A1D-33B0DCBEFBED}.Ad-Hoc|x86.Build.0 = Ad-Hoc|iPhone
		{6D8B7FCA-BEC7-4273-9A1D-33B0DCBEFBED}.Ad-Hoc|x86.Deploy.0 = Ad-Hoc|iPhone
		{6D8B7FCA-BEC7-4273-9A1D-33B0DCBEFBED}.AppStore|Any CPU.ActiveCfg = AppStore|iPhone
		{6D8B7FCA-BEC7-4273-9A1D-33B0DCBEFBED}.AppStore|Any CPU.Build.0 = AppStore|iPhone
		{6D8B7FCA-BEC7-4273-9A1D-33B0DCBEFBED}.AppStore|Any CPU.Deploy.0 = AppStore|iPhone
		{6D8B7FCA-BEC7-4273-9A1D-33B0DCBEFBED}.AppStore|ARM.ActiveCfg = AppStore|iPhone
		{6D8B7FCA-BEC7-4273-9A1D-33B0DCBEFBED}.AppStore|ARM.Build.0 = AppStore|iPhone
		{6D8B7FCA-BEC7-4273-9A1D-33B0DCBEFBED}.AppStore|ARM.Deploy.0 = AppStore|iPhone
		{6D8B7FCA-BEC7-4273-9A1D-33B0DCBEFBED}.AppStore|iPhone.ActiveCfg = AppStore|iPhone
		{6D8B7FCA-BEC7-4273-9A1D-33B0DCBEFBED}.AppStore|iPhone.Build.0 = AppStore|iPhone
		{6D8B7FCA-BEC7-4273-9A1D-33B0DCBEFBED}.AppStore|iPhone.Deploy.0 = AppStore|iPhone
		{6D8B7FCA-BEC7-4273-9A1D-33B0DCBEFBED}.AppStore|iPhoneSimulator.ActiveCfg = AppStore|iPhoneSimulator
		{6D8B7FCA-BEC7-4273-9A1D-33B0DCBEFBED}.AppStore|iPhoneSimulator.Build.0 = AppStore|iPhoneSimulator
		{6D8B7FCA-BEC7-4273-9A1D-33B0DCBEFBED}.AppStore|iPhoneSimulator.Deploy.0 = AppStore|iPhoneSimulator
		{6D8B7FCA-BEC7-4273-9A1D-33B0DCBEFBED}.AppStore|x64.ActiveCfg = AppStore|iPhone
		{6D8B7FCA-BEC7-4273-9A1D-33B0DCBEFBED}.AppStore|x64.Build.0 = AppStore|iPhone
		{6D8B7FCA-BEC7-4273-9A1D-33B0DCBEFBED}.AppStore|x64.Deploy.0 = AppStore|iPhone
		{6D8B7FCA-BEC7-4273-9A1D-33B0DCBEFBED}.AppStore|x86.ActiveCfg = AppStore|iPhone
		{6D8B7FCA-BEC7-4273-9A1D-33B0DCBEFBED}.AppStore|x86.Build.0 = AppStore|iPhone
		{6D8B7FCA-BEC7-4273-9A1D-33B0DCBEFBED}.AppStore|x86.Deploy.0 = AppStore|iPhone
		{6D8B7FCA-BEC7-4273-9A1D-33B0DCBEFBED}.Debug|Any CPU.ActiveCfg = Debug|iPhoneSimulator
		{6D8B7FCA-BEC7-4273-9A1D-33B0DCBEFBED}.Debug|Any CPU.Build.0 = Debug|iPhoneSimulator
		{6D8B7FCA-BEC7-4273-9A1D-33B0DCBEFBED}.Debug|Any CPU.Deploy.0 = Debug|iPhoneSimulator
		{6D8B7FCA-BEC7-4273-9A1D-33B0DCBEFBED}.Debug|ARM.ActiveCfg = Debug|iPhone
		{6D8B7FCA-BEC7-4273-9A1D-33B0DCBEFBED}.Debug|ARM.Build.0 = Debug|iPhone
		{6D8B7FCA-BEC7-4273-9A1D-33B0DCBEFBED}.Debug|ARM.Deploy.0 = Debug|iPhone
		{6D8B7FCA-BEC7-4273-9A1D-33B0DCBEFBED}.Debug|iPhone.ActiveCfg = Debug|iPhone
		{6D8B7FCA-BEC7-4273-9A1D-33B0DCBEFBED}.Debug|iPhone.Build.0 = Debug|iPhone
		{6D8B7FCA-BEC7-4273-9A1D-33B0DCBEFBED}.Debug|iPhone.Deploy.0 = Debug|iPhone
		{6D8B7FCA-BEC7-4273-9A1D-33B0DCBEFBED}.Debug|iPhoneSimulator.ActiveCfg = Debug|iPhoneSimulator
		{6D8B7FCA-BEC7-4273-9A1D-33B0DCBEFBED}.Debug|iPhoneSimulator.Build.0 = Debug|iPhoneSimulator
		{6D8B7FCA-BEC7-4273-9A1D-33B0DCBEFBED}.Debug|iPhoneSimulator.Deploy.0 = Debug|iPhoneSimulator
		{6D8B7FCA-BEC7-4273-9A1D-33B0DCBEFBED}.Debug|x64.ActiveCfg = Debug|iPhone
		{6D8B7FCA-BEC7-4273-9A1D-33B0DCBEFBED}.Debug|x64.Build.0 = Debug|iPhone
		{6D8B7FCA-BEC7-4273-9A1D-33B0DCBEFBED}.Debug|x64.Deploy.0 = Debug|iPhone
		{6D8B7FCA-BEC7-4273-9A1D-33B0DCBEFBED}.Debug|x86.ActiveCfg = Debug|iPhone
		{6D8B7FCA-BEC7-4273-9A1D-33B0DCBEFBED}.Debug|x86.Build.0 = Debug|iPhone
		{6D8B7FCA-BEC7-4273-9A1D-33B0DCBEFBED}.Debug|x86.Deploy.0 = Debug|iPhone
		{6D8B7FCA-BEC7-4273-9A1D-33B0DCBEFBED}.Release|Any CPU.ActiveCfg = Release|iPhone
		{6D8B7FCA-BEC7-4273-9A1D-33B0DCBEFBED}.Release|Any CPU.Build.0 = Release|iPhone
		{6D8B7FCA-BEC7-4273-9A1D-33B0DCBEFBED}.Release|Any CPU.Deploy.0 = Release|iPhone
		{6D8B7FCA-BEC7-4273-9A1D-33B0DCBEFBED}.Release|ARM.ActiveCfg = Release|iPhone
		{6D8B7FCA-BEC7-4273-9A1D-33B0DCBEFBED}.Release|ARM.Build.0 = Release|iPhone
		{6D8B7FCA-BEC7-4273-9A1D-33B0DCBEFBED}.Release|ARM.Deploy.0 = Release|iPhone
		{6D8B7FCA-BEC7-4273-9A1D-33B0DCBEFBED}.Release|iPhone.ActiveCfg = Release|iPhone
		{6D8B7FCA-BEC7-4273-9A1D-33B0DCBEFBED}.Release|iPhone.Build.0 = Release|iPhone
		{6D8B7FCA-BEC7-4273-9A1D-33B0DCBEFBED}.Release|iPhone.Deploy.0 = Release|iPhone
		{6D8B7FCA-BEC7-4273-9A1D-33B0DCBEFBED}.Release|iPhoneSimulator.ActiveCfg = Release|iPhoneSimulator
		{6D8B7FCA-BEC7-4273-9A1D-33B0DCBEFBED}.Release|iPhoneSimulator.Build.0 = Release|iPhoneSimulator
		{6D8B7FCA-BEC7-4273-9A1D-33B0DCBEFBED}.Release|iPhoneSimulator.Deploy.0 = Release|iPhoneSimulator
		{6D8B7FCA-BEC7-4273-9A1D-33B0DCBEFBED}.Release|x64.ActiveCfg = Release|iPhone
		{6D8B7FCA-BEC7-4273-9A1D-33B0DCBEFBED}.Release|x64.Build.0 = Release|iPhone
		{6D8B7FCA-BEC7-4273-9A1D-33B0DCBEFBED}.Release|x64.Deploy.0 = Release|iPhone
		{6D8B7FCA-BEC7-4273-9A1D-33B0DCBEFBED}.Release|x86.ActiveCfg = Release|iPhone
		{6D8B7FCA-BEC7-4273-9A1D-33B0DCBEFBED}.Release|x86.Build.0 = Release|iPhone
		{6D8B7FCA-BEC7-4273-9A1D-33B0DCBEFBED}.Release|x86.Deploy.0 = Release|iPhone
		{B5705994-3A27-469A-8DF0-A5B81E9E7E76}.Ad-Hoc|Any CPU.ActiveCfg = Release|x86
		{B5705994-3A27-469A-8DF0-A5B81E9E7E76}.Ad-Hoc|Any CPU.Build.0 = Release|x86
		{B5705994-3A27-469A-8DF0-A5B81E9E7E76}.Ad-Hoc|Any CPU.Deploy.0 = Release|x86
		{B5705994-3A27-469A-8DF0-A5B81E9E7E76}.Ad-Hoc|ARM.ActiveCfg = Release|ARM
		{B5705994-3A27-469A-8DF0-A5B81E9E7E76}.Ad-Hoc|ARM.Build.0 = Release|ARM
		{B5705994-3A27-469A-8DF0-A5B81E9E7E76}.Ad-Hoc|ARM.Deploy.0 = Release|ARM
		{B5705994-3A27-469A-8DF0-A5B81E9E7E76}.Ad-Hoc|iPhone.ActiveCfg = Release|x86
		{B5705994-3A27-469A-8DF0-A5B81E9E7E76}.Ad-Hoc|iPhone.Build.0 = Release|x86
		{B5705994-3A27-469A-8DF0-A5B81E9E7E76}.Ad-Hoc|iPhone.Deploy.0 = Release|x86
		{B5705994-3A27-469A-8DF0-A5B81E9E7E76}.Ad-Hoc|iPhoneSimulator.ActiveCfg = Release|x86
		{B5705994-3A27-469A-8DF0-A5B81E9E7E76}.Ad-Hoc|iPhoneSimulator.Build.0 = Release|x86
		{B5705994-3A27-469A-8DF0-A5B81E9E7E76}.Ad-Hoc|iPhoneSimulator.Deploy.0 = Release|x86
		{B5705994-3A27-469A-8DF0-A5B81E9E7E76}.Ad-Hoc|x64.ActiveCfg = Release|x64
		{B5705994-3A27-469A-8DF0-A5B81E9E7E76}.Ad-Hoc|x64.Build.0 = Release|x64
		{B5705994-3A27-469A-8DF0-A5B81E9E7E76}.Ad-Hoc|x64.Deploy.0 = Release|x64
		{B5705994-3A27-469A-8DF0-A5B81E9E7E76}.Ad-Hoc|x86.ActiveCfg = Release|x86
		{B5705994-3A27-469A-8DF0-A5B81E9E7E76}.Ad-Hoc|x86.Build.0 = Release|x86
		{B5705994-3A27-469A-8DF0-A5B81E9E7E76}.Ad-Hoc|x86.Deploy.0 = Release|x86
		{B5705994-3A27-469A-8DF0-A5B81E9E7E76}.AppStore|Any CPU.ActiveCfg = Release|x86
		{B5705994-3A27-469A-8DF0-A5B81E9E7E76}.AppStore|Any CPU.Build.0 = Release|x86
		{B5705994-3A27-469A-8DF0-A5B81E9E7E76}.AppStore|Any CPU.Deploy.0 = Release|x86
		{B5705994-3A27-469A-8DF0-A5B81E9E7E76}.AppStore|ARM.ActiveCfg = Release|ARM
		{B5705994-3A27-469A-8DF0-A5B81E9E7E76}.AppStore|ARM.Build.0 = Release|ARM
		{B5705994-3A27-469A-8DF0-A5B81E9E7E76}.AppStore|ARM.Deploy.0 = Release|ARM
		{B5705994-3A27-469A-8DF0-A5B81E9E7E76}.AppStore|iPhone.ActiveCfg = Release|x86
		{B5705994-3A27-469A-8DF0-A5B81E9E7E76}.AppStore|iPhone.Build.0 = Release|x86
		{B5705994-3A27-469A-8DF0-A5B81E9E7E76}.AppStore|iPhone.Deploy.0 = Release|x86
		{B5705994-3A27-469A-8DF0-A5B81E9E7E76}.AppStore|iPhoneSimulator.ActiveCfg = Release|x86
		{B5705994-3A27-469A-8DF0-A5B81E9E7E76}.AppStore|iPhoneSimulator.Build.0 = Release|x86
		{B5705994-3A27-469A-8DF0-A5B81E9E7E76}.AppStore|iPhoneSimulator.Deploy.0 = Release|x86
		{B5705994-3A27-469A-8DF0-A5B81E9E7E76}.AppStore|x64.ActiveCfg = Release|x64
		{B5705994-3A27-469A-8DF0-A5B81E9E7E76}.AppStore|x64.Build.0 = Release|x64
		{B5705994-3A27-469A-8DF0-A5B81E9E7E76}.AppStore|x64.Deploy.0 = Release|x64
		{B5705994-3A27-469A-8DF0-A5B81E9E7E76}.AppStore|x86.ActiveCfg = Release|x86
		{B5705994-3A27-469A-8DF0-A5B81E9E7E76}.AppStore|x86.Build.0 = Release|x86
		{B5705994-3A27-469A-8DF0-A5B81E9E7E76}.AppStore|x86.Deploy.0 = Release|x86
		{B5705994-3A27-469A-8DF0-A5B81E9E7E76}.Debug|Any CPU.ActiveCfg = Debug|x86
		{B5705994-3A27-469A-8DF0-A5B81E9E7E76}.Debug|Any CPU.Build.0 = Debug|x86
		{B5705994-3A27-469A-8DF0-A5B81E9E7E76}.Debug|Any CPU.Deploy.0 = Debug|x86
		{B5705994-3A27-469A-8DF0-A5B81E9E7E76}.Debug|ARM.ActiveCfg = Debug|ARM
		{B5705994-3A27-469A-8DF0-A5B81E9E7E76}.Debug|ARM.Build.0 = Debug|ARM
		{B5705994-3A27-469A-8DF0-A5B81E9E7E76}.Debug|ARM.Deploy.0 = Debug|ARM
		{B5705994-3A27-469A-8DF0-A5B81E9E7E76}.Debug|iPhone.ActiveCfg = Debug|x86
		{B5705994-3A27-469A-8DF0-A5B81E9E7E76}.Debug|iPhone.Build.0 = Debug|x86
		{B5705994-3A27-469A-8DF0-A5B81E9E7E76}.Debug|iPhone.Deploy.0 = Debug|x86
		{B5705994-3A27-469A-8DF0-A5B81E9E7E76}.Debug|iPhoneSimulator.ActiveCfg = Debug|x86
		{B5705994-3A27-469A-8DF0-A5B81E9E7E76}.Debug|iPhoneSimulator.Build.0 = Debug|x86
		{B5705994-3A27-469A-8DF0-A5B81E9E7E76}.Debug|iPhoneSimulator.Deploy.0 = Debug|x86
		{B5705994-3A27-469A-8DF0-A5B81E9E7E76}.Debug|x64.ActiveCfg = Debug|x64
		{B5705994-3A27-469A-8DF0-A5B81E9E7E76}.Debug|x64.Build.0 = Debug|x64
		{B5705994-3A27-469A-8DF0-A5B81E9E7E76}.Debug|x64.Deploy.0 = Debug|x64
		{B5705994-3A27-469A-8DF0-A5B81E9E7E76}.Debug|x86.ActiveCfg = Debug|x86
		{B5705994-3A27-469A-8DF0-A5B81E9E7E76}.Debug|x86.Build.0 = Debug|x86
		{B5705994-3A27-469A-8DF0-A5B81E9E7E76}.Debug|x86.Deploy.0 = Debug|x86
		{B5705994-3A27-469A-8DF0-A5B81E9E7E76}.Release|Any CPU.ActiveCfg = Release|x86
		{B5705994-3A27-469A-8DF0-A5B81E9E7E76}.Release|Any CPU.Build.0 = Release|x86
		{B5705994-3A27-469A-8DF0-A5B81E9E7E76}.Release|Any CPU.Deploy.0 = Release|x86
		{B5705994-3A27-469A-8DF0-A5B81E9E7E76}.Release|ARM.ActiveCfg = Release|ARM
		{B5705994-3A27-469A-8DF0-A5B81E9E7E76}.Release|ARM.Build.0 = Release|ARM
		{B5705994-3A27-469A-8DF0-A5B81E9E7E76}.Release|ARM.Deploy.0 = Release|ARM
		{B5705994-3A27-469A-8DF0-A5B81E9E7E76}.Release|iPhone.ActiveCfg = Release|x86
		{B5705994-3A27-469A-8DF0-A5B81E9E7E76}.Release|iPhone.Build.0 = Release|x86
		{B5705994-3A27-469A-8DF0-A5B81E9E7E76}.Release|iPhone.Deploy.0 = Release|x86
		{B5705994-3A27-469A-8DF0-A5B81E9E7E76}.Release|iPhoneSimulator.ActiveCfg = Release|x86
		{B5705994-3A27-469A-8DF0-A5B81E9E7E76}.Release|iPhoneSimulator.Build.0 = Release|x86
		{B5705994-3A27-469A-8DF0-A5B81E9E7E76}.Release|iPhoneSimulator.Deploy.0 = Release|x86
		{B5705994-3A27-469A-8DF0-A5B81E9E7E76}.Release|x64.ActiveCfg = Release|x64
		{B5705994-3A27-469A-8DF0-A5B81E9E7E76}.Release|x64.Build.0 = Release|x64
		{B5705994-3A27-469A-8DF0-A5B81E9E7E76}.Release|x64.Deploy.0 = Release|x64
		{B5705994-3A27-469A-8DF0-A5B81E9E7E76}.Release|x86.ActiveCfg = Release|x86
		{B5705994-3A27-469A-8DF0-A5B81E9E7E76}.Release|x86.Build.0 = Release|x86
		{B5705994-3A27-469A-8DF0-A5B81E9E7E76}.Release|x86.Deploy.0 = Release|x86
		{60024A60-6526-42D6-B8FC-E2B6DD7D0D66}.Ad-Hoc|Any CPU.ActiveCfg = Debug|Any CPU
		{60024A60-6526-42D6-B8FC-E2B6DD7D0D66}.Ad-Hoc|Any CPU.Build.0 = Debug|Any CPU
		{60024A60-6526-42D6-B8FC-E2B6DD7D0D66}.Ad-Hoc|Any CPU.Deploy.0 = Debug|Any CPU
		{60024A60-6526-42D6-B8FC-E2B6DD7D0D66}.Ad-Hoc|ARM.ActiveCfg = Debug|Any CPU
		{60024A60-6526-42D6-B8FC-E2B6DD7D0D66}.Ad-Hoc|ARM.Build.0 = Debug|Any CPU
		{60024A60-6526-42D6-B8FC-E2B6DD7D0D66}.Ad-Hoc|ARM.Deploy.0 = Debug|Any CPU
		{60024A60-6526-42D6-B8FC-E2B6DD7D0D66}.Ad-Hoc|iPhone.ActiveCfg = Debug|Any CPU
		{60024A60-6526-42D6-B8FC-E2B6DD7D0D66}.Ad-Hoc|iPhone.Build.0 = Debug|Any CPU
		{60024A60-6526-42D6-B8FC-E2B6DD7D0D66}.Ad-Hoc|iPhone.Deploy.0 = Debug|Any CPU
		{60024A60-6526-42D6-B8FC-E2B6DD7D0D66}.Ad-Hoc|iPhoneSimulator.ActiveCfg = Debug|Any CPU
		{60024A60-6526-42D6-B8FC-E2B6DD7D0D66}.Ad-Hoc|iPhoneSimulator.Build.0 = Debug|Any CPU
		{60024A60-6526-42D6-B8FC-E2B6DD7D0D66}.Ad-Hoc|iPhoneSimulator.Deploy.0 = Debug|Any CPU
		{60024A60-6526-42D6-B8FC-E2B6DD7D0D66}.Ad-Hoc|x64.ActiveCfg = Debug|Any CPU
		{60024A60-6526-42D6-B8FC-E2B6DD7D0D66}.Ad-Hoc|x64.Build.0 = Debug|Any CPU
		{60024A60-6526-42D6-B8FC-E2B6DD7D0D66}.Ad-Hoc|x64.Deploy.0 = Debug|Any CPU
		{60024A60-6526-42D6-B8FC-E2B6DD7D0D66}.Ad-Hoc|x86.ActiveCfg = Debug|Any CPU
		{60024A60-6526-42D6-B8FC-E2B6DD7D0D66}.Ad-Hoc|x86.Build.0 = Debug|Any CPU
		{60024A60-6526-42D6-B8FC-E2B6DD7D0D66}.Ad-Hoc|x86.Deploy.0 = Debug|Any CPU
		{60024A60-6526-42D6-B8FC-E2B6DD7D0D66}.AppStore|Any CPU.ActiveCfg = Debug|Any CPU
		{60024A60-6526-42D6-B8FC-E2B6DD7D0D66}.AppStore|Any CPU.Build.0 = Debug|Any CPU
		{60024A60-6526-42D6-B8FC-E2B6DD7D0D66}.AppStore|Any CPU.Deploy.0 = Debug|Any CPU
		{60024A60-6526-42D6-B8FC-E2B6DD7D0D66}.AppStore|ARM.ActiveCfg = Debug|Any CPU
		{60024A60-6526-42D6-B8FC-E2B6DD7D0D66}.AppStore|ARM.Build.0 = Debug|Any CPU
		{60024A60-6526-42D6-B8FC-E2B6DD7D0D66}.AppStore|ARM.Deploy.0 = Debug|Any CPU
		{60024A60-6526-42D6-B8FC-E2B6DD7D0D66}.AppStore|iPhone.ActiveCfg = Debug|Any CPU
		{60024A60-6526-42D6-B8FC-E2B6DD7D0D66}.AppStore|iPhone.Build.0 = Debug|Any CPU
		{60024A60-6526-42D6-B8FC-E2B6DD7D0D66}.AppStore|iPhone.Deploy.0 = Debug|Any CPU
		{60024A60-6526-42D6-B8FC-E2B6DD7D0D66}.AppStore|iPhoneSimulator.ActiveCfg = Debug|Any CPU
		{60024A60-6526-42D6-B8FC-E2B6DD7D0D66}.AppStore|iPhoneSimulator.Build.0 = Debug|Any CPU
		{60024A60-6526-42D6-B8FC-E2B6DD7D0D66}.AppStore|iPhoneSimulator.Deploy.0 = Debug|Any CPU
		{60024A60-6526-42D6-B8FC-E2B6DD7D0D66}.AppStore|x64.ActiveCfg = Debug|Any CPU
		{60024A60-6526-42D6-B8FC-E2B6DD7D0D66}.AppStore|x64.Build.0 = Debug|Any CPU
		{60024A60-6526-42D6-B8FC-E2B6DD7D0D66}.AppStore|x64.Deploy.0 = Debug|Any CPU
		{60024A60-6526-42D6-B8FC-E2B6DD7D0D66}.AppStore|x86.ActiveCfg = Debug|Any CPU
		{60024A60-6526-42D6-B8FC-E2B6DD7D0D66}.AppStore|x86.Build.0 = Debug|Any CPU
		{60024A60-6526-42D6-B8FC-E2B6DD7D0D66}.AppStore|x86.Deploy.0 = Debug|Any CPU
		{60024A60-6526-42D6-B8FC-E2B6DD7D0D66}.Debug|Any CPU.ActiveCfg = Debug|Any CPU
		{60024A60-6526-42D6-B8FC-E2B6DD7D0D66}.Debug|Any CPU.Build.0 = Debug|Any CPU
		{60024A60-6526-42D6-B8FC-E2B6DD7D0D66}.Debug|Any CPU.Deploy.0 = Debug|Any CPU
		{60024A60-6526-42D6-B8FC-E2B6DD7D0D66}.Debug|ARM.ActiveCfg = Debug|Any CPU
		{60024A60-6526-42D6-B8FC-E2B6DD7D0D66}.Debug|ARM.Build.0 = Debug|Any CPU
		{60024A60-6526-42D6-B8FC-E2B6DD7D0D66}.Debug|ARM.Deploy.0 = Debug|Any CPU
		{60024A60-6526-42D6-B8FC-E2B6DD7D0D66}.Debug|iPhone.ActiveCfg = Debug|Any CPU
		{60024A60-6526-42D6-B8FC-E2B6DD7D0D66}.Debug|iPhone.Build.0 = Debug|Any CPU
		{60024A60-6526-42D6-B8FC-E2B6DD7D0D66}.Debug|iPhone.Deploy.0 = Debug|Any CPU
		{60024A60-6526-42D6-B8FC-E2B6DD7D0D66}.Debug|iPhoneSimulator.ActiveCfg = Debug|Any CPU
		{60024A60-6526-42D6-B8FC-E2B6DD7D0D66}.Debug|iPhoneSimulator.Build.0 = Debug|Any CPU
		{60024A60-6526-42D6-B8FC-E2B6DD7D0D66}.Debug|iPhoneSimulator.Deploy.0 = Debug|Any CPU
		{60024A60-6526-42D6-B8FC-E2B6DD7D0D66}.Debug|x64.ActiveCfg = Debug|Any CPU
		{60024A60-6526-42D6-B8FC-E2B6DD7D0D66}.Debug|x64.Build.0 = Debug|Any CPU
		{60024A60-6526-42D6-B8FC-E2B6DD7D0D66}.Debug|x64.Deploy.0 = Debug|Any CPU
		{60024A60-6526-42D6-B8FC-E2B6DD7D0D66}.Debug|x86.ActiveCfg = Debug|Any CPU
		{60024A60-6526-42D6-B8FC-E2B6DD7D0D66}.Debug|x86.Build.0 = Debug|Any CPU
		{60024A60-6526-42D6-B8FC-E2B6DD7D0D66}.Debug|x86.Deploy.0 = Debug|Any CPU
		{60024A60-6526-42D6-B8FC-E2B6DD7D0D66}.Release|Any CPU.ActiveCfg = Release|Any CPU
		{60024A60-6526-42D6-B8FC-E2B6DD7D0D66}.Release|Any CPU.Build.0 = Release|Any CPU
		{60024A60-6526-42D6-B8FC-E2B6DD7D0D66}.Release|Any CPU.Deploy.0 = Release|Any CPU
		{60024A60-6526-42D6-B8FC-E2B6DD7D0D66}.Release|ARM.ActiveCfg = Release|Any CPU
		{60024A60-6526-42D6-B8FC-E2B6DD7D0D66}.Release|ARM.Build.0 = Release|Any CPU
		{60024A60-6526-42D6-B8FC-E2B6DD7D0D66}.Release|ARM.Deploy.0 = Release|Any CPU
		{60024A60-6526-42D6-B8FC-E2B6DD7D0D66}.Release|iPhone.ActiveCfg = Release|Any CPU
		{60024A60-6526-42D6-B8FC-E2B6DD7D0D66}.Release|iPhone.Build.0 = Release|Any CPU
		{60024A60-6526-42D6-B8FC-E2B6DD7D0D66}.Release|iPhone.Deploy.0 = Release|Any CPU
		{60024A60-6526-42D6-B8FC-E2B6DD7D0D66}.Release|iPhoneSimulator.ActiveCfg = Release|Any CPU
		{60024A60-6526-42D6-B8FC-E2B6DD7D0D66}.Release|iPhoneSimulator.Build.0 = Release|Any CPU
		{60024A60-6526-42D6-B8FC-E2B6DD7D0D66}.Release|iPhoneSimulator.Deploy.0 = Release|Any CPU
		{60024A60-6526-42D6-B8FC-E2B6DD7D0D66}.Release|x64.ActiveCfg = Release|Any CPU
		{60024A60-6526-42D6-B8FC-E2B6DD7D0D66}.Release|x64.Build.0 = Release|Any CPU
		{60024A60-6526-42D6-B8FC-E2B6DD7D0D66}.Release|x64.Deploy.0 = Release|Any CPU
		{60024A60-6526-42D6-B8FC-E2B6DD7D0D66}.Release|x86.ActiveCfg = Release|Any CPU
		{60024A60-6526-42D6-B8FC-E2B6DD7D0D66}.Release|x86.Build.0 = Release|Any CPU
		{60024A60-6526-42D6-B8FC-E2B6DD7D0D66}.Release|x86.Deploy.0 = Release|Any CPU
	EndGlobalSection
	GlobalSection(SolutionProperties) = preSolution
		HideSolutionNode = FALSE
	EndGlobalSection
	GlobalSection(ExtensibilityGlobals) = postSolution
		SolutionGuid = {E1084EBB-1EEB-418C-B79A-328ACB2000E6}
	EndGlobalSection
EndGlobal
