
Microsoft Visual Studio Solution File, Format Version 12.00
# Visual Studio Version 16
VisualStudioVersion = 16.0.29123.89
MinimumVisualStudioVersion = 10.0.40219.1
Project("{FAE04EC0-301F-11D3-BF4B-00C04F79EFBC}") = "ConsultarCEP.UWP", "ConsultarCEP\ConsultarCEP.UWP\ConsultarCEP.UWP.csproj", "{3201D12D-F877-41BB-BA6D-100A35B7EA03}"
EndProject
Project("{FAE04EC0-301F-11D3-BF4B-00C04F79EFBC}") = "ConsultarCEP.Android", "ConsultarCEP\ConsultarCEP.Android\ConsultarCEP.Android.csproj", "{1E91A4CA-2463-4DF5-BFCB-49F582DA7DE2}"
EndProject
Project("{FAE04EC0-301F-11D3-BF4B-00C04F79EFBC}") = "ConsultarCEP.iOS", "ConsultarCEP\ConsultarCEP.iOS\ConsultarCEP.iOS.csproj", "{11286ACB-6E4E-4D53-9EEC-F3FF6AB68A92}"
EndProject
Project("{FAE04EC0-301F-11D3-BF4B-00C04F79EFBC}") = "ConsultarCEP", "ConsultarCEP\ConsultarCEP\ConsultarCEP.csproj", "{92F16169-C589-47C6-A265-3F85673E262F}"
EndProject
Global
	GlobalSection(SolutionConfigurationPlatforms) = preSolution
		Debug|Any CPU = Debug|Any CPU
		Debug|ARM = Debug|ARM
		Debug|iPhone = Debug|iPhone
		Debug|iPhoneSimulator = Debug|iPhoneSimulator
		Debug|x64 = Debug|x64
		Debug|x86 = Debug|x86
		Release|Any CPU = Release|Any CPU
		Release|ARM = Release|ARM
		Release|iPhone = Release|iPhone
		Release|iPhoneSimulator = Release|iPhoneSimulator
		Release|x64 = Release|x64
		Release|x86 = Release|x86
	EndGlobalSection
	GlobalSection(ProjectConfigurationPlatforms) = postSolution
		{3201D12D-F877-41BB-BA6D-100A35B7EA03}.Debug|Any CPU.ActiveCfg = Debug|x86
		{3201D12D-F877-41BB-BA6D-100A35B7EA03}.Debug|Any CPU.Build.0 = Debug|x86
		{3201D12D-F877-41BB-BA6D-100A35B7EA03}.Debug|Any CPU.Deploy.0 = Debug|x86
		{3201D12D-F877-41BB-BA6D-100A35B7EA03}.Debug|ARM.ActiveCfg = Debug|ARM
		{3201D12D-F877-41BB-BA6D-100A35B7EA03}.Debug|ARM.Build.0 = Debug|ARM
		{3201D12D-F877-41BB-BA6D-100A35B7EA03}.Debug|ARM.Deploy.0 = Debug|ARM
		{3201D12D-F877-41BB-BA6D-100A35B7EA03}.Debug|iPhone.ActiveCfg = Debug|x86
		{3201D12D-F877-41BB-BA6D-100A35B7EA03}.Debug|iPhone.Build.0 = Debug|x86
		{3201D12D-F877-41BB-BA6D-100A35B7EA03}.Debug|iPhone.Deploy.0 = Debug|x86
		{3201D12D-F877-41BB-BA6D-100A35B7EA03}.Debug|iPhoneSimulator.ActiveCfg = Debug|x86
		{3201D12D-F877-41BB-BA6D-100A35B7EA03}.Debug|iPhoneSimulator.Build.0 = Debug|x86
		{3201D12D-F877-41BB-BA6D-100A35B7EA03}.Debug|iPhoneSimulator.Deploy.0 = Debug|x86
		{3201D12D-F877-41BB-BA6D-100A35B7EA03}.Debug|x64.ActiveCfg = Debug|x64
		{3201D12D-F877-41BB-BA6D-100A35B7EA03}.Debug|x64.Build.0 = Debug|x64
		{3201D12D-F877-41BB-BA6D-100A35B7EA03}.Debug|x64.Deploy.0 = Debug|x64
		{3201D12D-F877-41BB-BA6D-100A35B7EA03}.Debug|x86.ActiveCfg = Debug|x86
		{3201D12D-F877-41BB-BA6D-100A35B7EA03}.Debug|x86.Build.0 = Debug|x86
		{3201D12D-F877-41BB-BA6D-100A35B7EA03}.Debug|x86.Deploy.0 = Debug|x86
		{3201D12D-F877-41BB-BA6D-100A35B7EA03}.Release|Any CPU.ActiveCfg = Release|x86
		{3201D12D-F877-41BB-BA6D-100A35B7EA03}.Release|Any CPU.Build.0 = Release|x86
		{3201D12D-F877-41BB-BA6D-100A35B7EA03}.Release|Any CPU.Deploy.0 = Release|x86
		{3201D12D-F877-41BB-BA6D-100A35B7EA03}.Release|ARM.ActiveCfg = Release|ARM
		{3201D12D-F877-41BB-BA6D-100A35B7EA03}.Release|ARM.Build.0 = Release|ARM
		{3201D12D-F877-41BB-BA6D-100A35B7EA03}.Release|ARM.Deploy.0 = Release|ARM
		{3201D12D-F877-41BB-BA6D-100A35B7EA03}.Release|iPhone.ActiveCfg = Release|x86
		{3201D12D-F877-41BB-BA6D-100A35B7EA03}.Release|iPhone.Build.0 = Release|x86
		{3201D12D-F877-41BB-BA6D-100A35B7EA03}.Release|iPhone.Deploy.0 = Release|x86
		{3201D12D-F877-41BB-BA6D-100A35B7EA03}.Release|iPhoneSimulator.ActiveCfg = Release|x86
		{3201D12D-F877-41BB-BA6D-100A35B7EA03}.Release|iPhoneSimulator.Build.0 = Release|x86
		{3201D12D-F877-41BB-BA6D-100A35B7EA03}.Release|iPhoneSimulator.Deploy.0 = Release|x86
		{3201D12D-F877-41BB-BA6D-100A35B7EA03}.Release|x64.ActiveCfg = Release|x64
		{3201D12D-F877-41BB-BA6D-100A35B7EA03}.Release|x64.Build.0 = Release|x64
		{3201D12D-F877-41BB-BA6D-100A35B7EA03}.Release|x64.Deploy.0 = Release|x64
		{3201D12D-F877-41BB-BA6D-100A35B7EA03}.Release|x86.ActiveCfg = Release|x86
		{3201D12D-F877-41BB-BA6D-100A35B7EA03}.Release|x86.Build.0 = Release|x86
		{3201D12D-F877-41BB-BA6D-100A35B7EA03}.Release|x86.Deploy.0 = Release|x86
		{1E91A4CA-2463-4DF5-BFCB-49F582DA7DE2}.Debug|Any CPU.ActiveCfg = Debug|Any CPU
		{1E91A4CA-2463-4DF5-BFCB-49F582DA7DE2}.Debug|Any CPU.Build.0 = Debug|Any CPU
		{1E91A4CA-2463-4DF5-BFCB-49F582DA7DE2}.Debug|Any CPU.Deploy.0 = Debug|Any CPU
		{1E91A4CA-2463-4DF5-BFCB-49F582DA7DE2}.Debug|ARM.ActiveCfg = Debug|Any CPU
		{1E91A4CA-2463-4DF5-BFCB-49F582DA7DE2}.Debug|ARM.Build.0 = Debug|Any CPU
		{1E91A4CA-2463-4DF5-BFCB-49F582DA7DE2}.Debug|ARM.Deploy.0 = Debug|Any CPU
		{1E91A4CA-2463-4DF5-BFCB-49F582DA7DE2}.Debug|iPhone.ActiveCfg = Debug|Any CPU
		{1E91A4CA-2463-4DF5-BFCB-49F582DA7DE2}.Debug|iPhone.Build.0 = Debug|Any CPU
		{1E91A4CA-2463-4DF5-BFCB-49F582DA7DE2}.Debug|iPhone.Deploy.0 = Debug|Any CPU
		{1E91A4CA-2463-4DF5-BFCB-49F582DA7DE2}.Debug|iPhoneSimulator.ActiveCfg = Debug|Any CPU
		{1E91A4CA-2463-4DF5-BFCB-49F582DA7DE2}.Debug|iPhoneSimulator.Build.0 = Debug|Any CPU
		{1E91A4CA-2463-4DF5-BFCB-49F582DA7DE2}.Debug|iPhoneSimulator.Deploy.0 = Debug|Any CPU
		{1E91A4CA-2463-4DF5-BFCB-49F582DA7DE2}.Debug|x64.ActiveCfg = Debug|Any CPU
		{1E91A4CA-2463-4DF5-BFCB-49F582DA7DE2}.Debug|x64.Build.0 = Debug|Any CPU
		{1E91A4CA-2463-4DF5-BFCB-49F582DA7DE2}.Debug|x64.Deploy.0 = Debug|Any CPU
		{1E91A4CA-2463-4DF5-BFCB-49F582DA7DE2}.Debug|x86.ActiveCfg = Debug|Any CPU
		{1E91A4CA-2463-4DF5-BFCB-49F582DA7DE2}.Debug|x86.Build.0 = Debug|Any CPU
		{1E91A4CA-2463-4DF5-BFCB-49F582DA7DE2}.Debug|x86.Deploy.0 = Debug|Any CPU
		{1E91A4CA-2463-4DF5-BFCB-49F582DA7DE2}.Release|Any CPU.ActiveCfg = Release|Any CPU
		{1E91A4CA-2463-4DF5-BFCB-49F582DA7DE2}.Release|Any CPU.Build.0 = Release|Any CPU
		{1E91A4CA-2463-4DF5-BFCB-49F582DA7DE2}.Release|Any CPU.Deploy.0 = Release|Any CPU
		{1E91A4CA-2463-4DF5-BFCB-49F582DA7DE2}.Release|ARM.ActiveCfg = Release|Any CPU
		{1E91A4CA-2463-4DF5-BFCB-49F582DA7DE2}.Release|ARM.Build.0 = Release|Any CPU
		{1E91A4CA-2463-4DF5-BFCB-49F582DA7DE2}.Release|ARM.Deploy.0 = Release|Any CPU
		{1E91A4CA-2463-4DF5-BFCB-49F582DA7DE2}.Release|iPhone.ActiveCfg = Release|Any CPU
		{1E91A4CA-2463-4DF5-BFCB-49F582DA7DE2}.Release|iPhone.Build.0 = Release|Any CPU
		{1E91A4CA-2463-4DF5-BFCB-49F582DA7DE2}.Release|iPhone.Deploy.0 = Release|Any CPU
		{1E91A4CA-2463-4DF5-BFCB-49F582DA7DE2}.Release|iPhoneSimulator.ActiveCfg = Release|Any CPU
		{1E91A4CA-2463-4DF5-BFCB-49F582DA7DE2}.Release|iPhoneSimulator.Build.0 = Release|Any CPU
		{1E91A4CA-2463-4DF5-BFCB-49F582DA7DE2}.Release|iPhoneSimulator.Deploy.0 = Release|Any CPU
		{1E91A4CA-2463-4DF5-BFCB-49F582DA7DE2}.Release|x64.ActiveCfg = Release|Any CPU
		{1E91A4CA-2463-4DF5-BFCB-49F582DA7DE2}.Release|x64.Build.0 = Release|Any CPU
		{1E91A4CA-2463-4DF5-BFCB-49F582DA7DE2}.Release|x64.Deploy.0 = Release|Any CPU
		{1E91A4CA-2463-4DF5-BFCB-49F582DA7DE2}.Release|x86.ActiveCfg = Release|Any CPU
		{1E91A4CA-2463-4DF5-BFCB-49F582DA7DE2}.Release|x86.Build.0 = Release|Any CPU
		{1E91A4CA-2463-4DF5-BFCB-49F582DA7DE2}.Release|x86.Deploy.0 = Release|Any CPU
		{11286ACB-6E4E-4D53-9EEC-F3FF6AB68A92}.Debug|Any CPU.ActiveCfg = Debug|iPhone
		{11286ACB-6E4E-4D53-9EEC-F3FF6AB68A92}.Debug|Any CPU.Build.0 = Debug|iPhone
		{11286ACB-6E4E-4D53-9EEC-F3FF6AB68A92}.Debug|Any CPU.Deploy.0 = Debug|iPhone
		{11286ACB-6E4E-4D53-9EEC-F3FF6AB68A92}.Debug|ARM.ActiveCfg = Debug|iPhoneSimulator
		{11286ACB-6E4E-4D53-9EEC-F3FF6AB68A92}.Debug|ARM.Build.0 = Debug|iPhoneSimulator
		{11286ACB-6E4E-4D53-9EEC-F3FF6AB68A92}.Debug|ARM.Deploy.0 = Debug|iPhoneSimulator
		{11286ACB-6E4E-4D53-9EEC-F3FF6AB68A92}.Debug|iPhone.ActiveCfg = Debug|iPhone
		{11286ACB-6E4E-4D53-9EEC-F3FF6AB68A92}.Debug|iPhone.Build.0 = Debug|iPhone
		{11286ACB-6E4E-4D53-9EEC-F3FF6AB68A92}.Debug|iPhone.Deploy.0 = Debug|iPhone
		{11286ACB-6E4E-4D53-9EEC-F3FF6AB68A92}.Debug|iPhoneSimulator.ActiveCfg = Debug|iPhoneSimulator
		{11286ACB-6E4E-4D53-9EEC-F3FF6AB68A92}.Debug|iPhoneSimulator.Build.0 = Debug|iPhoneSimulator
		{11286ACB-6E4E-4D53-9EEC-F3FF6AB68A92}.Debug|iPhoneSimulator.Deploy.0 = Debug|iPhoneSimulator
		{11286ACB-6E4E-4D53-9EEC-F3FF6AB68A92}.Debug|x64.ActiveCfg = Debug|iPhone
		{11286ACB-6E4E-4D53-9EEC-F3FF6AB68A92}.Debug|x64.Build.0 = Debug|iPhone
		{11286ACB-6E4E-4D53-9EEC-F3FF6AB68A92}.Debug|x64.Deploy.0 = Debug|iPhone
		{11286ACB-6E4E-4D53-9EEC-F3FF6AB68A92}.Debug|x86.ActiveCfg = Debug|iPhone
		{11286ACB-6E4E-4D53-9EEC-F3FF6AB68A92}.Debug|x86.Build.0 = Debug|iPhone
		{11286ACB-6E4E-4D53-9EEC-F3FF6AB68A92}.Debug|x86.Deploy.0 = Debug|iPhone
		{11286ACB-6E4E-4D53-9EEC-F3FF6AB68A92}.Release|Any CPU.ActiveCfg = Release|iPhone
		{11286ACB-6E4E-4D53-9EEC-F3FF6AB68A92}.Release|Any CPU.Build.0 = Release|iPhone
		{11286ACB-6E4E-4D53-9EEC-F3FF6AB68A92}.Release|Any CPU.Deploy.0 = Release|iPhone
		{11286ACB-6E4E-4D53-9EEC-F3FF6AB68A92}.Release|ARM.ActiveCfg = Release|iPhone
		{11286ACB-6E4E-4D53-9EEC-F3FF6AB68A92}.Release|ARM.Build.0 = Release|iPhone
		{11286ACB-6E4E-4D53-9EEC-F3FF6AB68A92}.Release|ARM.Deploy.0 = Release|iPhone
		{11286ACB-6E4E-4D53-9EEC-F3FF6AB68A92}.Release|iPhone.ActiveCfg = Release|iPhone
		{11286ACB-6E4E-4D53-9EEC-F3FF6AB68A92}.Release|iPhone.Build.0 = Release|iPhone
		{11286ACB-6E4E-4D53-9EEC-F3FF6AB68A92}.Release|iPhone.Deploy.0 = Release|iPhone
		{11286ACB-6E4E-4D53-9EEC-F3FF6AB68A92}.Release|iPhoneSimulator.ActiveCfg = Release|iPhoneSimulator
		{11286ACB-6E4E-4D53-9EEC-F3FF6AB68A92}.Release|iPhoneSimulator.Build.0 = Release|iPhoneSimulator
		{11286ACB-6E4E-4D53-9EEC-F3FF6AB68A92}.Release|iPhoneSimulator.Deploy.0 = Release|iPhoneSimulator
		{11286ACB-6E4E-4D53-9EEC-F3FF6AB68A92}.Release|x64.ActiveCfg = Release|iPhone
		{11286ACB-6E4E-4D53-9EEC-F3FF6AB68A92}.Release|x64.Build.0 = Release|iPhone
		{11286ACB-6E4E-4D53-9EEC-F3FF6AB68A92}.Release|x64.Deploy.0 = Release|iPhone
		{11286ACB-6E4E-4D53-9EEC-F3FF6AB68A92}.Release|x86.ActiveCfg = Release|iPhone
		{11286ACB-6E4E-4D53-9EEC-F3FF6AB68A92}.Release|x86.Build.0 = Release|iPhone
		{11286ACB-6E4E-4D53-9EEC-F3FF6AB68A92}.Release|x86.Deploy.0 = Release|iPhone
		{92F16169-C589-47C6-A265-3F85673E262F}.Debug|Any CPU.ActiveCfg = Debug|Any CPU
		{92F16169-C589-47C6-A265-3F85673E262F}.Debug|Any CPU.Build.0 = Debug|Any CPU
		{92F16169-C589-47C6-A265-3F85673E262F}.Debug|Any CPU.Deploy.0 = Debug|Any CPU
		{92F16169-C589-47C6-A265-3F85673E262F}.Debug|ARM.ActiveCfg = Debug|Any CPU
		{92F16169-C589-47C6-A265-3F85673E262F}.Debug|ARM.Build.0 = Debug|Any CPU
		{92F16169-C589-47C6-A265-3F85673E262F}.Debug|ARM.Deploy.0 = Debug|Any CPU
		{92F16169-C589-47C6-A265-3F85673E262F}.Debug|iPhone.ActiveCfg = Debug|Any CPU
		{92F16169-C589-47C6-A265-3F85673E262F}.Debug|iPhone.Build.0 = Debug|Any CPU
		{92F16169-C589-47C6-A265-3F85673E262F}.Debug|iPhone.Deploy.0 = Debug|Any CPU
		{92F16169-C589-47C6-A265-3F85673E262F}.Debug|iPhoneSimulator.ActiveCfg = Debug|Any CPU
		{92F16169-C589-47C6-A265-3F85673E262F}.Debug|iPhoneSimulator.Build.0 = Debug|Any CPU
		{92F16169-C589-47C6-A265-3F85673E262F}.Debug|iPhoneSimulator.Deploy.0 = Debug|Any CPU
		{92F16169-C589-47C6-A265-3F85673E262F}.Debug|x64.ActiveCfg = Debug|Any CPU
		{92F16169-C589-47C6-A265-3F85673E262F}.Debug|x64.Build.0 = Debug|Any CPU
		{92F16169-C589-47C6-A265-3F85673E262F}.Debug|x64.Deploy.0 = Debug|Any CPU
		{92F16169-C589-47C6-A265-3F85673E262F}.Debug|x86.ActiveCfg = Debug|Any CPU
		{92F16169-C589-47C6-A265-3F85673E262F}.Debug|x86.Build.0 = Debug|Any CPU
		{92F16169-C589-47C6-A265-3F85673E262F}.Debug|x86.Deploy.0 = Debug|Any CPU
		{92F16169-C589-47C6-A265-3F85673E262F}.Release|Any CPU.ActiveCfg = Release|Any CPU
		{92F16169-C589-47C6-A265-3F85673E262F}.Release|Any CPU.Build.0 = Release|Any CPU
		{92F16169-C589-47C6-A265-3F85673E262F}.Release|Any CPU.Deploy.0 = Release|Any CPU
		{92F16169-C589-47C6-A265-3F85673E262F}.Release|ARM.ActiveCfg = Release|Any CPU
		{92F16169-C589-47C6-A265-3F85673E262F}.Release|ARM.Build.0 = Release|Any CPU
		{92F16169-C589-47C6-A265-3F85673E262F}.Release|ARM.Deploy.0 = Release|Any CPU
		{92F16169-C589-47C6-A265-3F85673E262F}.Release|iPhone.ActiveCfg = Release|Any CPU
		{92F16169-C589-47C6-A265-3F85673E262F}.Release|iPhone.Build.0 = Release|Any CPU
		{92F16169-C589-47C6-A265-3F85673E262F}.Release|iPhone.Deploy.0 = Release|Any CPU
		{92F16169-C589-47C6-A265-3F85673E262F}.Release|iPhoneSimulator.ActiveCfg = Release|Any CPU
		{92F16169-C589-47C6-A265-3F85673E262F}.Release|iPhoneSimulator.Build.0 = Release|Any CPU
		{92F16169-C589-47C6-A265-3F85673E262F}.Release|iPhoneSimulator.Deploy.0 = Release|Any CPU
		{92F16169-C589-47C6-A265-3F85673E262F}.Release|x64.ActiveCfg = Release|Any CPU
		{92F16169-C589-47C6-A265-3F85673E262F}.Release|x64.Build.0 = Release|Any CPU
		{92F16169-C589-47C6-A265-3F85673E262F}.Release|x64.Deploy.0 = Release|Any CPU
		{92F16169-C589-47C6-A265-3F85673E262F}.Release|x86.ActiveCfg = Release|Any CPU
		{92F16169-C589-47C6-A265-3F85673E262F}.Release|x86.Build.0 = Release|Any CPU
		{92F16169-C589-47C6-A265-3F85673E262F}.Release|x86.Deploy.0 = Release|Any CPU
	EndGlobalSection
	GlobalSection(SolutionProperties) = preSolution
		HideSolutionNode = FALSE
	EndGlobalSection
	GlobalSection(ExtensibilityGlobals) = postSolution
		SolutionGuid = {399358E4-8CFD-4A7F-854F-8F6ABBFCF1AB}
	EndGlobalSection
EndGlobal
